{
  "version": 4,
  "terraform_version": "0.13.0",
  "serial": 107,
  "lineage": "fc007a6e-ddfb-a2ba-cc7f-11273cf10f4c",
  "outputs": {},
  "resources": [
    {
      "module": "module.edge-cluster.module.eks",
      "mode": "data",
      "type": "aws_ami",
      "name": "eks_worker",
      "provider": "module.edge-cluster.provider[\"registry.terraform.io/hashicorp/aws\"]",
      "instances": [
        {
          "schema_version": 0,
          "attributes": {
            "architecture": "x86_64",
            "arn": "arn:aws:ec2:us-east-1::image/ami-0578ebfacd1950abb",
            "block_device_mappings": [
              {
                "device_name": "/dev/xvda",
                "ebs": {
                  "delete_on_termination": "true",
                  "encrypted": "false",
                  "iops": "0",
                  "snapshot_id": "snap-0e6feefa3b8262691",
                  "volume_size": "20",
                  "volume_type": "gp2"
                },
                "no_device": "",
                "virtual_name": ""
              }
            ],
            "creation_date": "2020-08-14T21:32:14.000Z",
            "description": "EKS Kubernetes Worker AMI with AmazonLinux2 image, (k8s: 1.16.13, docker:19.03.6ce-4.amzn2)",
            "executable_users": null,
            "filter": [
              {
                "name": "name",
                "values": [
                  "amazon-eks-node-1.16-v*"
                ]
              }
            ],
            "hypervisor": "xen",
            "id": "ami-0578ebfacd1950abb",
            "image_id": "ami-0578ebfacd1950abb",
            "image_location": "amazon/amazon-eks-node-1.16-v20200814",
            "image_owner_alias": "amazon",
            "image_type": "machine",
            "kernel_id": null,
            "most_recent": true,
            "name": "amazon-eks-node-1.16-v20200814",
            "name_regex": null,
            "owner_id": "602401143452",
            "owners": [
              "602401143452"
            ],
            "platform": null,
            "product_codes": [],
            "public": true,
            "ramdisk_id": null,
            "root_device_name": "/dev/xvda",
            "root_device_type": "ebs",
            "root_snapshot_id": "snap-0e6feefa3b8262691",
            "sriov_net_support": "simple",
            "state": "available",
            "state_reason": {
              "code": "UNSET",
              "message": "UNSET"
            },
            "tags": {},
            "virtualization_type": "hvm"
          }
        }
      ]
    },
    {
      "module": "module.app-cluster.module.eks",
      "mode": "data",
      "type": "aws_ami",
      "name": "eks_worker",
      "provider": "module.app-cluster.provider[\"registry.terraform.io/hashicorp/aws\"]",
      "instances": [
        {
          "schema_version": 0,
          "attributes": {
            "architecture": "x86_64",
            "arn": "arn:aws:ec2:us-east-1::image/ami-0578ebfacd1950abb",
            "block_device_mappings": [
              {
                "device_name": "/dev/xvda",
                "ebs": {
                  "delete_on_termination": "true",
                  "encrypted": "false",
                  "iops": "0",
                  "snapshot_id": "snap-0e6feefa3b8262691",
                  "volume_size": "20",
                  "volume_type": "gp2"
                },
                "no_device": "",
                "virtual_name": ""
              }
            ],
            "creation_date": "2020-08-14T21:32:14.000Z",
            "description": "EKS Kubernetes Worker AMI with AmazonLinux2 image, (k8s: 1.16.13, docker:19.03.6ce-4.amzn2)",
            "executable_users": null,
            "filter": [
              {
                "name": "name",
                "values": [
                  "amazon-eks-node-1.16-v*"
                ]
              }
            ],
            "hypervisor": "xen",
            "id": "ami-0578ebfacd1950abb",
            "image_id": "ami-0578ebfacd1950abb",
            "image_location": "amazon/amazon-eks-node-1.16-v20200814",
            "image_owner_alias": "amazon",
            "image_type": "machine",
            "kernel_id": null,
            "most_recent": true,
            "name": "amazon-eks-node-1.16-v20200814",
            "name_regex": null,
            "owner_id": "602401143452",
            "owners": [
              "602401143452"
            ],
            "platform": null,
            "product_codes": [],
            "public": true,
            "ramdisk_id": null,
            "root_device_name": "/dev/xvda",
            "root_device_type": "ebs",
            "root_snapshot_id": "snap-0e6feefa3b8262691",
            "sriov_net_support": "simple",
            "state": "available",
            "state_reason": {
              "code": "UNSET",
              "message": "UNSET"
            },
            "tags": {},
            "virtualization_type": "hvm"
          }
        }
      ]
    },
    {
      "module": "module.edge-cluster.module.eks",
      "mode": "data",
      "type": "aws_ami",
      "name": "eks_worker_windows",
      "provider": "module.edge-cluster.provider[\"registry.terraform.io/hashicorp/aws\"]",
      "instances": [
        {
          "schema_version": 0,
          "attributes": {
            "architecture": "x86_64",
            "arn": "arn:aws:ec2:us-east-1::image/ami-066ff2059b2bc0c26",
            "block_device_mappings": [
              {
                "device_name": "/dev/sda1",
                "ebs": {
                  "delete_on_termination": "true",
                  "encrypted": "false",
                  "iops": "0",
                  "snapshot_id": "snap-00def7310c2977d1d",
                  "volume_size": "50",
                  "volume_type": "gp2"
                },
                "no_device": "",
                "virtual_name": ""
              },
              {
                "device_name": "xvdca",
                "ebs": {},
                "no_device": "",
                "virtual_name": "ephemeral0"
              },
              {
                "device_name": "xvdcb",
                "ebs": {},
                "no_device": "",
                "virtual_name": "ephemeral1"
              },
              {
                "device_name": "xvdcc",
                "ebs": {},
                "no_device": "",
                "virtual_name": "ephemeral2"
              },
              {
                "device_name": "xvdcd",
                "ebs": {},
                "no_device": "",
                "virtual_name": "ephemeral3"
              },
              {
                "device_name": "xvdce",
                "ebs": {},
                "no_device": "",
                "virtual_name": "ephemeral4"
              },
              {
                "device_name": "xvdcf",
                "ebs": {},
                "no_device": "",
                "virtual_name": "ephemeral5"
              },
              {
                "device_name": "xvdcg",
                "ebs": {},
                "no_device": "",
                "virtual_name": "ephemeral6"
              },
              {
                "device_name": "xvdch",
                "ebs": {},
                "no_device": "",
                "virtual_name": "ephemeral7"
              },
              {
                "device_name": "xvdci",
                "ebs": {},
                "no_device": "",
                "virtual_name": "ephemeral8"
              },
              {
                "device_name": "xvdcj",
                "ebs": {},
                "no_device": "",
                "virtual_name": "ephemeral9"
              },
              {
                "device_name": "xvdck",
                "ebs": {},
                "no_device": "",
                "virtual_name": "ephemeral10"
              },
              {
                "device_name": "xvdcl",
                "ebs": {},
                "no_device": "",
                "virtual_name": "ephemeral11"
              },
              {
                "device_name": "xvdcm",
                "ebs": {},
                "no_device": "",
                "virtual_name": "ephemeral12"
              },
              {
                "device_name": "xvdcn",
                "ebs": {},
                "no_device": "",
                "virtual_name": "ephemeral13"
              },
              {
                "device_name": "xvdco",
                "ebs": {},
                "no_device": "",
                "virtual_name": "ephemeral14"
              },
              {
                "device_name": "xvdcp",
                "ebs": {},
                "no_device": "",
                "virtual_name": "ephemeral15"
              },
              {
                "device_name": "xvdcq",
                "ebs": {},
                "no_device": "",
                "virtual_name": "ephemeral16"
              },
              {
                "device_name": "xvdcr",
                "ebs": {},
                "no_device": "",
                "virtual_name": "ephemeral17"
              },
              {
                "device_name": "xvdcs",
                "ebs": {},
                "no_device": "",
                "virtual_name": "ephemeral18"
              },
              {
                "device_name": "xvdct",
                "ebs": {},
                "no_device": "",
                "virtual_name": "ephemeral19"
              },
              {
                "device_name": "xvdcu",
                "ebs": {},
                "no_device": "",
                "virtual_name": "ephemeral20"
              },
              {
                "device_name": "xvdcv",
                "ebs": {},
                "no_device": "",
                "virtual_name": "ephemeral21"
              },
              {
                "device_name": "xvdcw",
                "ebs": {},
                "no_device": "",
                "virtual_name": "ephemeral22"
              },
              {
                "device_name": "xvdcx",
                "ebs": {},
                "no_device": "",
                "virtual_name": "ephemeral23"
              },
              {
                "device_name": "xvdcy",
                "ebs": {},
                "no_device": "",
                "virtual_name": "ephemeral24"
              },
              {
                "device_name": "xvdcz",
                "ebs": {},
                "no_device": "",
                "virtual_name": "ephemeral25"
              }
            ],
            "creation_date": "2020-07-15T08:13:19.000Z",
            "description": "Microsoft Windows Server 2019 Core optimized for EKS and provided by Amazon",
            "executable_users": null,
            "filter": [
              {
                "name": "name",
                "values": [
                  "Windows_Server-2019-English-Core-EKS_Optimized-1.16-*"
                ]
              },
              {
                "name": "platform",
                "values": [
                  "windows"
                ]
              }
            ],
            "hypervisor": "xen",
            "id": "ami-066ff2059b2bc0c26",
            "image_id": "ami-066ff2059b2bc0c26",
            "image_location": "amazon/Windows_Server-2019-English-Core-EKS_Optimized-1.16-2020.07.15",
            "image_owner_alias": "amazon",
            "image_type": "machine",
            "kernel_id": null,
            "most_recent": true,
            "name": "Windows_Server-2019-English-Core-EKS_Optimized-1.16-2020.07.15",
            "name_regex": null,
            "owner_id": "801119661308",
            "owners": [
              "801119661308"
            ],
            "platform": "windows",
            "product_codes": [],
            "public": true,
            "ramdisk_id": null,
            "root_device_name": "/dev/sda1",
            "root_device_type": "ebs",
            "root_snapshot_id": "snap-00def7310c2977d1d",
            "sriov_net_support": "simple",
            "state": "available",
            "state_reason": {
              "code": "UNSET",
              "message": "UNSET"
            },
            "tags": {},
            "virtualization_type": "hvm"
          }
        }
      ]
    },
    {
      "module": "module.app-cluster.module.eks",
      "mode": "data",
      "type": "aws_ami",
      "name": "eks_worker_windows",
      "provider": "module.app-cluster.provider[\"registry.terraform.io/hashicorp/aws\"]",
      "instances": [
        {
          "schema_version": 0,
          "attributes": {
            "architecture": "x86_64",
            "arn": "arn:aws:ec2:us-east-1::image/ami-066ff2059b2bc0c26",
            "block_device_mappings": [
              {
                "device_name": "/dev/sda1",
                "ebs": {
                  "delete_on_termination": "true",
                  "encrypted": "false",
                  "iops": "0",
                  "snapshot_id": "snap-00def7310c2977d1d",
                  "volume_size": "50",
                  "volume_type": "gp2"
                },
                "no_device": "",
                "virtual_name": ""
              },
              {
                "device_name": "xvdca",
                "ebs": {},
                "no_device": "",
                "virtual_name": "ephemeral0"
              },
              {
                "device_name": "xvdcb",
                "ebs": {},
                "no_device": "",
                "virtual_name": "ephemeral1"
              },
              {
                "device_name": "xvdcc",
                "ebs": {},
                "no_device": "",
                "virtual_name": "ephemeral2"
              },
              {
                "device_name": "xvdcd",
                "ebs": {},
                "no_device": "",
                "virtual_name": "ephemeral3"
              },
              {
                "device_name": "xvdce",
                "ebs": {},
                "no_device": "",
                "virtual_name": "ephemeral4"
              },
              {
                "device_name": "xvdcf",
                "ebs": {},
                "no_device": "",
                "virtual_name": "ephemeral5"
              },
              {
                "device_name": "xvdcg",
                "ebs": {},
                "no_device": "",
                "virtual_name": "ephemeral6"
              },
              {
                "device_name": "xvdch",
                "ebs": {},
                "no_device": "",
                "virtual_name": "ephemeral7"
              },
              {
                "device_name": "xvdci",
                "ebs": {},
                "no_device": "",
                "virtual_name": "ephemeral8"
              },
              {
                "device_name": "xvdcj",
                "ebs": {},
                "no_device": "",
                "virtual_name": "ephemeral9"
              },
              {
                "device_name": "xvdck",
                "ebs": {},
                "no_device": "",
                "virtual_name": "ephemeral10"
              },
              {
                "device_name": "xvdcl",
                "ebs": {},
                "no_device": "",
                "virtual_name": "ephemeral11"
              },
              {
                "device_name": "xvdcm",
                "ebs": {},
                "no_device": "",
                "virtual_name": "ephemeral12"
              },
              {
                "device_name": "xvdcn",
                "ebs": {},
                "no_device": "",
                "virtual_name": "ephemeral13"
              },
              {
                "device_name": "xvdco",
                "ebs": {},
                "no_device": "",
                "virtual_name": "ephemeral14"
              },
              {
                "device_name": "xvdcp",
                "ebs": {},
                "no_device": "",
                "virtual_name": "ephemeral15"
              },
              {
                "device_name": "xvdcq",
                "ebs": {},
                "no_device": "",
                "virtual_name": "ephemeral16"
              },
              {
                "device_name": "xvdcr",
                "ebs": {},
                "no_device": "",
                "virtual_name": "ephemeral17"
              },
              {
                "device_name": "xvdcs",
                "ebs": {},
                "no_device": "",
                "virtual_name": "ephemeral18"
              },
              {
                "device_name": "xvdct",
                "ebs": {},
                "no_device": "",
                "virtual_name": "ephemeral19"
              },
              {
                "device_name": "xvdcu",
                "ebs": {},
                "no_device": "",
                "virtual_name": "ephemeral20"
              },
              {
                "device_name": "xvdcv",
                "ebs": {},
                "no_device": "",
                "virtual_name": "ephemeral21"
              },
              {
                "device_name": "xvdcw",
                "ebs": {},
                "no_device": "",
                "virtual_name": "ephemeral22"
              },
              {
                "device_name": "xvdcx",
                "ebs": {},
                "no_device": "",
                "virtual_name": "ephemeral23"
              },
              {
                "device_name": "xvdcy",
                "ebs": {},
                "no_device": "",
                "virtual_name": "ephemeral24"
              },
              {
                "device_name": "xvdcz",
                "ebs": {},
                "no_device": "",
                "virtual_name": "ephemeral25"
              }
            ],
            "creation_date": "2020-07-15T08:13:19.000Z",
            "description": "Microsoft Windows Server 2019 Core optimized for EKS and provided by Amazon",
            "executable_users": null,
            "filter": [
              {
                "name": "name",
                "values": [
                  "Windows_Server-2019-English-Core-EKS_Optimized-1.16-*"
                ]
              },
              {
                "name": "platform",
                "values": [
                  "windows"
                ]
              }
            ],
            "hypervisor": "xen",
            "id": "ami-066ff2059b2bc0c26",
            "image_id": "ami-066ff2059b2bc0c26",
            "image_location": "amazon/Windows_Server-2019-English-Core-EKS_Optimized-1.16-2020.07.15",
            "image_owner_alias": "amazon",
            "image_type": "machine",
            "kernel_id": null,
            "most_recent": true,
            "name": "Windows_Server-2019-English-Core-EKS_Optimized-1.16-2020.07.15",
            "name_regex": null,
            "owner_id": "801119661308",
            "owners": [
              "801119661308"
            ],
            "platform": "windows",
            "product_codes": [],
            "public": true,
            "ramdisk_id": null,
            "root_device_name": "/dev/sda1",
            "root_device_type": "ebs",
            "root_snapshot_id": "snap-00def7310c2977d1d",
            "sriov_net_support": "simple",
            "state": "available",
            "state_reason": {
              "code": "UNSET",
              "message": "UNSET"
            },
            "tags": {},
            "virtualization_type": "hvm"
          }
        }
      ]
    },
    {
      "module": "module.edge-cluster",
      "mode": "data",
      "type": "aws_availability_zones",
      "name": "available",
      "provider": "module.edge-cluster.provider[\"registry.terraform.io/hashicorp/aws\"]",
      "instances": [
        {
          "schema_version": 0,
          "attributes": {
            "all_availability_zones": null,
            "exclude_names": null,
            "exclude_zone_ids": null,
            "filter": null,
            "group_names": [
              "us-east-1"
            ],
            "id": "2020-08-15 22:38:03.858879 +0000 UTC",
            "names": [
              "us-east-1a",
              "us-east-1b",
              "us-east-1c",
              "us-east-1d",
              "us-east-1e",
              "us-east-1f"
            ],
            "state": null,
            "zone_ids": [
              "use1-az2",
              "use1-az4",
              "use1-az6",
              "use1-az1",
              "use1-az3",
              "use1-az5"
            ]
          }
        }
      ]
    },
    {
      "module": "module.app-cluster",
      "mode": "data",
      "type": "aws_availability_zones",
      "name": "available",
      "provider": "module.app-cluster.provider[\"registry.terraform.io/hashicorp/aws\"]",
      "instances": [
        {
          "schema_version": 0,
          "attributes": {
            "all_availability_zones": null,
            "exclude_names": null,
            "exclude_zone_ids": null,
            "filter": null,
            "group_names": [
              "us-east-1"
            ],
            "id": "2020-08-15 22:38:03.952048 +0000 UTC",
            "names": [
              "us-east-1a",
              "us-east-1b",
              "us-east-1c",
              "us-east-1d",
              "us-east-1e",
              "us-east-1f"
            ],
            "state": null,
            "zone_ids": [
              "use1-az2",
              "use1-az4",
              "use1-az6",
              "use1-az1",
              "use1-az3",
              "use1-az5"
            ]
          }
        }
      ]
    },
    {
      "module": "module.edge-cluster.module.eks",
      "mode": "data",
      "type": "aws_caller_identity",
      "name": "current",
      "provider": "module.edge-cluster.provider[\"registry.terraform.io/hashicorp/aws\"]",
      "instances": [
        {
          "schema_version": 0,
          "attributes": {
            "account_id": "721411679615",
            "arn": "arn:aws:iam::721411679615:user/leonardo.silva",
            "id": "2020-08-15 22:37:56.737589 +0000 UTC",
            "user_id": "AIDA2P534UV7Q5ESXMLWQ"
          }
        }
      ]
    },
    {
      "module": "module.app-cluster.module.eks",
      "mode": "data",
      "type": "aws_caller_identity",
      "name": "current",
      "provider": "module.app-cluster.provider[\"registry.terraform.io/hashicorp/aws\"]",
      "instances": [
        {
          "schema_version": 0,
          "attributes": {
            "account_id": "721411679615",
            "arn": "arn:aws:iam::721411679615:user/leonardo.silva",
            "id": "2020-08-15 22:37:56.895668 +0000 UTC",
            "user_id": "AIDA2P534UV7Q5ESXMLWQ"
          }
        }
      ]
    },
    {
      "module": "module.edge-cluster",
      "mode": "data",
      "type": "aws_eks_cluster",
      "name": "cluster",
      "provider": "module.edge-cluster.provider[\"registry.terraform.io/hashicorp/aws\"]",
      "instances": [
        {
          "schema_version": 0,
          "attributes": {
            "arn": "arn:aws:eks:us-east-1:721411679615:cluster/edge-YsDZlHjL",
            "certificate_authority": [
              {
                "data": "LS0tLS1CRUdJTiBDRVJUSUZJQ0FURS0tLS0tCk1JSUN5RENDQWJDZ0F3SUJBZ0lCQURBTkJna3Foa2lHOXcwQkFRc0ZBREFWTVJNd0VRWURWUVFERXdwcmRXSmwKY201bGRHVnpNQjRYRFRJd01EZ3hOVEl5TkRreE4xb1hEVE13TURneE16SXlORGt4TjFvd0ZURVRNQkVHQTFVRQpBeE1LYTNWaVpYSnVaWFJsY3pDQ0FTSXdEUVlKS29aSWh2Y05BUUVCQlFBRGdnRVBBRENDQVFvQ2dnRUJBTS90ClZwRWdiYVFtaUNpVVN4clNNOG9LaExJQlBxVTFYUWpaTEFyaUtYN20vTm9nYUVJcFpPVEhoVGRlVFNkeXc1L0sKbERSdlJVaERzM3UxQW1Ca05NMkNoaGxvaXZBdHJsK2lCc3ZMTmVkSy9PWnVXcXdrcjQ3aitrT3ljVUczZSs5egptN041VUlRQlpuMFdRWnF3emZ4alBjb2hWaGY1RzMvODNvRVBkb2ZJNDhwRGZvQ2g2RjloeTh0aWZZcGUzZEp6CjhvajVFVFF2NXJNU3RPS0ExTmcxejA1aUkxaWtSejJ1emtOREtKamhDZnpYUDNhenN4eUFzQk1Jd1dxZ0pLd1QKU0xXd2tvOHFsampISnp1ZEhKWUYrWTdFL0I2VC9vMnNtUDlJcFpocXVsVmdSM05BUzNJZGlqaGZhYUNaRTZ1TwpJMFJzUGhaYkRTZk5vZXZPTlBFQ0F3RUFBYU1qTUNFd0RnWURWUjBQQVFIL0JBUURBZ0trTUE4R0ExVWRFd0VCCi93UUZNQU1CQWY4d0RRWUpLb1pJaHZjTkFRRUxCUUFEZ2dFQkFIUm9DSlYxWk5JaVFNWmlLY2VWS0t3TytudHEKOEpEZzU0ZTc0dWg3OVpsK0l4eFhyVU81cjFvZ2tuY3dDeFdLdlFZNmdZL2ZGY0h4MktDcUxjdWRwK2ZTTzQvVwpnejFXb2haSkxUaCt5MUV1Y3Ixdk9Fcno5Z1ZyRXBYc3d6amJMc3Z6cUgrT05CTXJhQVZiaGUzeFZ5STgzcy9OCjBMV0lYeG1GenlGY2hZZjQyckc1ZGJFSEE3R3RZVStZdWtreDVSeE1OdmtDNUZrdGdmRjdnQm5meGp3ZnljUkkKWmxCODVPZFVPeVROUnEwbFdqME5adWZVeU1VU0FiamZ1Z28ralh5ZmZSRjlWR28rbEViK293OW03dk1UeWVSUAo2YXJ2aUhVTW9URWZ5Vk5CTStMYmRkaWhFOFNqMVFud213WU82djJOVGk5NXJDakFFWlNiS2t2dG50TT0KLS0tLS1FTkQgQ0VSVElGSUNBVEUtLS0tLQo="
              }
            ],
            "created_at": "2020-08-15 22:39:48 +0000 UTC",
            "enabled_cluster_log_types": [],
            "endpoint": "https://BBC0F777824971E21CFFC5C0CA08FF3C.gr7.us-east-1.eks.amazonaws.com",
            "id": "edge-YsDZlHjL",
            "identity": [
              {
                "oidc": [
                  {
                    "issuer": "https://oidc.eks.us-east-1.amazonaws.com/id/BBC0F777824971E21CFFC5C0CA08FF3C"
                  }
                ]
              }
            ],
            "name": "edge-YsDZlHjL",
            "platform_version": "eks.3",
            "role_arn": "arn:aws:iam::721411679615:role/edge-YsDZlHjL20200815223907182500000001",
            "status": "ACTIVE",
            "tags": {
              "Environment": "training",
              "GithubOrg": "terraform-aws-modules",
              "GithubRepo": "terraform-aws-eks"
            },
            "version": "1.16",
            "vpc_config": [
              {
                "cluster_security_group_id": "sg-023cf2e4bdb345f84",
                "endpoint_private_access": false,
                "endpoint_public_access": true,
                "public_access_cidrs": [
                  "0.0.0.0/0"
                ],
                "security_group_ids": [
                  "sg-075276a91562ce2c6"
                ],
                "subnet_ids": [
                  "subnet-0188585efa7b3d3d8",
                  "subnet-0e64c2acb28e3eef5",
                  "subnet-0f621a9d7d4d66c2e"
                ],
                "vpc_id": "vpc-04cbd7df472fcb330"
              }
            ]
          }
        }
      ]
    },
    {
      "module": "module.app-cluster",
      "mode": "data",
      "type": "aws_eks_cluster",
      "name": "cluster",
      "provider": "module.app-cluster.provider[\"registry.terraform.io/hashicorp/aws\"]",
      "instances": [
        {
          "schema_version": 0,
          "attributes": {
            "arn": "arn:aws:eks:us-east-1:721411679615:cluster/app-ZjT5kVcE",
            "certificate_authority": [
              {
                "data": "LS0tLS1CRUdJTiBDRVJUSUZJQ0FURS0tLS0tCk1JSUN5RENDQWJDZ0F3SUJBZ0lCQURBTkJna3Foa2lHOXcwQkFRc0ZBREFWTVJNd0VRWURWUVFERXdwcmRXSmwKY201bGRHVnpNQjRYRFRJd01EZ3hOVEl5TkRZek0xb1hEVE13TURneE16SXlORFl6TTFvd0ZURVRNQkVHQTFVRQpBeE1LYTNWaVpYSnVaWFJsY3pDQ0FTSXdEUVlKS29aSWh2Y05BUUVCQlFBRGdnRVBBRENDQVFvQ2dnRUJBTzdRCjBPb2dKaGkwQy9rQUlHVkI1M1FseVNhTDhDUFhpRUVsREl4QWg3ei9IT2dDOWwyemJpcWcxNURmT25HYlRuZ0EKcUFsY29hVVN0V0E3eHJmYXBkSDNZeHpzeFU2Q05ZaUplaGhMSWdNL3VvbFNJcUxEY2poQmsreTBOa3lEV0lmeApJRm9IY0czSE10RHFrK0I4N3EySkpHdERaV3VYenUxYUd1S0NTR2lqSFB1UUxSVEhJOUpLYmloNGhIRmpaR3JPCjRBVVQyN0pGYjJkZ1cvT2QwS2NkTHRSVWt2Ykx5T3I5eFl6TjVRd2xkRXNZU3IwYXF0cDVKNXpxWUk5OXVwZjIKZmVnUG1HSkEzTFNaVzNveUFmZG1HT1NZbTRrYjU4cUR6R1BveFRlakM1bDJhd0o1N3F6SE1ob1JNRGFQWnB2NwptNERMMnNGQ1lxOG41QUd3bWJjQ0F3RUFBYU1qTUNFd0RnWURWUjBQQVFIL0JBUURBZ0trTUE4R0ExVWRFd0VCCi93UUZNQU1CQWY4d0RRWUpLb1pJaHZjTkFRRUxCUUFEZ2dFQkFNTmlabkczbHlNY3daRTNkam9kcGMwNjZPcmoKdk5rUUVSK1hvTS9jQjZvVGgzYnQ0aWpsRDRLdklPSWpydmtWK0luZ2F4enFFUnlhWTRsVlVvTnFCMElFMmVxRAp1ckdqUUNxQzRhMFBPc3lIWU5oMjAvS2FIdGZrcm5LNUhleXFOdlNTeHdxZWRZY0ViWGM2cXliVldMQmMzS1hHCnF1aDNiK1JSQWJYaFdBMDJ5Q2R2b21xNEFQcmd2UnZlL1Z1N1ladktVcVRmV0xKS2hJOTdnODZJcjJvRTRiOWUKNmlIZVMwazRQdmxIUjIrWXpQY3MxaDYzdlhhd0MrSnVHcnJhcDljdUJuazFQMTJOcmpIZXFmakdXdVdJNXZsWgpYZE90TkcrMDNXUlJBV1FabHBUM293Y0dJVlk5ZEloYVNuQTNLVGlkUzNVYlpNdWdXRTNmbTB0WEptVT0KLS0tLS1FTkQgQ0VSVElGSUNBVEUtLS0tLQo="
              }
            ],
            "created_at": "2020-08-15 22:39:41 +0000 UTC",
            "enabled_cluster_log_types": [],
            "endpoint": "https://EEE970594C2A77C7CE86CB93E01A0007.gr7.us-east-1.eks.amazonaws.com",
            "id": "app-ZjT5kVcE",
            "identity": [
              {
                "oidc": [
                  {
                    "issuer": "https://oidc.eks.us-east-1.amazonaws.com/id/EEE970594C2A77C7CE86CB93E01A0007"
                  }
                ]
              }
            ],
            "name": "app-ZjT5kVcE",
            "platform_version": "eks.3",
            "role_arn": "arn:aws:iam::721411679615:role/app-ZjT5kVcE20200815223906352300000001",
            "status": "ACTIVE",
            "tags": {
              "Environment": "training",
              "GithubOrg": "terraform-aws-modules",
              "GithubRepo": "terraform-aws-eks"
            },
            "version": "1.16",
            "vpc_config": [
              {
                "cluster_security_group_id": "sg-04d8d695796babf96",
                "endpoint_private_access": false,
                "endpoint_public_access": true,
                "public_access_cidrs": [
                  "0.0.0.0/0"
                ],
                "security_group_ids": [
                  "sg-0c02b0f06fddb32f1"
                ],
                "subnet_ids": [
                  "subnet-0eb694b7131fa1aca",
                  "subnet-0f9ed0859ffe8ff19",
                  "subnet-0ffcb214fb93deece"
                ],
                "vpc_id": "vpc-0b82986d835dbad06"
              }
            ]
          }
        }
      ]
    },
    {
      "module": "module.edge-cluster",
      "mode": "data",
      "type": "aws_eks_cluster_auth",
      "name": "cluster",
      "provider": "module.edge-cluster.provider[\"registry.terraform.io/hashicorp/aws\"]",
      "instances": [
        {
          "schema_version": 0,
          "attributes": {
            "id": "2020-08-15 22:53:46.47507 +0000 UTC",
            "name": "edge-YsDZlHjL",
            "token": "k8s-aws-v1.aHR0cHM6Ly9zdHMuYW1hem9uYXdzLmNvbS8_QWN0aW9uPUdldENhbGxlcklkZW50aXR5JlZlcnNpb249MjAxMS0wNi0xNSZYLUFtei1BbGdvcml0aG09QVdTNC1ITUFDLVNIQTI1NiZYLUFtei1DcmVkZW50aWFsPUFLSUEyUDUzNFVWNzY1SjZVNkdaJTJGMjAyMDA4MTUlMkZ1cy1lYXN0LTElMkZzdHMlMkZhd3M0X3JlcXVlc3QmWC1BbXotRGF0ZT0yMDIwMDgxNVQyMjUzNDZaJlgtQW16LUV4cGlyZXM9MCZYLUFtei1TaWduZWRIZWFkZXJzPWhvc3QlM0J4LWs4cy1hd3MtaWQmWC1BbXotU2lnbmF0dXJlPTczZTVhYTc4NjJkN2ExNTlhMTc3MWNlN2JhNDU4NWM1ZTUyZTYyOWRhZjEyNTE0Nzc1MTMwNzdlZGRkYTFlNWY"
          }
        }
      ]
    },
    {
      "module": "module.app-cluster",
      "mode": "data",
      "type": "aws_eks_cluster_auth",
      "name": "cluster",
      "provider": "module.app-cluster.provider[\"registry.terraform.io/hashicorp/aws\"]",
      "instances": [
        {
          "schema_version": 0,
          "attributes": {
            "id": "2020-08-15 22:52:14.51248 +0000 UTC",
            "name": "app-ZjT5kVcE",
            "token": "k8s-aws-v1.aHR0cHM6Ly9zdHMuYW1hem9uYXdzLmNvbS8_QWN0aW9uPUdldENhbGxlcklkZW50aXR5JlZlcnNpb249MjAxMS0wNi0xNSZYLUFtei1BbGdvcml0aG09QVdTNC1ITUFDLVNIQTI1NiZYLUFtei1DcmVkZW50aWFsPUFLSUEyUDUzNFVWNzY1SjZVNkdaJTJGMjAyMDA4MTUlMkZ1cy1lYXN0LTElMkZzdHMlMkZhd3M0X3JlcXVlc3QmWC1BbXotRGF0ZT0yMDIwMDgxNVQyMjUyMTRaJlgtQW16LUV4cGlyZXM9MCZYLUFtei1TaWduZWRIZWFkZXJzPWhvc3QlM0J4LWs4cy1hd3MtaWQmWC1BbXotU2lnbmF0dXJlPTY1ODk3YzUwNzc4M2YwYjQ1ZWI5MGRhNDlhNTIwMzQ3OTQxZGI5MzMxYjI0MGNiMTFhNTlhMTgxMTQ3MWNmZjU"
          }
        }
      ]
    },
    {
      "module": "module.edge-cluster.module.eks",
      "mode": "data",
      "type": "aws_iam_policy_document",
      "name": "cluster_assume_role_policy",
      "provider": "module.edge-cluster.provider[\"registry.terraform.io/hashicorp/aws\"]",
      "instances": [
        {
          "schema_version": 0,
          "attributes": {
            "id": "2764486067",
            "json": "{\n  \"Version\": \"2012-10-17\",\n  \"Statement\": [\n    {\n      \"Sid\": \"EKSClusterAssumeRole\",\n      \"Effect\": \"Allow\",\n      \"Action\": \"sts:AssumeRole\",\n      \"Principal\": {\n        \"Service\": \"eks.amazonaws.com\"\n      }\n    }\n  ]\n}",
            "override_json": null,
            "policy_id": null,
            "source_json": null,
            "statement": [
              {
                "actions": [
                  "sts:AssumeRole"
                ],
                "condition": [],
                "effect": "Allow",
                "not_actions": [],
                "not_principals": [],
                "not_resources": [],
                "principals": [
                  {
                    "identifiers": [
                      "eks.amazonaws.com"
                    ],
                    "type": "Service"
                  }
                ],
                "resources": [],
                "sid": "EKSClusterAssumeRole"
              }
            ],
            "version": "2012-10-17"
          }
        }
      ]
    },
    {
      "module": "module.app-cluster.module.eks",
      "mode": "data",
      "type": "aws_iam_policy_document",
      "name": "cluster_assume_role_policy",
      "provider": "module.app-cluster.provider[\"registry.terraform.io/hashicorp/aws\"]",
      "instances": [
        {
          "schema_version": 0,
          "attributes": {
            "id": "2764486067",
            "json": "{\n  \"Version\": \"2012-10-17\",\n  \"Statement\": [\n    {\n      \"Sid\": \"EKSClusterAssumeRole\",\n      \"Effect\": \"Allow\",\n      \"Action\": \"sts:AssumeRole\",\n      \"Principal\": {\n        \"Service\": \"eks.amazonaws.com\"\n      }\n    }\n  ]\n}",
            "override_json": null,
            "policy_id": null,
            "source_json": null,
            "statement": [
              {
                "actions": [
                  "sts:AssumeRole"
                ],
                "condition": [],
                "effect": "Allow",
                "not_actions": [],
                "not_principals": [],
                "not_resources": [],
                "principals": [
                  {
                    "identifiers": [
                      "eks.amazonaws.com"
                    ],
                    "type": "Service"
                  }
                ],
                "resources": [],
                "sid": "EKSClusterAssumeRole"
              }
            ],
            "version": "2012-10-17"
          }
        }
      ]
    },
    {
      "module": "module.edge-cluster.module.eks",
      "mode": "data",
      "type": "aws_iam_policy_document",
      "name": "cluster_elb_sl_role_creation",
      "provider": "module.edge-cluster.provider[\"registry.terraform.io/hashicorp/aws\"]",
      "instances": [
        {
          "index_key": 0,
          "schema_version": 0,
          "attributes": {
            "id": "3407219844",
            "json": "{\n  \"Version\": \"2012-10-17\",\n  \"Statement\": [\n    {\n      \"Sid\": \"\",\n      \"Effect\": \"Allow\",\n      \"Action\": [\n        \"ec2:DescribeInternetGateways\",\n        \"ec2:DescribeAccountAttributes\"\n      ],\n      \"Resource\": \"*\"\n    }\n  ]\n}",
            "override_json": null,
            "policy_id": null,
            "source_json": null,
            "statement": [
              {
                "actions": [
                  "ec2:DescribeAccountAttributes",
                  "ec2:DescribeInternetGateways"
                ],
                "condition": [],
                "effect": "Allow",
                "not_actions": [],
                "not_principals": [],
                "not_resources": [],
                "principals": [],
                "resources": [
                  "*"
                ],
                "sid": ""
              }
            ],
            "version": "2012-10-17"
          }
        }
      ]
    },
    {
      "module": "module.app-cluster.module.eks",
      "mode": "data",
      "type": "aws_iam_policy_document",
      "name": "cluster_elb_sl_role_creation",
      "provider": "module.app-cluster.provider[\"registry.terraform.io/hashicorp/aws\"]",
      "instances": [
        {
          "index_key": 0,
          "schema_version": 0,
          "attributes": {
            "id": "3407219844",
            "json": "{\n  \"Version\": \"2012-10-17\",\n  \"Statement\": [\n    {\n      \"Sid\": \"\",\n      \"Effect\": \"Allow\",\n      \"Action\": [\n        \"ec2:DescribeInternetGateways\",\n        \"ec2:DescribeAccountAttributes\"\n      ],\n      \"Resource\": \"*\"\n    }\n  ]\n}",
            "override_json": null,
            "policy_id": null,
            "source_json": null,
            "statement": [
              {
                "actions": [
                  "ec2:DescribeAccountAttributes",
                  "ec2:DescribeInternetGateways"
                ],
                "condition": [],
                "effect": "Allow",
                "not_actions": [],
                "not_principals": [],
                "not_resources": [],
                "principals": [],
                "resources": [
                  "*"
                ],
                "sid": ""
              }
            ],
            "version": "2012-10-17"
          }
        }
      ]
    },
    {
      "module": "module.edge-cluster.module.eks",
      "mode": "data",
      "type": "aws_iam_policy_document",
      "name": "workers_assume_role_policy",
      "provider": "module.edge-cluster.provider[\"registry.terraform.io/hashicorp/aws\"]",
      "instances": [
        {
          "schema_version": 0,
          "attributes": {
            "id": "3778018924",
            "json": "{\n  \"Version\": \"2012-10-17\",\n  \"Statement\": [\n    {\n      \"Sid\": \"EKSWorkerAssumeRole\",\n      \"Effect\": \"Allow\",\n      \"Action\": \"sts:AssumeRole\",\n      \"Principal\": {\n        \"Service\": \"ec2.amazonaws.com\"\n      }\n    }\n  ]\n}",
            "override_json": null,
            "policy_id": null,
            "source_json": null,
            "statement": [
              {
                "actions": [
                  "sts:AssumeRole"
                ],
                "condition": [],
                "effect": "Allow",
                "not_actions": [],
                "not_principals": [],
                "not_resources": [],
                "principals": [
                  {
                    "identifiers": [
                      "ec2.amazonaws.com"
                    ],
                    "type": "Service"
                  }
                ],
                "resources": [],
                "sid": "EKSWorkerAssumeRole"
              }
            ],
            "version": "2012-10-17"
          }
        }
      ]
    },
    {
      "module": "module.app-cluster.module.eks",
      "mode": "data",
      "type": "aws_iam_policy_document",
      "name": "workers_assume_role_policy",
      "provider": "module.app-cluster.provider[\"registry.terraform.io/hashicorp/aws\"]",
      "instances": [
        {
          "schema_version": 0,
          "attributes": {
            "id": "3778018924",
            "json": "{\n  \"Version\": \"2012-10-17\",\n  \"Statement\": [\n    {\n      \"Sid\": \"EKSWorkerAssumeRole\",\n      \"Effect\": \"Allow\",\n      \"Action\": \"sts:AssumeRole\",\n      \"Principal\": {\n        \"Service\": \"ec2.amazonaws.com\"\n      }\n    }\n  ]\n}",
            "override_json": null,
            "policy_id": null,
            "source_json": null,
            "statement": [
              {
                "actions": [
                  "sts:AssumeRole"
                ],
                "condition": [],
                "effect": "Allow",
                "not_actions": [],
                "not_principals": [],
                "not_resources": [],
                "principals": [
                  {
                    "identifiers": [
                      "ec2.amazonaws.com"
                    ],
                    "type": "Service"
                  }
                ],
                "resources": [],
                "sid": "EKSWorkerAssumeRole"
              }
            ],
            "version": "2012-10-17"
          }
        }
      ]
    },
    {
      "module": "module.edge-cluster.module.eks",
      "mode": "data",
      "type": "aws_partition",
      "name": "current",
      "provider": "module.edge-cluster.provider[\"registry.terraform.io/hashicorp/aws\"]",
      "instances": [
        {
          "schema_version": 0,
          "attributes": {
            "dns_suffix": "amazonaws.com",
            "id": "2020-08-15 22:37:56.049273 +0000 UTC",
            "partition": "aws"
          }
        }
      ]
    },
    {
      "module": "module.app-cluster.module.eks",
      "mode": "data",
      "type": "aws_partition",
      "name": "current",
      "provider": "module.app-cluster.provider[\"registry.terraform.io/hashicorp/aws\"]",
      "instances": [
        {
          "schema_version": 0,
          "attributes": {
            "dns_suffix": "amazonaws.com",
            "id": "2020-08-15 22:37:56.203668 +0000 UTC",
            "partition": "aws"
          }
        }
      ]
    },
    {
      "module": "module.edge-cluster.module.eks",
      "mode": "data",
      "type": "template_file",
      "name": "launch_template_userdata",
      "provider": "module.edge-cluster.provider[\"registry.terraform.io/hashicorp/template\"]",
      "instances": [
        {
          "index_key": 0,
          "schema_version": 0,
          "attributes": {
            "filename": null,
            "id": "86399144a75a544a97c1dcf6660ccc11fc4807139a4f2b1120e0a3571399055d",
            "rendered": "#!/bin/bash -xe\n\n# Allow user supplied pre userdata code\n\n\n# Bootstrap and join the cluster\n/etc/eks/bootstrap.sh --b64-cluster-ca 'LS0tLS1CRUdJTiBDRVJUSUZJQ0FURS0tLS0tCk1JSUN5RENDQWJDZ0F3SUJBZ0lCQURBTkJna3Foa2lHOXcwQkFRc0ZBREFWTVJNd0VRWURWUVFERXdwcmRXSmwKY201bGRHVnpNQjRYRFRJd01EZ3hOVEl5TkRreE4xb1hEVE13TURneE16SXlORGt4TjFvd0ZURVRNQkVHQTFVRQpBeE1LYTNWaVpYSnVaWFJsY3pDQ0FTSXdEUVlKS29aSWh2Y05BUUVCQlFBRGdnRVBBRENDQVFvQ2dnRUJBTS90ClZwRWdiYVFtaUNpVVN4clNNOG9LaExJQlBxVTFYUWpaTEFyaUtYN20vTm9nYUVJcFpPVEhoVGRlVFNkeXc1L0sKbERSdlJVaERzM3UxQW1Ca05NMkNoaGxvaXZBdHJsK2lCc3ZMTmVkSy9PWnVXcXdrcjQ3aitrT3ljVUczZSs5egptN041VUlRQlpuMFdRWnF3emZ4alBjb2hWaGY1RzMvODNvRVBkb2ZJNDhwRGZvQ2g2RjloeTh0aWZZcGUzZEp6CjhvajVFVFF2NXJNU3RPS0ExTmcxejA1aUkxaWtSejJ1emtOREtKamhDZnpYUDNhenN4eUFzQk1Jd1dxZ0pLd1QKU0xXd2tvOHFsampISnp1ZEhKWUYrWTdFL0I2VC9vMnNtUDlJcFpocXVsVmdSM05BUzNJZGlqaGZhYUNaRTZ1TwpJMFJzUGhaYkRTZk5vZXZPTlBFQ0F3RUFBYU1qTUNFd0RnWURWUjBQQVFIL0JBUURBZ0trTUE4R0ExVWRFd0VCCi93UUZNQU1CQWY4d0RRWUpLb1pJaHZjTkFRRUxCUUFEZ2dFQkFIUm9DSlYxWk5JaVFNWmlLY2VWS0t3TytudHEKOEpEZzU0ZTc0dWg3OVpsK0l4eFhyVU81cjFvZ2tuY3dDeFdLdlFZNmdZL2ZGY0h4MktDcUxjdWRwK2ZTTzQvVwpnejFXb2haSkxUaCt5MUV1Y3Ixdk9Fcno5Z1ZyRXBYc3d6amJMc3Z6cUgrT05CTXJhQVZiaGUzeFZ5STgzcy9OCjBMV0lYeG1GenlGY2hZZjQyckc1ZGJFSEE3R3RZVStZdWtreDVSeE1OdmtDNUZrdGdmRjdnQm5meGp3ZnljUkkKWmxCODVPZFVPeVROUnEwbFdqME5adWZVeU1VU0FiamZ1Z28ralh5ZmZSRjlWR28rbEViK293OW03dk1UeWVSUAo2YXJ2aUhVTW9URWZ5Vk5CTStMYmRkaWhFOFNqMVFud213WU82djJOVGk5NXJDakFFWlNiS2t2dG50TT0KLS0tLS1FTkQgQ0VSVElGSUNBVEUtLS0tLQo=' --apiserver-endpoint 'https://BBC0F777824971E21CFFC5C0CA08FF3C.gr7.us-east-1.eks.amazonaws.com'  --kubelet-extra-args \"--node-labels=node.kubernetes.io/lifecycle=spot\" 'edge-YsDZlHjL'\n\n# Allow user supplied userdata code\n\n",
            "template": "#!/bin/bash -xe\n\n# Allow user supplied pre userdata code\n${pre_userdata}\n\n# Bootstrap and join the cluster\n/etc/eks/bootstrap.sh --b64-cluster-ca '${cluster_auth_base64}' --apiserver-endpoint '${endpoint}' ${bootstrap_extra_args} --kubelet-extra-args \"${kubelet_extra_args}\" '${cluster_name}'\n\n# Allow user supplied userdata code\n${additional_userdata}\n",
            "vars": {
              "additional_userdata": "",
              "bootstrap_extra_args": "",
              "cluster_auth_base64": "LS0tLS1CRUdJTiBDRVJUSUZJQ0FURS0tLS0tCk1JSUN5RENDQWJDZ0F3SUJBZ0lCQURBTkJna3Foa2lHOXcwQkFRc0ZBREFWTVJNd0VRWURWUVFERXdwcmRXSmwKY201bGRHVnpNQjRYRFRJd01EZ3hOVEl5TkRreE4xb1hEVE13TURneE16SXlORGt4TjFvd0ZURVRNQkVHQTFVRQpBeE1LYTNWaVpYSnVaWFJsY3pDQ0FTSXdEUVlKS29aSWh2Y05BUUVCQlFBRGdnRVBBRENDQVFvQ2dnRUJBTS90ClZwRWdiYVFtaUNpVVN4clNNOG9LaExJQlBxVTFYUWpaTEFyaUtYN20vTm9nYUVJcFpPVEhoVGRlVFNkeXc1L0sKbERSdlJVaERzM3UxQW1Ca05NMkNoaGxvaXZBdHJsK2lCc3ZMTmVkSy9PWnVXcXdrcjQ3aitrT3ljVUczZSs5egptN041VUlRQlpuMFdRWnF3emZ4alBjb2hWaGY1RzMvODNvRVBkb2ZJNDhwRGZvQ2g2RjloeTh0aWZZcGUzZEp6CjhvajVFVFF2NXJNU3RPS0ExTmcxejA1aUkxaWtSejJ1emtOREtKamhDZnpYUDNhenN4eUFzQk1Jd1dxZ0pLd1QKU0xXd2tvOHFsampISnp1ZEhKWUYrWTdFL0I2VC9vMnNtUDlJcFpocXVsVmdSM05BUzNJZGlqaGZhYUNaRTZ1TwpJMFJzUGhaYkRTZk5vZXZPTlBFQ0F3RUFBYU1qTUNFd0RnWURWUjBQQVFIL0JBUURBZ0trTUE4R0ExVWRFd0VCCi93UUZNQU1CQWY4d0RRWUpLb1pJaHZjTkFRRUxCUUFEZ2dFQkFIUm9DSlYxWk5JaVFNWmlLY2VWS0t3TytudHEKOEpEZzU0ZTc0dWg3OVpsK0l4eFhyVU81cjFvZ2tuY3dDeFdLdlFZNmdZL2ZGY0h4MktDcUxjdWRwK2ZTTzQvVwpnejFXb2haSkxUaCt5MUV1Y3Ixdk9Fcno5Z1ZyRXBYc3d6amJMc3Z6cUgrT05CTXJhQVZiaGUzeFZ5STgzcy9OCjBMV0lYeG1GenlGY2hZZjQyckc1ZGJFSEE3R3RZVStZdWtreDVSeE1OdmtDNUZrdGdmRjdnQm5meGp3ZnljUkkKWmxCODVPZFVPeVROUnEwbFdqME5adWZVeU1VU0FiamZ1Z28ralh5ZmZSRjlWR28rbEViK293OW03dk1UeWVSUAo2YXJ2aUhVTW9URWZ5Vk5CTStMYmRkaWhFOFNqMVFud213WU82djJOVGk5NXJDakFFWlNiS2t2dG50TT0KLS0tLS1FTkQgQ0VSVElGSUNBVEUtLS0tLQo=",
              "cluster_name": "edge-YsDZlHjL",
              "endpoint": "https://BBC0F777824971E21CFFC5C0CA08FF3C.gr7.us-east-1.eks.amazonaws.com",
              "kubelet_extra_args": "--node-labels=node.kubernetes.io/lifecycle=spot",
              "platform": "linux",
              "pre_userdata": ""
            }
          }
        }
      ]
    },
    {
      "module": "module.app-cluster.module.eks",
      "mode": "data",
      "type": "template_file",
      "name": "launch_template_userdata",
      "provider": "module.app-cluster.provider[\"registry.terraform.io/hashicorp/template\"]",
      "instances": [
        {
          "index_key": 0,
          "schema_version": 0,
          "attributes": {
            "filename": null,
            "id": "b9ea752c3618c8f07f51f38284a8b4a83a571f3044257ece739e8d72435aaa47",
            "rendered": "#!/bin/bash -xe\n\n# Allow user supplied pre userdata code\n\n\n# Bootstrap and join the cluster\n/etc/eks/bootstrap.sh --b64-cluster-ca 'LS0tLS1CRUdJTiBDRVJUSUZJQ0FURS0tLS0tCk1JSUN5RENDQWJDZ0F3SUJBZ0lCQURBTkJna3Foa2lHOXcwQkFRc0ZBREFWTVJNd0VRWURWUVFERXdwcmRXSmwKY201bGRHVnpNQjRYRFRJd01EZ3hOVEl5TkRZek0xb1hEVE13TURneE16SXlORFl6TTFvd0ZURVRNQkVHQTFVRQpBeE1LYTNWaVpYSnVaWFJsY3pDQ0FTSXdEUVlKS29aSWh2Y05BUUVCQlFBRGdnRVBBRENDQVFvQ2dnRUJBTzdRCjBPb2dKaGkwQy9rQUlHVkI1M1FseVNhTDhDUFhpRUVsREl4QWg3ei9IT2dDOWwyemJpcWcxNURmT25HYlRuZ0EKcUFsY29hVVN0V0E3eHJmYXBkSDNZeHpzeFU2Q05ZaUplaGhMSWdNL3VvbFNJcUxEY2poQmsreTBOa3lEV0lmeApJRm9IY0czSE10RHFrK0I4N3EySkpHdERaV3VYenUxYUd1S0NTR2lqSFB1UUxSVEhJOUpLYmloNGhIRmpaR3JPCjRBVVQyN0pGYjJkZ1cvT2QwS2NkTHRSVWt2Ykx5T3I5eFl6TjVRd2xkRXNZU3IwYXF0cDVKNXpxWUk5OXVwZjIKZmVnUG1HSkEzTFNaVzNveUFmZG1HT1NZbTRrYjU4cUR6R1BveFRlakM1bDJhd0o1N3F6SE1ob1JNRGFQWnB2NwptNERMMnNGQ1lxOG41QUd3bWJjQ0F3RUFBYU1qTUNFd0RnWURWUjBQQVFIL0JBUURBZ0trTUE4R0ExVWRFd0VCCi93UUZNQU1CQWY4d0RRWUpLb1pJaHZjTkFRRUxCUUFEZ2dFQkFNTmlabkczbHlNY3daRTNkam9kcGMwNjZPcmoKdk5rUUVSK1hvTS9jQjZvVGgzYnQ0aWpsRDRLdklPSWpydmtWK0luZ2F4enFFUnlhWTRsVlVvTnFCMElFMmVxRAp1ckdqUUNxQzRhMFBPc3lIWU5oMjAvS2FIdGZrcm5LNUhleXFOdlNTeHdxZWRZY0ViWGM2cXliVldMQmMzS1hHCnF1aDNiK1JSQWJYaFdBMDJ5Q2R2b21xNEFQcmd2UnZlL1Z1N1ladktVcVRmV0xKS2hJOTdnODZJcjJvRTRiOWUKNmlIZVMwazRQdmxIUjIrWXpQY3MxaDYzdlhhd0MrSnVHcnJhcDljdUJuazFQMTJOcmpIZXFmakdXdVdJNXZsWgpYZE90TkcrMDNXUlJBV1FabHBUM293Y0dJVlk5ZEloYVNuQTNLVGlkUzNVYlpNdWdXRTNmbTB0WEptVT0KLS0tLS1FTkQgQ0VSVElGSUNBVEUtLS0tLQo=' --apiserver-endpoint 'https://EEE970594C2A77C7CE86CB93E01A0007.gr7.us-east-1.eks.amazonaws.com'  --kubelet-extra-args \"--node-labels=node.kubernetes.io/lifecycle=spot\" 'app-ZjT5kVcE'\n\n# Allow user supplied userdata code\n\n",
            "template": "#!/bin/bash -xe\n\n# Allow user supplied pre userdata code\n${pre_userdata}\n\n# Bootstrap and join the cluster\n/etc/eks/bootstrap.sh --b64-cluster-ca '${cluster_auth_base64}' --apiserver-endpoint '${endpoint}' ${bootstrap_extra_args} --kubelet-extra-args \"${kubelet_extra_args}\" '${cluster_name}'\n\n# Allow user supplied userdata code\n${additional_userdata}\n",
            "vars": {
              "additional_userdata": "",
              "bootstrap_extra_args": "",
              "cluster_auth_base64": "LS0tLS1CRUdJTiBDRVJUSUZJQ0FURS0tLS0tCk1JSUN5RENDQWJDZ0F3SUJBZ0lCQURBTkJna3Foa2lHOXcwQkFRc0ZBREFWTVJNd0VRWURWUVFERXdwcmRXSmwKY201bGRHVnpNQjRYRFRJd01EZ3hOVEl5TkRZek0xb1hEVE13TURneE16SXlORFl6TTFvd0ZURVRNQkVHQTFVRQpBeE1LYTNWaVpYSnVaWFJsY3pDQ0FTSXdEUVlKS29aSWh2Y05BUUVCQlFBRGdnRVBBRENDQVFvQ2dnRUJBTzdRCjBPb2dKaGkwQy9rQUlHVkI1M1FseVNhTDhDUFhpRUVsREl4QWg3ei9IT2dDOWwyemJpcWcxNURmT25HYlRuZ0EKcUFsY29hVVN0V0E3eHJmYXBkSDNZeHpzeFU2Q05ZaUplaGhMSWdNL3VvbFNJcUxEY2poQmsreTBOa3lEV0lmeApJRm9IY0czSE10RHFrK0I4N3EySkpHdERaV3VYenUxYUd1S0NTR2lqSFB1UUxSVEhJOUpLYmloNGhIRmpaR3JPCjRBVVQyN0pGYjJkZ1cvT2QwS2NkTHRSVWt2Ykx5T3I5eFl6TjVRd2xkRXNZU3IwYXF0cDVKNXpxWUk5OXVwZjIKZmVnUG1HSkEzTFNaVzNveUFmZG1HT1NZbTRrYjU4cUR6R1BveFRlakM1bDJhd0o1N3F6SE1ob1JNRGFQWnB2NwptNERMMnNGQ1lxOG41QUd3bWJjQ0F3RUFBYU1qTUNFd0RnWURWUjBQQVFIL0JBUURBZ0trTUE4R0ExVWRFd0VCCi93UUZNQU1CQWY4d0RRWUpLb1pJaHZjTkFRRUxCUUFEZ2dFQkFNTmlabkczbHlNY3daRTNkam9kcGMwNjZPcmoKdk5rUUVSK1hvTS9jQjZvVGgzYnQ0aWpsRDRLdklPSWpydmtWK0luZ2F4enFFUnlhWTRsVlVvTnFCMElFMmVxRAp1ckdqUUNxQzRhMFBPc3lIWU5oMjAvS2FIdGZrcm5LNUhleXFOdlNTeHdxZWRZY0ViWGM2cXliVldMQmMzS1hHCnF1aDNiK1JSQWJYaFdBMDJ5Q2R2b21xNEFQcmd2UnZlL1Z1N1ladktVcVRmV0xKS2hJOTdnODZJcjJvRTRiOWUKNmlIZVMwazRQdmxIUjIrWXpQY3MxaDYzdlhhd0MrSnVHcnJhcDljdUJuazFQMTJOcmpIZXFmakdXdVdJNXZsWgpYZE90TkcrMDNXUlJBV1FabHBUM293Y0dJVlk5ZEloYVNuQTNLVGlkUzNVYlpNdWdXRTNmbTB0WEptVT0KLS0tLS1FTkQgQ0VSVElGSUNBVEUtLS0tLQo=",
              "cluster_name": "app-ZjT5kVcE",
              "endpoint": "https://EEE970594C2A77C7CE86CB93E01A0007.gr7.us-east-1.eks.amazonaws.com",
              "kubelet_extra_args": "--node-labels=node.kubernetes.io/lifecycle=spot",
              "platform": "linux",
              "pre_userdata": ""
            }
          }
        }
      ]
    },
    {
      "module": "module.edge-cluster.module.eks",
      "mode": "managed",
      "type": "aws_autoscaling_group",
      "name": "workers_launch_template",
      "provider": "module.edge-cluster.provider[\"registry.terraform.io/hashicorp/aws\"]",
      "instances": [
        {
          "index_key": 0,
          "schema_version": 0,
          "attributes": {
            "arn": "arn:aws:autoscaling:us-east-1:721411679615:autoScalingGroup:93b333f9-deab-43bf-8f58-a300428babee:autoScalingGroupName/edge-YsDZlHjL-spot-edge20200815225245050700000011",
            "availability_zones": [
              "us-east-1a",
              "us-east-1b",
              "us-east-1c"
            ],
            "default_cooldown": 300,
            "desired_capacity": 2,
            "enabled_metrics": null,
            "force_delete": false,
            "health_check_grace_period": 300,
            "health_check_type": "EC2",
            "id": "edge-YsDZlHjL-spot-edge20200815225245050700000011",
            "initial_lifecycle_hook": [],
            "launch_configuration": "",
            "launch_template": [],
            "load_balancers": null,
            "max_instance_lifetime": 0,
            "max_size": 5,
            "metrics_granularity": "1Minute",
            "min_elb_capacity": null,
            "min_size": 1,
            "mixed_instances_policy": [
              {
                "instances_distribution": [
                  {
                    "on_demand_allocation_strategy": "prioritized",
                    "on_demand_base_capacity": 0,
                    "on_demand_percentage_above_base_capacity": 0,
                    "spot_allocation_strategy": "lowest-price",
                    "spot_instance_pools": 4,
                    "spot_max_price": ""
                  }
                ],
                "launch_template": [
                  {
                    "launch_template_specification": [
                      {
                        "launch_template_id": "lt-05c15639e5d5119c4",
                        "launch_template_name": "edge-YsDZlHjL-spot-edge2020081522524230930000000f",
                        "version": "$Latest"
                      }
                    ],
                    "override": [
                      {
                        "instance_type": "m5.large",
                        "weighted_capacity": ""
                      },
                      {
                        "instance_type": "m5a.large",
                        "weighted_capacity": ""
                      },
                      {
                        "instance_type": "m5d.large",
                        "weighted_capacity": ""
                      },
                      {
                        "instance_type": "m5ad.large",
                        "weighted_capacity": ""
                      }
                    ]
                  }
                ]
              }
            ],
            "name": "edge-YsDZlHjL-spot-edge20200815225245050700000011",
            "name_prefix": "edge-YsDZlHjL-spot-edge",
            "placement_group": "",
            "protect_from_scale_in": false,
            "service_linked_role_arn": "arn:aws:iam::721411679615:role/aws-service-role/autoscaling.amazonaws.com/AWSServiceRoleForAutoScaling",
            "suspended_processes": [
              "AZRebalance"
            ],
            "tag": [],
            "tags": [
              {
                "key": "Environment",
                "propagate_at_launch": "true",
                "value": "training"
              },
              {
                "key": "GithubOrg",
                "propagate_at_launch": "true",
                "value": "terraform-aws-modules"
              },
              {
                "key": "GithubRepo",
                "propagate_at_launch": "true",
                "value": "terraform-aws-eks"
              },
              {
                "key": "Name",
                "propagate_at_launch": "true",
                "value": "edge-YsDZlHjL-spot-edge-eks_asg"
              },
              {
                "key": "kubernetes.io/cluster/edge-YsDZlHjL",
                "propagate_at_launch": "true",
                "value": "owned"
              }
            ],
            "target_group_arns": null,
            "termination_policies": [],
            "timeouts": null,
            "vpc_zone_identifier": [
              "subnet-0188585efa7b3d3d8",
              "subnet-0e64c2acb28e3eef5",
              "subnet-0f621a9d7d4d66c2e"
            ],
            "wait_for_capacity_timeout": "10m",
            "wait_for_elb_capacity": null
          },
          "private": "eyJlMmJmYjczMC1lY2FhLTExZTYtOGY4OC0zNDM2M2JjN2M0YzAiOnsiZGVsZXRlIjo2MDAwMDAwMDAwMDB9fQ==",
          "dependencies": [
            "module.edge-cluster.aws_security_group.worker_group_mgmt_one",
            "module.edge-cluster.data.aws_availability_zones.available",
            "module.edge-cluster.module.eks.aws_cloudwatch_log_group.this",
            "module.edge-cluster.module.eks.aws_eks_cluster.this",
            "module.edge-cluster.module.eks.aws_iam_instance_profile.workers_launch_template",
            "module.edge-cluster.module.eks.aws_iam_role.cluster",
            "module.edge-cluster.module.eks.aws_iam_role.workers",
            "module.edge-cluster.module.eks.aws_iam_role_policy_attachment.cluster_AmazonEKSClusterPolicy",
            "module.edge-cluster.module.eks.aws_iam_role_policy_attachment.cluster_AmazonEKSServicePolicy",
            "module.edge-cluster.module.eks.aws_iam_role_policy_attachment.workers_AmazonEC2ContainerRegistryReadOnly",
            "module.edge-cluster.module.eks.aws_iam_role_policy_attachment.workers_AmazonEKSWorkerNodePolicy",
            "module.edge-cluster.module.eks.aws_iam_role_policy_attachment.workers_AmazonEKS_CNI_Policy",
            "module.edge-cluster.module.eks.aws_iam_role_policy_attachment.workers_additional_policies",
            "module.edge-cluster.module.eks.aws_launch_template.workers_launch_template",
            "module.edge-cluster.module.eks.aws_security_group.cluster",
            "module.edge-cluster.module.eks.aws_security_group.workers",
            "module.edge-cluster.module.eks.aws_security_group_rule.cluster_egress_internet",
            "module.edge-cluster.module.eks.aws_security_group_rule.cluster_https_worker_ingress",
            "module.edge-cluster.module.eks.aws_security_group_rule.cluster_primary_ingress_workers",
            "module.edge-cluster.module.eks.aws_security_group_rule.workers_egress_internet",
            "module.edge-cluster.module.eks.aws_security_group_rule.workers_ingress_cluster",
            "module.edge-cluster.module.eks.aws_security_group_rule.workers_ingress_cluster_https",
            "module.edge-cluster.module.eks.aws_security_group_rule.workers_ingress_cluster_kubelet",
            "module.edge-cluster.module.eks.aws_security_group_rule.workers_ingress_cluster_primary",
            "module.edge-cluster.module.eks.aws_security_group_rule.workers_ingress_self",
            "module.edge-cluster.module.eks.data.aws_ami.eks_worker",
            "module.edge-cluster.module.eks.data.aws_ami.eks_worker_windows",
            "module.edge-cluster.module.eks.data.aws_iam_instance_profile.custom_worker_group_launch_template_iam_instance_profile",
            "module.edge-cluster.module.eks.data.aws_iam_policy_document.cluster_assume_role_policy",
            "module.edge-cluster.module.eks.data.aws_iam_policy_document.workers_assume_role_policy",
            "module.edge-cluster.module.eks.data.aws_iam_role.custom_cluster_iam_role",
            "module.edge-cluster.module.eks.data.aws_partition.current",
            "module.edge-cluster.module.eks.data.template_file.launch_template_userdata",
            "module.edge-cluster.module.eks.random_pet.workers_launch_template",
            "module.edge-cluster.module.vpc.aws_subnet.private",
            "module.edge-cluster.module.vpc.aws_vpc.this",
            "module.edge-cluster.module.vpc.aws_vpc_ipv4_cidr_block_association.this",
            "module.edge-cluster.random_string.suffix"
          ],
          "create_before_destroy": true
        }
      ]
    },
    {
      "module": "module.app-cluster.module.eks",
      "mode": "managed",
      "type": "aws_autoscaling_group",
      "name": "workers_launch_template",
      "provider": "module.app-cluster.provider[\"registry.terraform.io/hashicorp/aws\"]",
      "instances": [
        {
          "index_key": 0,
          "schema_version": 0,
          "attributes": {
            "arn": "arn:aws:autoscaling:us-east-1:721411679615:autoScalingGroup:063e051e-6854-4a2e-a158-569792ffc3e9:autoScalingGroupName/app-ZjT5kVcE-spot-app20200815224952355000000011",
            "availability_zones": [
              "us-east-1a",
              "us-east-1b",
              "us-east-1c"
            ],
            "default_cooldown": 300,
            "desired_capacity": 2,
            "enabled_metrics": null,
            "force_delete": false,
            "health_check_grace_period": 300,
            "health_check_type": "EC2",
            "id": "app-ZjT5kVcE-spot-app20200815224952355000000011",
            "initial_lifecycle_hook": [],
            "launch_configuration": "",
            "launch_template": [],
            "load_balancers": null,
            "max_instance_lifetime": 0,
            "max_size": 5,
            "metrics_granularity": "1Minute",
            "min_elb_capacity": null,
            "min_size": 1,
            "mixed_instances_policy": [
              {
                "instances_distribution": [
                  {
                    "on_demand_allocation_strategy": "prioritized",
                    "on_demand_base_capacity": 0,
                    "on_demand_percentage_above_base_capacity": 0,
                    "spot_allocation_strategy": "lowest-price",
                    "spot_instance_pools": 4,
                    "spot_max_price": ""
                  }
                ],
                "launch_template": [
                  {
                    "launch_template_specification": [
                      {
                        "launch_template_id": "lt-08e2ad471b67649b3",
                        "launch_template_name": "app-ZjT5kVcE-spot-app2020081522494774040000000f",
                        "version": "$Latest"
                      }
                    ],
                    "override": [
                      {
                        "instance_type": "m5.large",
                        "weighted_capacity": ""
                      },
                      {
                        "instance_type": "m5a.large",
                        "weighted_capacity": ""
                      },
                      {
                        "instance_type": "m5d.large",
                        "weighted_capacity": ""
                      },
                      {
                        "instance_type": "m5ad.large",
                        "weighted_capacity": ""
                      }
                    ]
                  }
                ]
              }
            ],
            "name": "app-ZjT5kVcE-spot-app20200815224952355000000011",
            "name_prefix": "app-ZjT5kVcE-spot-app",
            "placement_group": "",
            "protect_from_scale_in": false,
            "service_linked_role_arn": "arn:aws:iam::721411679615:role/aws-service-role/autoscaling.amazonaws.com/AWSServiceRoleForAutoScaling",
            "suspended_processes": [
              "AZRebalance"
            ],
            "tag": [],
            "tags": [
              {
                "key": "Environment",
                "propagate_at_launch": "true",
                "value": "training"
              },
              {
                "key": "GithubOrg",
                "propagate_at_launch": "true",
                "value": "terraform-aws-modules"
              },
              {
                "key": "GithubRepo",
                "propagate_at_launch": "true",
                "value": "terraform-aws-eks"
              },
              {
                "key": "Name",
                "propagate_at_launch": "true",
                "value": "app-ZjT5kVcE-spot-app-eks_asg"
              },
              {
                "key": "kubernetes.io/cluster/app-ZjT5kVcE",
                "propagate_at_launch": "true",
                "value": "owned"
              }
            ],
            "target_group_arns": null,
            "termination_policies": [],
            "timeouts": null,
            "vpc_zone_identifier": [
              "subnet-0eb694b7131fa1aca",
              "subnet-0f9ed0859ffe8ff19",
              "subnet-0ffcb214fb93deece"
            ],
            "wait_for_capacity_timeout": "10m",
            "wait_for_elb_capacity": null
          },
          "private": "eyJlMmJmYjczMC1lY2FhLTExZTYtOGY4OC0zNDM2M2JjN2M0YzAiOnsiZGVsZXRlIjo2MDAwMDAwMDAwMDB9fQ==",
          "dependencies": [
            "module.app-cluster.aws_security_group.worker_group_mgmt_one",
            "module.app-cluster.data.aws_availability_zones.available",
            "module.app-cluster.module.eks.aws_cloudwatch_log_group.this",
            "module.app-cluster.module.eks.aws_eks_cluster.this",
            "module.app-cluster.module.eks.aws_iam_instance_profile.workers_launch_template",
            "module.app-cluster.module.eks.aws_iam_role.cluster",
            "module.app-cluster.module.eks.aws_iam_role.workers",
            "module.app-cluster.module.eks.aws_iam_role_policy_attachment.cluster_AmazonEKSClusterPolicy",
            "module.app-cluster.module.eks.aws_iam_role_policy_attachment.cluster_AmazonEKSServicePolicy",
            "module.app-cluster.module.eks.aws_iam_role_policy_attachment.workers_AmazonEC2ContainerRegistryReadOnly",
            "module.app-cluster.module.eks.aws_iam_role_policy_attachment.workers_AmazonEKSWorkerNodePolicy",
            "module.app-cluster.module.eks.aws_iam_role_policy_attachment.workers_AmazonEKS_CNI_Policy",
            "module.app-cluster.module.eks.aws_iam_role_policy_attachment.workers_additional_policies",
            "module.app-cluster.module.eks.aws_launch_template.workers_launch_template",
            "module.app-cluster.module.eks.aws_security_group.cluster",
            "module.app-cluster.module.eks.aws_security_group.workers",
            "module.app-cluster.module.eks.aws_security_group_rule.cluster_egress_internet",
            "module.app-cluster.module.eks.aws_security_group_rule.cluster_https_worker_ingress",
            "module.app-cluster.module.eks.aws_security_group_rule.cluster_primary_ingress_workers",
            "module.app-cluster.module.eks.aws_security_group_rule.workers_egress_internet",
            "module.app-cluster.module.eks.aws_security_group_rule.workers_ingress_cluster",
            "module.app-cluster.module.eks.aws_security_group_rule.workers_ingress_cluster_https",
            "module.app-cluster.module.eks.aws_security_group_rule.workers_ingress_cluster_kubelet",
            "module.app-cluster.module.eks.aws_security_group_rule.workers_ingress_cluster_primary",
            "module.app-cluster.module.eks.aws_security_group_rule.workers_ingress_self",
            "module.app-cluster.module.eks.data.aws_ami.eks_worker",
            "module.app-cluster.module.eks.data.aws_ami.eks_worker_windows",
            "module.app-cluster.module.eks.data.aws_iam_instance_profile.custom_worker_group_launch_template_iam_instance_profile",
            "module.app-cluster.module.eks.data.aws_iam_policy_document.cluster_assume_role_policy",
            "module.app-cluster.module.eks.data.aws_iam_policy_document.workers_assume_role_policy",
            "module.app-cluster.module.eks.data.aws_iam_role.custom_cluster_iam_role",
            "module.app-cluster.module.eks.data.aws_partition.current",
            "module.app-cluster.module.eks.data.template_file.launch_template_userdata",
            "module.app-cluster.module.eks.random_pet.workers_launch_template",
            "module.app-cluster.module.vpc.aws_subnet.private",
            "module.app-cluster.module.vpc.aws_vpc.this",
            "module.app-cluster.module.vpc.aws_vpc_ipv4_cidr_block_association.this",
            "module.app-cluster.random_string.suffix"
          ],
          "create_before_destroy": true
        }
      ]
    },
    {
      "module": "module.app-cluster.module.vpc",
      "mode": "managed",
      "type": "aws_eip",
      "name": "nat",
      "provider": "module.app-cluster.provider[\"registry.terraform.io/hashicorp/aws\"]",
      "instances": [
        {
          "index_key": 0,
          "schema_version": 0,
          "attributes": {
            "allocation_id": null,
            "associate_with_private_ip": null,
            "association_id": "",
            "customer_owned_ip": "",
            "customer_owned_ipv4_pool": "",
            "domain": "vpc",
            "id": "eipalloc-09d9d7f3d51b92868",
            "instance": "",
            "network_interface": "",
            "private_dns": null,
            "private_ip": "",
            "public_dns": "ec2-54-242-135-130.compute-1.amazonaws.com",
            "public_ip": "54.242.135.130",
            "public_ipv4_pool": "amazon",
            "tags": {
              "Name": "app-vpc-us-east-1a",
              "kubernetes.io/cluster/app-ZjT5kVcE": "shared"
            },
            "timeouts": null,
            "vpc": true
          },
          "private": "eyJlMmJmYjczMC1lY2FhLTExZTYtOGY4OC0zNDM2M2JjN2M0YzAiOnsiZGVsZXRlIjoxODAwMDAwMDAwMDAsInJlYWQiOjkwMDAwMDAwMDAwMCwidXBkYXRlIjozMDAwMDAwMDAwMDB9fQ==",
          "dependencies": [
            "module.app-cluster.data.aws_availability_zones.available",
            "module.app-cluster.random_string.suffix"
          ]
        }
      ]
    },
    {
      "module": "module.edge-cluster.module.vpc",
      "mode": "managed",
      "type": "aws_eip",
      "name": "nat",
      "provider": "module.edge-cluster.provider[\"registry.terraform.io/hashicorp/aws\"]",
      "instances": [
        {
          "index_key": 0,
          "schema_version": 0,
          "attributes": {
            "allocation_id": null,
            "associate_with_private_ip": null,
            "association_id": "",
            "customer_owned_ip": "",
            "customer_owned_ipv4_pool": "",
            "domain": "vpc",
            "id": "eipalloc-0c4771cd5f00b9814",
            "instance": "",
            "network_interface": "",
            "private_dns": null,
            "private_ip": "",
            "public_dns": "ec2-54-90-229-96.compute-1.amazonaws.com",
            "public_ip": "54.90.229.96",
            "public_ipv4_pool": "amazon",
            "tags": {
              "Name": "edge-vpc-us-east-1a",
              "kubernetes.io/cluster/edge-YsDZlHjL": "shared"
            },
            "timeouts": null,
            "vpc": true
          },
          "private": "eyJlMmJmYjczMC1lY2FhLTExZTYtOGY4OC0zNDM2M2JjN2M0YzAiOnsiZGVsZXRlIjoxODAwMDAwMDAwMDAsInJlYWQiOjkwMDAwMDAwMDAwMCwidXBkYXRlIjozMDAwMDAwMDAwMDB9fQ==",
          "dependencies": [
            "module.edge-cluster.data.aws_availability_zones.available",
            "module.edge-cluster.random_string.suffix"
          ]
        }
      ]
    },
    {
      "module": "module.edge-cluster.module.eks",
      "mode": "managed",
      "type": "aws_eks_cluster",
      "name": "this",
      "provider": "module.edge-cluster.provider[\"registry.terraform.io/hashicorp/aws\"]",
      "instances": [
        {
          "index_key": 0,
          "schema_version": 0,
          "attributes": {
            "arn": "arn:aws:eks:us-east-1:721411679615:cluster/edge-YsDZlHjL",
            "certificate_authority": [
              {
                "data": "LS0tLS1CRUdJTiBDRVJUSUZJQ0FURS0tLS0tCk1JSUN5RENDQWJDZ0F3SUJBZ0lCQURBTkJna3Foa2lHOXcwQkFRc0ZBREFWTVJNd0VRWURWUVFERXdwcmRXSmwKY201bGRHVnpNQjRYRFRJd01EZ3hOVEl5TkRreE4xb1hEVE13TURneE16SXlORGt4TjFvd0ZURVRNQkVHQTFVRQpBeE1LYTNWaVpYSnVaWFJsY3pDQ0FTSXdEUVlKS29aSWh2Y05BUUVCQlFBRGdnRVBBRENDQVFvQ2dnRUJBTS90ClZwRWdiYVFtaUNpVVN4clNNOG9LaExJQlBxVTFYUWpaTEFyaUtYN20vTm9nYUVJcFpPVEhoVGRlVFNkeXc1L0sKbERSdlJVaERzM3UxQW1Ca05NMkNoaGxvaXZBdHJsK2lCc3ZMTmVkSy9PWnVXcXdrcjQ3aitrT3ljVUczZSs5egptN041VUlRQlpuMFdRWnF3emZ4alBjb2hWaGY1RzMvODNvRVBkb2ZJNDhwRGZvQ2g2RjloeTh0aWZZcGUzZEp6CjhvajVFVFF2NXJNU3RPS0ExTmcxejA1aUkxaWtSejJ1emtOREtKamhDZnpYUDNhenN4eUFzQk1Jd1dxZ0pLd1QKU0xXd2tvOHFsampISnp1ZEhKWUYrWTdFL0I2VC9vMnNtUDlJcFpocXVsVmdSM05BUzNJZGlqaGZhYUNaRTZ1TwpJMFJzUGhaYkRTZk5vZXZPTlBFQ0F3RUFBYU1qTUNFd0RnWURWUjBQQVFIL0JBUURBZ0trTUE4R0ExVWRFd0VCCi93UUZNQU1CQWY4d0RRWUpLb1pJaHZjTkFRRUxCUUFEZ2dFQkFIUm9DSlYxWk5JaVFNWmlLY2VWS0t3TytudHEKOEpEZzU0ZTc0dWg3OVpsK0l4eFhyVU81cjFvZ2tuY3dDeFdLdlFZNmdZL2ZGY0h4MktDcUxjdWRwK2ZTTzQvVwpnejFXb2haSkxUaCt5MUV1Y3Ixdk9Fcno5Z1ZyRXBYc3d6amJMc3Z6cUgrT05CTXJhQVZiaGUzeFZ5STgzcy9OCjBMV0lYeG1GenlGY2hZZjQyckc1ZGJFSEE3R3RZVStZdWtreDVSeE1OdmtDNUZrdGdmRjdnQm5meGp3ZnljUkkKWmxCODVPZFVPeVROUnEwbFdqME5adWZVeU1VU0FiamZ1Z28ralh5ZmZSRjlWR28rbEViK293OW03dk1UeWVSUAo2YXJ2aUhVTW9URWZ5Vk5CTStMYmRkaWhFOFNqMVFud213WU82djJOVGk5NXJDakFFWlNiS2t2dG50TT0KLS0tLS1FTkQgQ0VSVElGSUNBVEUtLS0tLQo="
              }
            ],
            "created_at": "2020-08-15 22:39:48 +0000 UTC",
            "enabled_cluster_log_types": null,
            "encryption_config": [],
            "endpoint": "https://BBC0F777824971E21CFFC5C0CA08FF3C.gr7.us-east-1.eks.amazonaws.com",
            "id": "edge-YsDZlHjL",
            "identity": [
              {
                "oidc": [
                  {
                    "issuer": "https://oidc.eks.us-east-1.amazonaws.com/id/BBC0F777824971E21CFFC5C0CA08FF3C"
                  }
                ]
              }
            ],
            "name": "edge-YsDZlHjL",
            "platform_version": "eks.3",
            "role_arn": "arn:aws:iam::721411679615:role/edge-YsDZlHjL20200815223907182500000001",
            "status": "ACTIVE",
            "tags": {
              "Environment": "training",
              "GithubOrg": "terraform-aws-modules",
              "GithubRepo": "terraform-aws-eks"
            },
            "timeouts": {
              "create": "30m",
              "delete": "15m",
              "update": null
            },
            "version": "1.16",
            "vpc_config": [
              {
                "cluster_security_group_id": "sg-023cf2e4bdb345f84",
                "endpoint_private_access": false,
                "endpoint_public_access": true,
                "public_access_cidrs": [
                  "0.0.0.0/0"
                ],
                "security_group_ids": [
                  "sg-075276a91562ce2c6"
                ],
                "subnet_ids": [
                  "subnet-0188585efa7b3d3d8",
                  "subnet-0e64c2acb28e3eef5",
                  "subnet-0f621a9d7d4d66c2e"
                ],
                "vpc_id": "vpc-04cbd7df472fcb330"
              }
            ]
          },
          "private": "eyJlMmJmYjczMC1lY2FhLTExZTYtOGY4OC0zNDM2M2JjN2M0YzAiOnsiY3JlYXRlIjoxODAwMDAwMDAwMDAwLCJkZWxldGUiOjkwMDAwMDAwMDAwMCwidXBkYXRlIjozNjAwMDAwMDAwMDAwfX0=",
          "dependencies": [
            "module.edge-cluster.data.aws_availability_zones.available",
            "module.edge-cluster.module.eks.aws_cloudwatch_log_group.this",
            "module.edge-cluster.module.eks.aws_iam_role.cluster",
            "module.edge-cluster.module.eks.aws_iam_role_policy_attachment.cluster_AmazonEKSClusterPolicy",
            "module.edge-cluster.module.eks.aws_iam_role_policy_attachment.cluster_AmazonEKSServicePolicy",
            "module.edge-cluster.module.eks.aws_security_group.cluster",
            "module.edge-cluster.module.eks.aws_security_group.workers",
            "module.edge-cluster.module.eks.aws_security_group_rule.cluster_egress_internet",
            "module.edge-cluster.module.eks.aws_security_group_rule.cluster_https_worker_ingress",
            "module.edge-cluster.module.eks.data.aws_iam_policy_document.cluster_assume_role_policy",
            "module.edge-cluster.module.eks.data.aws_iam_role.custom_cluster_iam_role",
            "module.edge-cluster.module.eks.data.aws_partition.current",
            "module.edge-cluster.module.vpc.aws_subnet.private",
            "module.edge-cluster.module.vpc.aws_vpc.this",
            "module.edge-cluster.module.vpc.aws_vpc_ipv4_cidr_block_association.this",
            "module.edge-cluster.random_string.suffix"
          ],
          "create_before_destroy": true
        }
      ]
    },
    {
      "module": "module.app-cluster.module.eks",
      "mode": "managed",
      "type": "aws_eks_cluster",
      "name": "this",
      "provider": "module.app-cluster.provider[\"registry.terraform.io/hashicorp/aws\"]",
      "instances": [
        {
          "index_key": 0,
          "schema_version": 0,
          "attributes": {
            "arn": "arn:aws:eks:us-east-1:721411679615:cluster/app-ZjT5kVcE",
            "certificate_authority": [
              {
                "data": "LS0tLS1CRUdJTiBDRVJUSUZJQ0FURS0tLS0tCk1JSUN5RENDQWJDZ0F3SUJBZ0lCQURBTkJna3Foa2lHOXcwQkFRc0ZBREFWTVJNd0VRWURWUVFERXdwcmRXSmwKY201bGRHVnpNQjRYRFRJd01EZ3hOVEl5TkRZek0xb1hEVE13TURneE16SXlORFl6TTFvd0ZURVRNQkVHQTFVRQpBeE1LYTNWaVpYSnVaWFJsY3pDQ0FTSXdEUVlKS29aSWh2Y05BUUVCQlFBRGdnRVBBRENDQVFvQ2dnRUJBTzdRCjBPb2dKaGkwQy9rQUlHVkI1M1FseVNhTDhDUFhpRUVsREl4QWg3ei9IT2dDOWwyemJpcWcxNURmT25HYlRuZ0EKcUFsY29hVVN0V0E3eHJmYXBkSDNZeHpzeFU2Q05ZaUplaGhMSWdNL3VvbFNJcUxEY2poQmsreTBOa3lEV0lmeApJRm9IY0czSE10RHFrK0I4N3EySkpHdERaV3VYenUxYUd1S0NTR2lqSFB1UUxSVEhJOUpLYmloNGhIRmpaR3JPCjRBVVQyN0pGYjJkZ1cvT2QwS2NkTHRSVWt2Ykx5T3I5eFl6TjVRd2xkRXNZU3IwYXF0cDVKNXpxWUk5OXVwZjIKZmVnUG1HSkEzTFNaVzNveUFmZG1HT1NZbTRrYjU4cUR6R1BveFRlakM1bDJhd0o1N3F6SE1ob1JNRGFQWnB2NwptNERMMnNGQ1lxOG41QUd3bWJjQ0F3RUFBYU1qTUNFd0RnWURWUjBQQVFIL0JBUURBZ0trTUE4R0ExVWRFd0VCCi93UUZNQU1CQWY4d0RRWUpLb1pJaHZjTkFRRUxCUUFEZ2dFQkFNTmlabkczbHlNY3daRTNkam9kcGMwNjZPcmoKdk5rUUVSK1hvTS9jQjZvVGgzYnQ0aWpsRDRLdklPSWpydmtWK0luZ2F4enFFUnlhWTRsVlVvTnFCMElFMmVxRAp1ckdqUUNxQzRhMFBPc3lIWU5oMjAvS2FIdGZrcm5LNUhleXFOdlNTeHdxZWRZY0ViWGM2cXliVldMQmMzS1hHCnF1aDNiK1JSQWJYaFdBMDJ5Q2R2b21xNEFQcmd2UnZlL1Z1N1ladktVcVRmV0xKS2hJOTdnODZJcjJvRTRiOWUKNmlIZVMwazRQdmxIUjIrWXpQY3MxaDYzdlhhd0MrSnVHcnJhcDljdUJuazFQMTJOcmpIZXFmakdXdVdJNXZsWgpYZE90TkcrMDNXUlJBV1FabHBUM293Y0dJVlk5ZEloYVNuQTNLVGlkUzNVYlpNdWdXRTNmbTB0WEptVT0KLS0tLS1FTkQgQ0VSVElGSUNBVEUtLS0tLQo="
              }
            ],
            "created_at": "2020-08-15 22:39:41 +0000 UTC",
            "enabled_cluster_log_types": null,
            "encryption_config": [],
            "endpoint": "https://EEE970594C2A77C7CE86CB93E01A0007.gr7.us-east-1.eks.amazonaws.com",
            "id": "app-ZjT5kVcE",
            "identity": [
              {
                "oidc": [
                  {
                    "issuer": "https://oidc.eks.us-east-1.amazonaws.com/id/EEE970594C2A77C7CE86CB93E01A0007"
                  }
                ]
              }
            ],
            "name": "app-ZjT5kVcE",
            "platform_version": "eks.3",
            "role_arn": "arn:aws:iam::721411679615:role/app-ZjT5kVcE20200815223906352300000001",
            "status": "ACTIVE",
            "tags": {
              "Environment": "training",
              "GithubOrg": "terraform-aws-modules",
              "GithubRepo": "terraform-aws-eks"
            },
            "timeouts": {
              "create": "30m",
              "delete": "15m",
              "update": null
            },
            "version": "1.16",
            "vpc_config": [
              {
                "cluster_security_group_id": "sg-04d8d695796babf96",
                "endpoint_private_access": false,
                "endpoint_public_access": true,
                "public_access_cidrs": [
                  "0.0.0.0/0"
                ],
                "security_group_ids": [
                  "sg-0c02b0f06fddb32f1"
                ],
                "subnet_ids": [
                  "subnet-0eb694b7131fa1aca",
                  "subnet-0f9ed0859ffe8ff19",
                  "subnet-0ffcb214fb93deece"
                ],
                "vpc_id": "vpc-0b82986d835dbad06"
              }
            ]
          },
          "private": "eyJlMmJmYjczMC1lY2FhLTExZTYtOGY4OC0zNDM2M2JjN2M0YzAiOnsiY3JlYXRlIjoxODAwMDAwMDAwMDAwLCJkZWxldGUiOjkwMDAwMDAwMDAwMCwidXBkYXRlIjozNjAwMDAwMDAwMDAwfX0=",
          "dependencies": [
            "module.app-cluster.data.aws_availability_zones.available",
            "module.app-cluster.module.eks.aws_cloudwatch_log_group.this",
            "module.app-cluster.module.eks.aws_iam_role.cluster",
            "module.app-cluster.module.eks.aws_iam_role_policy_attachment.cluster_AmazonEKSClusterPolicy",
            "module.app-cluster.module.eks.aws_iam_role_policy_attachment.cluster_AmazonEKSServicePolicy",
            "module.app-cluster.module.eks.aws_security_group.cluster",
            "module.app-cluster.module.eks.aws_security_group.workers",
            "module.app-cluster.module.eks.aws_security_group_rule.cluster_egress_internet",
            "module.app-cluster.module.eks.aws_security_group_rule.cluster_https_worker_ingress",
            "module.app-cluster.module.eks.data.aws_iam_policy_document.cluster_assume_role_policy",
            "module.app-cluster.module.eks.data.aws_iam_role.custom_cluster_iam_role",
            "module.app-cluster.module.eks.data.aws_partition.current",
            "module.app-cluster.module.vpc.aws_subnet.private",
            "module.app-cluster.module.vpc.aws_vpc.this",
            "module.app-cluster.module.vpc.aws_vpc_ipv4_cidr_block_association.this",
            "module.app-cluster.random_string.suffix"
          ],
          "create_before_destroy": true
        }
      ]
    },
    {
      "module": "module.edge-cluster.module.eks",
      "mode": "managed",
      "type": "aws_iam_instance_profile",
      "name": "workers_launch_template",
      "provider": "module.edge-cluster.provider[\"registry.terraform.io/hashicorp/aws\"]",
      "instances": [
        {
          "index_key": 0,
          "schema_version": 0,
          "attributes": {
            "arn": "arn:aws:iam::721411679615:instance-profile/edge-YsDZlHjL2020081522523970550000000b",
            "create_date": "2020-08-15T22:52:40Z",
            "id": "edge-YsDZlHjL2020081522523970550000000b",
            "name": "edge-YsDZlHjL2020081522523970550000000b",
            "name_prefix": "edge-YsDZlHjL",
            "path": "/",
            "role": "edge-YsDZlHjL2020081522523767420000000a",
            "unique_id": "AIPA2P534UV7SGLGNLNCC"
          },
          "private": "bnVsbA==",
          "dependencies": [
            "module.edge-cluster.aws_security_group.worker_group_mgmt_one",
            "module.edge-cluster.data.aws_availability_zones.available",
            "module.edge-cluster.module.eks.aws_cloudwatch_log_group.this",
            "module.edge-cluster.module.eks.aws_eks_cluster.this",
            "module.edge-cluster.module.eks.aws_iam_role.cluster",
            "module.edge-cluster.module.eks.aws_iam_role.workers",
            "module.edge-cluster.module.eks.aws_iam_role_policy_attachment.cluster_AmazonEKSClusterPolicy",
            "module.edge-cluster.module.eks.aws_iam_role_policy_attachment.cluster_AmazonEKSServicePolicy",
            "module.edge-cluster.module.eks.aws_security_group.cluster",
            "module.edge-cluster.module.eks.aws_security_group.workers",
            "module.edge-cluster.module.eks.aws_security_group_rule.cluster_egress_internet",
            "module.edge-cluster.module.eks.aws_security_group_rule.cluster_https_worker_ingress",
            "module.edge-cluster.module.eks.data.aws_iam_policy_document.cluster_assume_role_policy",
            "module.edge-cluster.module.eks.data.aws_iam_policy_document.workers_assume_role_policy",
            "module.edge-cluster.module.eks.data.aws_iam_role.custom_cluster_iam_role",
            "module.edge-cluster.module.eks.data.aws_partition.current",
            "module.edge-cluster.module.vpc.aws_subnet.private",
            "module.edge-cluster.module.vpc.aws_vpc.this",
            "module.edge-cluster.module.vpc.aws_vpc_ipv4_cidr_block_association.this",
            "module.edge-cluster.random_string.suffix"
          ],
          "create_before_destroy": true
        }
      ]
    },
    {
      "module": "module.app-cluster.module.eks",
      "mode": "managed",
      "type": "aws_iam_instance_profile",
      "name": "workers_launch_template",
      "provider": "module.app-cluster.provider[\"registry.terraform.io/hashicorp/aws\"]",
      "instances": [
        {
          "index_key": 0,
          "schema_version": 0,
          "attributes": {
            "arn": "arn:aws:iam::721411679615:instance-profile/app-ZjT5kVcE2020081522494371150000000b",
            "create_date": "2020-08-15T22:49:45Z",
            "id": "app-ZjT5kVcE2020081522494371150000000b",
            "name": "app-ZjT5kVcE2020081522494371150000000b",
            "name_prefix": "app-ZjT5kVcE",
            "path": "/",
            "role": "app-ZjT5kVcE2020081522494175310000000a",
            "unique_id": "AIPA2P534UV7Q7TNITIDI"
          },
          "private": "bnVsbA==",
          "dependencies": [
            "module.app-cluster.aws_security_group.worker_group_mgmt_one",
            "module.app-cluster.data.aws_availability_zones.available",
            "module.app-cluster.module.eks.aws_cloudwatch_log_group.this",
            "module.app-cluster.module.eks.aws_eks_cluster.this",
            "module.app-cluster.module.eks.aws_iam_role.cluster",
            "module.app-cluster.module.eks.aws_iam_role.workers",
            "module.app-cluster.module.eks.aws_iam_role_policy_attachment.cluster_AmazonEKSClusterPolicy",
            "module.app-cluster.module.eks.aws_iam_role_policy_attachment.cluster_AmazonEKSServicePolicy",
            "module.app-cluster.module.eks.aws_security_group.cluster",
            "module.app-cluster.module.eks.aws_security_group.workers",
            "module.app-cluster.module.eks.aws_security_group_rule.cluster_egress_internet",
            "module.app-cluster.module.eks.aws_security_group_rule.cluster_https_worker_ingress",
            "module.app-cluster.module.eks.data.aws_iam_policy_document.cluster_assume_role_policy",
            "module.app-cluster.module.eks.data.aws_iam_policy_document.workers_assume_role_policy",
            "module.app-cluster.module.eks.data.aws_iam_role.custom_cluster_iam_role",
            "module.app-cluster.module.eks.data.aws_partition.current",
            "module.app-cluster.module.vpc.aws_subnet.private",
            "module.app-cluster.module.vpc.aws_vpc.this",
            "module.app-cluster.module.vpc.aws_vpc_ipv4_cidr_block_association.this",
            "module.app-cluster.random_string.suffix"
          ],
          "create_before_destroy": true
        }
      ]
    },
    {
      "module": "module.edge-cluster.module.eks",
      "mode": "managed",
      "type": "aws_iam_openid_connect_provider",
      "name": "oidc_provider",
      "provider": "module.edge-cluster.provider[\"registry.terraform.io/hashicorp/aws\"]",
      "instances": [
        {
          "index_key": 0,
          "schema_version": 0,
          "attributes": {
            "arn": "arn:aws:iam::721411679615:oidc-provider/oidc.eks.us-east-1.amazonaws.com/id/BBC0F777824971E21CFFC5C0CA08FF3C",
            "client_id_list": [
              "sts.amazonaws.com"
            ],
            "id": "arn:aws:iam::721411679615:oidc-provider/oidc.eks.us-east-1.amazonaws.com/id/BBC0F777824971E21CFFC5C0CA08FF3C",
            "thumbprint_list": [
              "9e99a48a9960b14926bb7f3b02e22da2b0ab7280"
            ],
            "url": "oidc.eks.us-east-1.amazonaws.com/id/BBC0F777824971E21CFFC5C0CA08FF3C"
          },
          "private": "bnVsbA==",
          "dependencies": [
            "module.edge-cluster.data.aws_availability_zones.available",
            "module.edge-cluster.module.eks.aws_cloudwatch_log_group.this",
            "module.edge-cluster.module.eks.aws_eks_cluster.this",
            "module.edge-cluster.module.eks.aws_iam_role.cluster",
            "module.edge-cluster.module.eks.aws_iam_role_policy_attachment.cluster_AmazonEKSClusterPolicy",
            "module.edge-cluster.module.eks.aws_iam_role_policy_attachment.cluster_AmazonEKSServicePolicy",
            "module.edge-cluster.module.eks.aws_security_group.cluster",
            "module.edge-cluster.module.eks.aws_security_group.workers",
            "module.edge-cluster.module.eks.aws_security_group_rule.cluster_egress_internet",
            "module.edge-cluster.module.eks.aws_security_group_rule.cluster_https_worker_ingress",
            "module.edge-cluster.module.eks.data.aws_iam_policy_document.cluster_assume_role_policy",
            "module.edge-cluster.module.eks.data.aws_iam_role.custom_cluster_iam_role",
            "module.edge-cluster.module.eks.data.aws_partition.current",
            "module.edge-cluster.module.vpc.aws_subnet.private",
            "module.edge-cluster.module.vpc.aws_vpc.this",
            "module.edge-cluster.module.vpc.aws_vpc_ipv4_cidr_block_association.this",
            "module.edge-cluster.random_string.suffix"
          ]
        }
      ]
    },
    {
      "module": "module.app-cluster.module.eks",
      "mode": "managed",
      "type": "aws_iam_openid_connect_provider",
      "name": "oidc_provider",
      "provider": "module.app-cluster.provider[\"registry.terraform.io/hashicorp/aws\"]",
      "instances": [
        {
          "index_key": 0,
          "schema_version": 0,
          "attributes": {
            "arn": "arn:aws:iam::721411679615:oidc-provider/oidc.eks.us-east-1.amazonaws.com/id/EEE970594C2A77C7CE86CB93E01A0007",
            "client_id_list": [
              "sts.amazonaws.com"
            ],
            "id": "arn:aws:iam::721411679615:oidc-provider/oidc.eks.us-east-1.amazonaws.com/id/EEE970594C2A77C7CE86CB93E01A0007",
            "thumbprint_list": [
              "9e99a48a9960b14926bb7f3b02e22da2b0ab7280"
            ],
            "url": "oidc.eks.us-east-1.amazonaws.com/id/EEE970594C2A77C7CE86CB93E01A0007"
          },
          "private": "bnVsbA==",
          "dependencies": [
            "module.app-cluster.data.aws_availability_zones.available",
            "module.app-cluster.module.eks.aws_cloudwatch_log_group.this",
            "module.app-cluster.module.eks.aws_eks_cluster.this",
            "module.app-cluster.module.eks.aws_iam_role.cluster",
            "module.app-cluster.module.eks.aws_iam_role_policy_attachment.cluster_AmazonEKSClusterPolicy",
            "module.app-cluster.module.eks.aws_iam_role_policy_attachment.cluster_AmazonEKSServicePolicy",
            "module.app-cluster.module.eks.aws_security_group.cluster",
            "module.app-cluster.module.eks.aws_security_group.workers",
            "module.app-cluster.module.eks.aws_security_group_rule.cluster_egress_internet",
            "module.app-cluster.module.eks.aws_security_group_rule.cluster_https_worker_ingress",
            "module.app-cluster.module.eks.data.aws_iam_policy_document.cluster_assume_role_policy",
            "module.app-cluster.module.eks.data.aws_iam_role.custom_cluster_iam_role",
            "module.app-cluster.module.eks.data.aws_partition.current",
            "module.app-cluster.module.vpc.aws_subnet.private",
            "module.app-cluster.module.vpc.aws_vpc.this",
            "module.app-cluster.module.vpc.aws_vpc_ipv4_cidr_block_association.this",
            "module.app-cluster.random_string.suffix"
          ]
        }
      ]
    },
    {
      "module": "module.edge-cluster.module.eks",
      "mode": "managed",
      "type": "aws_iam_role",
      "name": "cluster",
      "provider": "module.edge-cluster.provider[\"registry.terraform.io/hashicorp/aws\"]",
      "instances": [
        {
          "index_key": 0,
          "schema_version": 0,
          "attributes": {
            "arn": "arn:aws:iam::721411679615:role/edge-YsDZlHjL20200815223907182500000001",
            "assume_role_policy": "{\"Version\":\"2012-10-17\",\"Statement\":[{\"Sid\":\"EKSClusterAssumeRole\",\"Effect\":\"Allow\",\"Principal\":{\"Service\":\"eks.amazonaws.com\"},\"Action\":\"sts:AssumeRole\"}]}",
            "create_date": "2020-08-15T22:39:08Z",
            "description": "",
            "force_detach_policies": true,
            "id": "edge-YsDZlHjL20200815223907182500000001",
            "max_session_duration": 3600,
            "name": "edge-YsDZlHjL20200815223907182500000001",
            "name_prefix": "edge-YsDZlHjL",
            "path": "/",
            "permissions_boundary": null,
            "tags": {
              "Environment": "training",
              "GithubOrg": "terraform-aws-modules",
              "GithubRepo": "terraform-aws-eks"
            },
            "unique_id": "AROA2P534UV76JGQVZEH7"
          },
          "private": "bnVsbA==",
          "dependencies": [
            "module.edge-cluster.module.eks.data.aws_iam_policy_document.cluster_assume_role_policy",
            "module.edge-cluster.random_string.suffix"
          ],
          "create_before_destroy": true
        }
      ]
    },
    {
      "module": "module.app-cluster.module.eks",
      "mode": "managed",
      "type": "aws_iam_role",
      "name": "cluster",
      "provider": "module.app-cluster.provider[\"registry.terraform.io/hashicorp/aws\"]",
      "instances": [
        {
          "index_key": 0,
          "schema_version": 0,
          "attributes": {
            "arn": "arn:aws:iam::721411679615:role/app-ZjT5kVcE20200815223906352300000001",
            "assume_role_policy": "{\"Version\":\"2012-10-17\",\"Statement\":[{\"Sid\":\"EKSClusterAssumeRole\",\"Effect\":\"Allow\",\"Principal\":{\"Service\":\"eks.amazonaws.com\"},\"Action\":\"sts:AssumeRole\"}]}",
            "create_date": "2020-08-15T22:39:07Z",
            "description": "",
            "force_detach_policies": true,
            "id": "app-ZjT5kVcE20200815223906352300000001",
            "max_session_duration": 3600,
            "name": "app-ZjT5kVcE20200815223906352300000001",
            "name_prefix": "app-ZjT5kVcE",
            "path": "/",
            "permissions_boundary": null,
            "tags": {
              "Environment": "training",
              "GithubOrg": "terraform-aws-modules",
              "GithubRepo": "terraform-aws-eks"
            },
            "unique_id": "AROA2P534UV7YI745QWWZ"
          },
          "private": "bnVsbA==",
          "dependencies": [
            "module.app-cluster.module.eks.data.aws_iam_policy_document.cluster_assume_role_policy",
            "module.app-cluster.random_string.suffix"
          ],
          "create_before_destroy": true
        }
      ]
    },
    {
      "module": "module.edge-cluster.module.eks",
      "mode": "managed",
      "type": "aws_iam_role",
      "name": "workers",
      "provider": "module.edge-cluster.provider[\"registry.terraform.io/hashicorp/aws\"]",
      "instances": [
        {
          "index_key": 0,
          "schema_version": 0,
          "attributes": {
            "arn": "arn:aws:iam::721411679615:role/edge-YsDZlHjL2020081522523767420000000a",
            "assume_role_policy": "{\"Version\":\"2012-10-17\",\"Statement\":[{\"Sid\":\"EKSWorkerAssumeRole\",\"Effect\":\"Allow\",\"Principal\":{\"Service\":\"ec2.amazonaws.com\"},\"Action\":\"sts:AssumeRole\"}]}",
            "create_date": "2020-08-15T22:52:38Z",
            "description": "",
            "force_detach_policies": true,
            "id": "edge-YsDZlHjL2020081522523767420000000a",
            "max_session_duration": 3600,
            "name": "edge-YsDZlHjL2020081522523767420000000a",
            "name_prefix": "edge-YsDZlHjL",
            "path": "/",
            "permissions_boundary": null,
            "tags": {
              "Environment": "training",
              "GithubOrg": "terraform-aws-modules",
              "GithubRepo": "terraform-aws-eks"
            },
            "unique_id": "AROA2P534UV74KZWVQNAC"
          },
          "private": "bnVsbA==",
          "dependencies": [
            "module.edge-cluster.data.aws_availability_zones.available",
            "module.edge-cluster.module.eks.aws_cloudwatch_log_group.this",
            "module.edge-cluster.module.eks.aws_eks_cluster.this",
            "module.edge-cluster.module.eks.aws_iam_role.cluster",
            "module.edge-cluster.module.eks.aws_iam_role_policy_attachment.cluster_AmazonEKSClusterPolicy",
            "module.edge-cluster.module.eks.aws_iam_role_policy_attachment.cluster_AmazonEKSServicePolicy",
            "module.edge-cluster.module.eks.aws_security_group.cluster",
            "module.edge-cluster.module.eks.aws_security_group.workers",
            "module.edge-cluster.module.eks.aws_security_group_rule.cluster_egress_internet",
            "module.edge-cluster.module.eks.aws_security_group_rule.cluster_https_worker_ingress",
            "module.edge-cluster.module.eks.data.aws_iam_policy_document.cluster_assume_role_policy",
            "module.edge-cluster.module.eks.data.aws_iam_policy_document.workers_assume_role_policy",
            "module.edge-cluster.module.eks.data.aws_iam_role.custom_cluster_iam_role",
            "module.edge-cluster.module.eks.data.aws_partition.current",
            "module.edge-cluster.module.vpc.aws_subnet.private",
            "module.edge-cluster.module.vpc.aws_vpc.this",
            "module.edge-cluster.module.vpc.aws_vpc_ipv4_cidr_block_association.this",
            "module.edge-cluster.random_string.suffix"
          ],
          "create_before_destroy": true
        }
      ]
    },
    {
      "module": "module.app-cluster.module.eks",
      "mode": "managed",
      "type": "aws_iam_role",
      "name": "workers",
      "provider": "module.app-cluster.provider[\"registry.terraform.io/hashicorp/aws\"]",
      "instances": [
        {
          "index_key": 0,
          "schema_version": 0,
          "attributes": {
            "arn": "arn:aws:iam::721411679615:role/app-ZjT5kVcE2020081522494175310000000a",
            "assume_role_policy": "{\"Version\":\"2012-10-17\",\"Statement\":[{\"Sid\":\"EKSWorkerAssumeRole\",\"Effect\":\"Allow\",\"Principal\":{\"Service\":\"ec2.amazonaws.com\"},\"Action\":\"sts:AssumeRole\"}]}",
            "create_date": "2020-08-15T22:49:42Z",
            "description": "",
            "force_detach_policies": true,
            "id": "app-ZjT5kVcE2020081522494175310000000a",
            "max_session_duration": 3600,
            "name": "app-ZjT5kVcE2020081522494175310000000a",
            "name_prefix": "app-ZjT5kVcE",
            "path": "/",
            "permissions_boundary": null,
            "tags": {
              "Environment": "training",
              "GithubOrg": "terraform-aws-modules",
              "GithubRepo": "terraform-aws-eks"
            },
            "unique_id": "AROA2P534UV76O6MRT4CQ"
          },
          "private": "bnVsbA==",
          "dependencies": [
            "module.app-cluster.data.aws_availability_zones.available",
            "module.app-cluster.module.eks.aws_cloudwatch_log_group.this",
            "module.app-cluster.module.eks.aws_eks_cluster.this",
            "module.app-cluster.module.eks.aws_iam_role.cluster",
            "module.app-cluster.module.eks.aws_iam_role_policy_attachment.cluster_AmazonEKSClusterPolicy",
            "module.app-cluster.module.eks.aws_iam_role_policy_attachment.cluster_AmazonEKSServicePolicy",
            "module.app-cluster.module.eks.aws_security_group.cluster",
            "module.app-cluster.module.eks.aws_security_group.workers",
            "module.app-cluster.module.eks.aws_security_group_rule.cluster_egress_internet",
            "module.app-cluster.module.eks.aws_security_group_rule.cluster_https_worker_ingress",
            "module.app-cluster.module.eks.data.aws_iam_policy_document.cluster_assume_role_policy",
            "module.app-cluster.module.eks.data.aws_iam_policy_document.workers_assume_role_policy",
            "module.app-cluster.module.eks.data.aws_iam_role.custom_cluster_iam_role",
            "module.app-cluster.module.eks.data.aws_partition.current",
            "module.app-cluster.module.vpc.aws_subnet.private",
            "module.app-cluster.module.vpc.aws_vpc.this",
            "module.app-cluster.module.vpc.aws_vpc_ipv4_cidr_block_association.this",
            "module.app-cluster.random_string.suffix"
          ],
          "create_before_destroy": true
        }
      ]
    },
    {
      "module": "module.edge-cluster.module.eks",
      "mode": "managed",
      "type": "aws_iam_role_policy",
      "name": "cluster_elb_sl_role_creation",
      "provider": "module.edge-cluster.provider[\"registry.terraform.io/hashicorp/aws\"]",
      "instances": [
        {
          "index_key": 0,
          "schema_version": 0,
          "attributes": {
            "id": "edge-YsDZlHjL20200815223907182500000001:edge-YsDZlHjL-elb-sl-role-creation20200815223909214200000002",
            "name": "edge-YsDZlHjL-elb-sl-role-creation20200815223909214200000002",
            "name_prefix": "edge-YsDZlHjL-elb-sl-role-creation",
            "policy": "{\n  \"Version\": \"2012-10-17\",\n  \"Statement\": [\n    {\n      \"Sid\": \"\",\n      \"Effect\": \"Allow\",\n      \"Action\": [\n        \"ec2:DescribeInternetGateways\",\n        \"ec2:DescribeAccountAttributes\"\n      ],\n      \"Resource\": \"*\"\n    }\n  ]\n}",
            "role": "edge-YsDZlHjL20200815223907182500000001"
          },
          "private": "bnVsbA==",
          "dependencies": [
            "module.edge-cluster.module.eks.aws_iam_role.cluster",
            "module.edge-cluster.module.eks.data.aws_iam_policy_document.cluster_assume_role_policy",
            "module.edge-cluster.module.eks.data.aws_iam_policy_document.cluster_elb_sl_role_creation",
            "module.edge-cluster.random_string.suffix"
          ]
        }
      ]
    },
    {
      "module": "module.app-cluster.module.eks",
      "mode": "managed",
      "type": "aws_iam_role_policy",
      "name": "cluster_elb_sl_role_creation",
      "provider": "module.app-cluster.provider[\"registry.terraform.io/hashicorp/aws\"]",
      "instances": [
        {
          "index_key": 0,
          "schema_version": 0,
          "attributes": {
            "id": "app-ZjT5kVcE20200815223906352300000001:app-ZjT5kVcE-elb-sl-role-creation20200815223908348100000002",
            "name": "app-ZjT5kVcE-elb-sl-role-creation20200815223908348100000002",
            "name_prefix": "app-ZjT5kVcE-elb-sl-role-creation",
            "policy": "{\n  \"Version\": \"2012-10-17\",\n  \"Statement\": [\n    {\n      \"Sid\": \"\",\n      \"Effect\": \"Allow\",\n      \"Action\": [\n        \"ec2:DescribeInternetGateways\",\n        \"ec2:DescribeAccountAttributes\"\n      ],\n      \"Resource\": \"*\"\n    }\n  ]\n}",
            "role": "app-ZjT5kVcE20200815223906352300000001"
          },
          "private": "bnVsbA==",
          "dependencies": [
            "module.app-cluster.module.eks.aws_iam_role.cluster",
            "module.app-cluster.module.eks.data.aws_iam_policy_document.cluster_assume_role_policy",
            "module.app-cluster.module.eks.data.aws_iam_policy_document.cluster_elb_sl_role_creation",
            "module.app-cluster.random_string.suffix"
          ]
        }
      ]
    },
    {
      "module": "module.edge-cluster.module.eks",
      "mode": "managed",
      "type": "aws_iam_role_policy_attachment",
      "name": "cluster_AmazonEKSClusterPolicy",
      "provider": "module.edge-cluster.provider[\"registry.terraform.io/hashicorp/aws\"]",
      "instances": [
        {
          "index_key": 0,
          "schema_version": 0,
          "attributes": {
            "id": "edge-YsDZlHjL20200815223907182500000001-20200815223910122100000004",
            "policy_arn": "arn:aws:iam::aws:policy/AmazonEKSClusterPolicy",
            "role": "edge-YsDZlHjL20200815223907182500000001"
          },
          "private": "bnVsbA==",
          "dependencies": [
            "module.edge-cluster.module.eks.aws_iam_role.cluster",
            "module.edge-cluster.module.eks.data.aws_iam_policy_document.cluster_assume_role_policy",
            "module.edge-cluster.module.eks.data.aws_partition.current",
            "module.edge-cluster.random_string.suffix"
          ],
          "create_before_destroy": true
        }
      ]
    },
    {
      "module": "module.app-cluster.module.eks",
      "mode": "managed",
      "type": "aws_iam_role_policy_attachment",
      "name": "cluster_AmazonEKSClusterPolicy",
      "provider": "module.app-cluster.provider[\"registry.terraform.io/hashicorp/aws\"]",
      "instances": [
        {
          "index_key": 0,
          "schema_version": 0,
          "attributes": {
            "id": "app-ZjT5kVcE20200815223906352300000001-20200815223909430800000003",
            "policy_arn": "arn:aws:iam::aws:policy/AmazonEKSClusterPolicy",
            "role": "app-ZjT5kVcE20200815223906352300000001"
          },
          "private": "bnVsbA==",
          "dependencies": [
            "module.app-cluster.module.eks.aws_iam_role.cluster",
            "module.app-cluster.module.eks.data.aws_iam_policy_document.cluster_assume_role_policy",
            "module.app-cluster.module.eks.data.aws_partition.current",
            "module.app-cluster.random_string.suffix"
          ],
          "create_before_destroy": true
        }
      ]
    },
    {
      "module": "module.edge-cluster.module.eks",
      "mode": "managed",
      "type": "aws_iam_role_policy_attachment",
      "name": "cluster_AmazonEKSServicePolicy",
      "provider": "module.edge-cluster.provider[\"registry.terraform.io/hashicorp/aws\"]",
      "instances": [
        {
          "index_key": 0,
          "schema_version": 0,
          "attributes": {
            "id": "edge-YsDZlHjL20200815223907182500000001-20200815223909928500000003",
            "policy_arn": "arn:aws:iam::aws:policy/AmazonEKSServicePolicy",
            "role": "edge-YsDZlHjL20200815223907182500000001"
          },
          "private": "bnVsbA==",
          "dependencies": [
            "module.edge-cluster.module.eks.aws_iam_role.cluster",
            "module.edge-cluster.module.eks.data.aws_iam_policy_document.cluster_assume_role_policy",
            "module.edge-cluster.module.eks.data.aws_partition.current",
            "module.edge-cluster.random_string.suffix"
          ],
          "create_before_destroy": true
        }
      ]
    },
    {
      "module": "module.app-cluster.module.eks",
      "mode": "managed",
      "type": "aws_iam_role_policy_attachment",
      "name": "cluster_AmazonEKSServicePolicy",
      "provider": "module.app-cluster.provider[\"registry.terraform.io/hashicorp/aws\"]",
      "instances": [
        {
          "index_key": 0,
          "schema_version": 0,
          "attributes": {
            "id": "app-ZjT5kVcE20200815223906352300000001-20200815223909430800000004",
            "policy_arn": "arn:aws:iam::aws:policy/AmazonEKSServicePolicy",
            "role": "app-ZjT5kVcE20200815223906352300000001"
          },
          "private": "bnVsbA==",
          "dependencies": [
            "module.app-cluster.module.eks.aws_iam_role.cluster",
            "module.app-cluster.module.eks.data.aws_iam_policy_document.cluster_assume_role_policy",
            "module.app-cluster.module.eks.data.aws_partition.current",
            "module.app-cluster.random_string.suffix"
          ],
          "create_before_destroy": true
        }
      ]
    },
    {
      "module": "module.edge-cluster.module.eks",
      "mode": "managed",
      "type": "aws_iam_role_policy_attachment",
      "name": "workers_AmazonEC2ContainerRegistryReadOnly",
      "provider": "module.edge-cluster.provider[\"registry.terraform.io/hashicorp/aws\"]",
      "instances": [
        {
          "index_key": 0,
          "schema_version": 0,
          "attributes": {
            "id": "edge-YsDZlHjL2020081522523767420000000a-2020081522524068640000000c",
            "policy_arn": "arn:aws:iam::aws:policy/AmazonEC2ContainerRegistryReadOnly",
            "role": "edge-YsDZlHjL2020081522523767420000000a"
          },
          "private": "bnVsbA==",
          "dependencies": [
            "module.edge-cluster.data.aws_availability_zones.available",
            "module.edge-cluster.module.eks.aws_cloudwatch_log_group.this",
            "module.edge-cluster.module.eks.aws_eks_cluster.this",
            "module.edge-cluster.module.eks.aws_iam_role.cluster",
            "module.edge-cluster.module.eks.aws_iam_role.workers",
            "module.edge-cluster.module.eks.aws_iam_role_policy_attachment.cluster_AmazonEKSClusterPolicy",
            "module.edge-cluster.module.eks.aws_iam_role_policy_attachment.cluster_AmazonEKSServicePolicy",
            "module.edge-cluster.module.eks.aws_security_group.cluster",
            "module.edge-cluster.module.eks.aws_security_group.workers",
            "module.edge-cluster.module.eks.aws_security_group_rule.cluster_egress_internet",
            "module.edge-cluster.module.eks.aws_security_group_rule.cluster_https_worker_ingress",
            "module.edge-cluster.module.eks.data.aws_iam_policy_document.cluster_assume_role_policy",
            "module.edge-cluster.module.eks.data.aws_iam_policy_document.workers_assume_role_policy",
            "module.edge-cluster.module.eks.data.aws_iam_role.custom_cluster_iam_role",
            "module.edge-cluster.module.eks.data.aws_partition.current",
            "module.edge-cluster.module.vpc.aws_subnet.private",
            "module.edge-cluster.module.vpc.aws_vpc.this",
            "module.edge-cluster.module.vpc.aws_vpc_ipv4_cidr_block_association.this",
            "module.edge-cluster.random_string.suffix"
          ],
          "create_before_destroy": true
        }
      ]
    },
    {
      "module": "module.app-cluster.module.eks",
      "mode": "managed",
      "type": "aws_iam_role_policy_attachment",
      "name": "workers_AmazonEC2ContainerRegistryReadOnly",
      "provider": "module.app-cluster.provider[\"registry.terraform.io/hashicorp/aws\"]",
      "instances": [
        {
          "index_key": 0,
          "schema_version": 0,
          "attributes": {
            "id": "app-ZjT5kVcE2020081522494175310000000a-2020081522494552640000000c",
            "policy_arn": "arn:aws:iam::aws:policy/AmazonEC2ContainerRegistryReadOnly",
            "role": "app-ZjT5kVcE2020081522494175310000000a"
          },
          "private": "bnVsbA==",
          "dependencies": [
            "module.app-cluster.data.aws_availability_zones.available",
            "module.app-cluster.module.eks.aws_cloudwatch_log_group.this",
            "module.app-cluster.module.eks.aws_eks_cluster.this",
            "module.app-cluster.module.eks.aws_iam_role.cluster",
            "module.app-cluster.module.eks.aws_iam_role.workers",
            "module.app-cluster.module.eks.aws_iam_role_policy_attachment.cluster_AmazonEKSClusterPolicy",
            "module.app-cluster.module.eks.aws_iam_role_policy_attachment.cluster_AmazonEKSServicePolicy",
            "module.app-cluster.module.eks.aws_security_group.cluster",
            "module.app-cluster.module.eks.aws_security_group.workers",
            "module.app-cluster.module.eks.aws_security_group_rule.cluster_egress_internet",
            "module.app-cluster.module.eks.aws_security_group_rule.cluster_https_worker_ingress",
            "module.app-cluster.module.eks.data.aws_iam_policy_document.cluster_assume_role_policy",
            "module.app-cluster.module.eks.data.aws_iam_policy_document.workers_assume_role_policy",
            "module.app-cluster.module.eks.data.aws_iam_role.custom_cluster_iam_role",
            "module.app-cluster.module.eks.data.aws_partition.current",
            "module.app-cluster.module.vpc.aws_subnet.private",
            "module.app-cluster.module.vpc.aws_vpc.this",
            "module.app-cluster.module.vpc.aws_vpc_ipv4_cidr_block_association.this",
            "module.app-cluster.random_string.suffix"
          ],
          "create_before_destroy": true
        }
      ]
    },
    {
      "module": "module.edge-cluster.module.eks",
      "mode": "managed",
      "type": "aws_iam_role_policy_attachment",
      "name": "workers_AmazonEKSWorkerNodePolicy",
      "provider": "module.edge-cluster.provider[\"registry.terraform.io/hashicorp/aws\"]",
      "instances": [
        {
          "index_key": 0,
          "schema_version": 0,
          "attributes": {
            "id": "edge-YsDZlHjL2020081522523767420000000a-2020081522524083800000000e",
            "policy_arn": "arn:aws:iam::aws:policy/AmazonEKSWorkerNodePolicy",
            "role": "edge-YsDZlHjL2020081522523767420000000a"
          },
          "private": "bnVsbA==",
          "dependencies": [
            "module.edge-cluster.data.aws_availability_zones.available",
            "module.edge-cluster.module.eks.aws_cloudwatch_log_group.this",
            "module.edge-cluster.module.eks.aws_eks_cluster.this",
            "module.edge-cluster.module.eks.aws_iam_role.cluster",
            "module.edge-cluster.module.eks.aws_iam_role.workers",
            "module.edge-cluster.module.eks.aws_iam_role_policy_attachment.cluster_AmazonEKSClusterPolicy",
            "module.edge-cluster.module.eks.aws_iam_role_policy_attachment.cluster_AmazonEKSServicePolicy",
            "module.edge-cluster.module.eks.aws_security_group.cluster",
            "module.edge-cluster.module.eks.aws_security_group.workers",
            "module.edge-cluster.module.eks.aws_security_group_rule.cluster_egress_internet",
            "module.edge-cluster.module.eks.aws_security_group_rule.cluster_https_worker_ingress",
            "module.edge-cluster.module.eks.data.aws_iam_policy_document.cluster_assume_role_policy",
            "module.edge-cluster.module.eks.data.aws_iam_policy_document.workers_assume_role_policy",
            "module.edge-cluster.module.eks.data.aws_iam_role.custom_cluster_iam_role",
            "module.edge-cluster.module.eks.data.aws_partition.current",
            "module.edge-cluster.module.vpc.aws_subnet.private",
            "module.edge-cluster.module.vpc.aws_vpc.this",
            "module.edge-cluster.module.vpc.aws_vpc_ipv4_cidr_block_association.this",
            "module.edge-cluster.random_string.suffix"
          ],
          "create_before_destroy": true
        }
      ]
    },
    {
      "module": "module.app-cluster.module.eks",
      "mode": "managed",
      "type": "aws_iam_role_policy_attachment",
      "name": "workers_AmazonEKSWorkerNodePolicy",
      "provider": "module.app-cluster.provider[\"registry.terraform.io/hashicorp/aws\"]",
      "instances": [
        {
          "index_key": 0,
          "schema_version": 0,
          "attributes": {
            "id": "app-ZjT5kVcE2020081522494175310000000a-2020081522494552640000000d",
            "policy_arn": "arn:aws:iam::aws:policy/AmazonEKSWorkerNodePolicy",
            "role": "app-ZjT5kVcE2020081522494175310000000a"
          },
          "private": "bnVsbA==",
          "dependencies": [
            "module.app-cluster.data.aws_availability_zones.available",
            "module.app-cluster.module.eks.aws_cloudwatch_log_group.this",
            "module.app-cluster.module.eks.aws_eks_cluster.this",
            "module.app-cluster.module.eks.aws_iam_role.cluster",
            "module.app-cluster.module.eks.aws_iam_role.workers",
            "module.app-cluster.module.eks.aws_iam_role_policy_attachment.cluster_AmazonEKSClusterPolicy",
            "module.app-cluster.module.eks.aws_iam_role_policy_attachment.cluster_AmazonEKSServicePolicy",
            "module.app-cluster.module.eks.aws_security_group.cluster",
            "module.app-cluster.module.eks.aws_security_group.workers",
            "module.app-cluster.module.eks.aws_security_group_rule.cluster_egress_internet",
            "module.app-cluster.module.eks.aws_security_group_rule.cluster_https_worker_ingress",
            "module.app-cluster.module.eks.data.aws_iam_policy_document.cluster_assume_role_policy",
            "module.app-cluster.module.eks.data.aws_iam_policy_document.workers_assume_role_policy",
            "module.app-cluster.module.eks.data.aws_iam_role.custom_cluster_iam_role",
            "module.app-cluster.module.eks.data.aws_partition.current",
            "module.app-cluster.module.vpc.aws_subnet.private",
            "module.app-cluster.module.vpc.aws_vpc.this",
            "module.app-cluster.module.vpc.aws_vpc_ipv4_cidr_block_association.this",
            "module.app-cluster.random_string.suffix"
          ],
          "create_before_destroy": true
        }
      ]
    },
    {
      "module": "module.edge-cluster.module.eks",
      "mode": "managed",
      "type": "aws_iam_role_policy_attachment",
      "name": "workers_AmazonEKS_CNI_Policy",
      "provider": "module.edge-cluster.provider[\"registry.terraform.io/hashicorp/aws\"]",
      "instances": [
        {
          "index_key": 0,
          "schema_version": 0,
          "attributes": {
            "id": "edge-YsDZlHjL2020081522523767420000000a-2020081522524068640000000d",
            "policy_arn": "arn:aws:iam::aws:policy/AmazonEKS_CNI_Policy",
            "role": "edge-YsDZlHjL2020081522523767420000000a"
          },
          "private": "bnVsbA==",
          "dependencies": [
            "module.edge-cluster.data.aws_availability_zones.available",
            "module.edge-cluster.module.eks.aws_cloudwatch_log_group.this",
            "module.edge-cluster.module.eks.aws_eks_cluster.this",
            "module.edge-cluster.module.eks.aws_iam_role.cluster",
            "module.edge-cluster.module.eks.aws_iam_role.workers",
            "module.edge-cluster.module.eks.aws_iam_role_policy_attachment.cluster_AmazonEKSClusterPolicy",
            "module.edge-cluster.module.eks.aws_iam_role_policy_attachment.cluster_AmazonEKSServicePolicy",
            "module.edge-cluster.module.eks.aws_security_group.cluster",
            "module.edge-cluster.module.eks.aws_security_group.workers",
            "module.edge-cluster.module.eks.aws_security_group_rule.cluster_egress_internet",
            "module.edge-cluster.module.eks.aws_security_group_rule.cluster_https_worker_ingress",
            "module.edge-cluster.module.eks.data.aws_iam_policy_document.cluster_assume_role_policy",
            "module.edge-cluster.module.eks.data.aws_iam_policy_document.workers_assume_role_policy",
            "module.edge-cluster.module.eks.data.aws_iam_role.custom_cluster_iam_role",
            "module.edge-cluster.module.eks.data.aws_partition.current",
            "module.edge-cluster.module.vpc.aws_subnet.private",
            "module.edge-cluster.module.vpc.aws_vpc.this",
            "module.edge-cluster.module.vpc.aws_vpc_ipv4_cidr_block_association.this",
            "module.edge-cluster.random_string.suffix"
          ],
          "create_before_destroy": true
        }
      ]
    },
    {
      "module": "module.app-cluster.module.eks",
      "mode": "managed",
      "type": "aws_iam_role_policy_attachment",
      "name": "workers_AmazonEKS_CNI_Policy",
      "provider": "module.app-cluster.provider[\"registry.terraform.io/hashicorp/aws\"]",
      "instances": [
        {
          "index_key": 0,
          "schema_version": 0,
          "attributes": {
            "id": "app-ZjT5kVcE2020081522494175310000000a-2020081522494569360000000e",
            "policy_arn": "arn:aws:iam::aws:policy/AmazonEKS_CNI_Policy",
            "role": "app-ZjT5kVcE2020081522494175310000000a"
          },
          "private": "bnVsbA==",
          "dependencies": [
            "module.app-cluster.data.aws_availability_zones.available",
            "module.app-cluster.module.eks.aws_cloudwatch_log_group.this",
            "module.app-cluster.module.eks.aws_eks_cluster.this",
            "module.app-cluster.module.eks.aws_iam_role.cluster",
            "module.app-cluster.module.eks.aws_iam_role.workers",
            "module.app-cluster.module.eks.aws_iam_role_policy_attachment.cluster_AmazonEKSClusterPolicy",
            "module.app-cluster.module.eks.aws_iam_role_policy_attachment.cluster_AmazonEKSServicePolicy",
            "module.app-cluster.module.eks.aws_security_group.cluster",
            "module.app-cluster.module.eks.aws_security_group.workers",
            "module.app-cluster.module.eks.aws_security_group_rule.cluster_egress_internet",
            "module.app-cluster.module.eks.aws_security_group_rule.cluster_https_worker_ingress",
            "module.app-cluster.module.eks.data.aws_iam_policy_document.cluster_assume_role_policy",
            "module.app-cluster.module.eks.data.aws_iam_policy_document.workers_assume_role_policy",
            "module.app-cluster.module.eks.data.aws_iam_role.custom_cluster_iam_role",
            "module.app-cluster.module.eks.data.aws_partition.current",
            "module.app-cluster.module.vpc.aws_subnet.private",
            "module.app-cluster.module.vpc.aws_vpc.this",
            "module.app-cluster.module.vpc.aws_vpc_ipv4_cidr_block_association.this",
            "module.app-cluster.random_string.suffix"
          ],
          "create_before_destroy": true
        }
      ]
    },
    {
      "module": "module.app-cluster.module.vpc",
      "mode": "managed",
      "type": "aws_internet_gateway",
      "name": "this",
      "provider": "module.app-cluster.provider[\"registry.terraform.io/hashicorp/aws\"]",
      "instances": [
        {
          "index_key": 0,
          "schema_version": 0,
          "attributes": {
            "arn": "arn:aws:ec2:us-east-1:721411679615:internet-gateway/igw-06b5d3fa6543ec473",
            "id": "igw-06b5d3fa6543ec473",
            "owner_id": "721411679615",
            "tags": {
              "Name": "app-vpc",
              "kubernetes.io/cluster/app-ZjT5kVcE": "shared"
            },
            "vpc_id": "vpc-0b82986d835dbad06"
          },
          "private": "bnVsbA==",
          "dependencies": [
            "module.app-cluster.module.vpc.aws_vpc.this",
            "module.app-cluster.module.vpc.aws_vpc_ipv4_cidr_block_association.this",
            "module.app-cluster.random_string.suffix"
          ]
        }
      ]
    },
    {
      "module": "module.edge-cluster.module.vpc",
      "mode": "managed",
      "type": "aws_internet_gateway",
      "name": "this",
      "provider": "module.edge-cluster.provider[\"registry.terraform.io/hashicorp/aws\"]",
      "instances": [
        {
          "index_key": 0,
          "schema_version": 0,
          "attributes": {
            "arn": "arn:aws:ec2:us-east-1:721411679615:internet-gateway/igw-097d478a3f75ef315",
            "id": "igw-097d478a3f75ef315",
            "owner_id": "721411679615",
            "tags": {
              "Name": "edge-vpc",
              "kubernetes.io/cluster/edge-YsDZlHjL": "shared"
            },
            "vpc_id": "vpc-04cbd7df472fcb330"
          },
          "private": "bnVsbA==",
          "dependencies": [
            "module.edge-cluster.module.vpc.aws_vpc.this",
            "module.edge-cluster.module.vpc.aws_vpc_ipv4_cidr_block_association.this",
            "module.edge-cluster.random_string.suffix"
          ]
        }
      ]
    },
    {
      "module": "module.edge-cluster.module.eks",
      "mode": "managed",
      "type": "aws_launch_template",
      "name": "workers_launch_template",
      "provider": "module.edge-cluster.provider[\"registry.terraform.io/hashicorp/aws\"]",
      "instances": [
        {
          "index_key": 0,
          "schema_version": 0,
          "attributes": {
            "arn": "arn:aws:ec2:us-east-1:721411679615:launch-template/lt-05c15639e5d5119c4",
            "block_device_mappings": [
              {
                "device_name": "/dev/xvda",
                "ebs": [
                  {
                    "delete_on_termination": "true",
                    "encrypted": "false",
                    "iops": 0,
                    "kms_key_id": "",
                    "snapshot_id": "",
                    "volume_size": 100,
                    "volume_type": "gp2"
                  }
                ],
                "no_device": "",
                "virtual_name": ""
              }
            ],
            "capacity_reservation_specification": [],
            "cpu_options": [],
            "credit_specification": [
              {
                "cpu_credits": "standard"
              }
            ],
            "default_version": 1,
            "description": "",
            "disable_api_termination": false,
            "ebs_optimized": "true",
            "elastic_gpu_specifications": [],
            "elastic_inference_accelerator": [],
            "hibernation_options": [],
            "iam_instance_profile": [
              {
                "arn": "",
                "name": "edge-YsDZlHjL2020081522523970550000000b"
              }
            ],
            "id": "lt-05c15639e5d5119c4",
            "image_id": "ami-0578ebfacd1950abb",
            "instance_initiated_shutdown_behavior": "",
            "instance_market_options": [],
            "instance_type": "m4.large",
            "kernel_id": "",
            "key_name": "",
            "latest_version": 1,
            "license_specification": [],
            "metadata_options": [
              {
                "http_endpoint": "enabled",
                "http_put_response_hop_limit": 0,
                "http_tokens": "optional"
              }
            ],
            "monitoring": [
              {
                "enabled": true
              }
            ],
            "name": "edge-YsDZlHjL-spot-edge2020081522524230930000000f",
            "name_prefix": "edge-YsDZlHjL-spot-edge",
            "network_interfaces": [
              {
                "associate_public_ip_address": "false",
                "delete_on_termination": "true",
                "description": "",
                "device_index": 0,
                "ipv4_address_count": 0,
                "ipv4_addresses": null,
                "ipv6_address_count": 0,
                "ipv6_addresses": null,
                "network_interface_id": "",
                "private_ip_address": "",
                "security_groups": [
                  "sg-017e8b192aff737c7",
                  "sg-04bc83ea21f8c1857"
                ],
                "subnet_id": ""
              }
            ],
            "placement": [],
            "ram_disk_id": "",
            "security_group_names": null,
            "tag_specifications": [
              {
                "resource_type": "volume",
                "tags": {
                  "Environment": "training",
                  "GithubOrg": "terraform-aws-modules",
                  "GithubRepo": "terraform-aws-eks",
                  "Name": "edge-YsDZlHjL-spot-edge-eks_asg"
                }
              },
              {
                "resource_type": "instance",
                "tags": {
                  "Environment": "training",
                  "GithubOrg": "terraform-aws-modules",
                  "GithubRepo": "terraform-aws-eks",
                  "Name": "edge-YsDZlHjL-spot-edge-eks_asg"
                }
              }
            ],
            "tags": {
              "Environment": "training",
              "GithubOrg": "terraform-aws-modules",
              "GithubRepo": "terraform-aws-eks"
            },
            "update_default_version": null,
            "user_data": "IyEvYmluL2Jhc2ggLXhlCgojIEFsbG93IHVzZXIgc3VwcGxpZWQgcHJlIHVzZXJkYXRhIGNvZGUKCgojIEJvb3RzdHJhcCBhbmQgam9pbiB0aGUgY2x1c3RlcgovZXRjL2Vrcy9ib290c3RyYXAuc2ggLS1iNjQtY2x1c3Rlci1jYSAnTFMwdExTMUNSVWRKVGlCRFJWSlVTVVpKUTBGVVJTMHRMUzB0Q2sxSlNVTjVSRU5EUVdKRFowRjNTVUpCWjBsQ1FVUkJUa0puYTNGb2EybEhPWGN3UWtGUmMwWkJSRUZXVFZKTmQwVlJXVVJXVVZGRVJYZHdjbVJYU213S1kyMDFiR1JIVm5wTlFqUllSRlJKZDAxRVozaE9WRWw1VGtScmVFNHhiMWhFVkUxM1RVUm5lRTE2U1hsT1JHdDRUakZ2ZDBaVVJWUk5Ra1ZIUVRGVlJRcEJlRTFMWVROV2FWcFlTblZhV0ZKc1kzcERRMEZUU1hkRVVWbEtTMjlhU1doMlkwNUJVVVZDUWxGQlJHZG5SVkJCUkVORFFWRnZRMmRuUlVKQlRTOTBDbFp3UldkaVlWRnRhVU5wVlZONGNsTk5PRzlMYUV4SlFsQnhWVEZZVVdwYVRFRnlhVXRZTjIwdlRtOW5ZVVZKY0ZwUFZFaG9WR1JsVkZOa2VYYzFMMHNLYkVSU2RsSlZhRVJ6TTNVeFFXMUNhMDVOTWtOb2FHeHZhWFpCZEhKc0sybENjM1pNVG1Wa1N5OVBXblZYY1hkcmNqUTNhaXRyVDNsalZVY3paU3M1ZWdwdE4wNDFWVWxSUWxwdU1GZFJXbkYzZW1aNGFsQmpiMmhXYUdZMVJ6TXZPRE52UlZCa2IyWkpORGh3UkdadlEyZzJSamxvZVRoMGFXWlpjR1V6WkVwNkNqaHZhalZGVkZGMk5YSk5VM1JQUzBFeFRtY3hlakExYVVreGFXdFNlakoxZW10T1JFdEthbWhEWm5wWVVETmhlbk40ZVVGelFrMUpkMWR4WjBwTGQxUUtVMHhYZDJ0dk9IRnNhbXBJU25wMVpFaEtXVVlyV1RkRkwwSTJWQzl2TW5OdFVEbEpjRnBvY1hWc1ZtZFNNMDVCVXpOSlpHbHFhR1poWVVOYVJUWjFUd3BKTUZKelVHaGFZa1JUWms1dlpYWlBUbEJGUTBGM1JVRkJZVTFxVFVORmQwUm5XVVJXVWpCUVFWRklMMEpCVVVSQlowdHJUVUU0UjBFeFZXUkZkMFZDQ2k5M1VVWk5RVTFDUVdZNGQwUlJXVXBMYjFwSmFIWmpUa0ZSUlV4Q1VVRkVaMmRGUWtGSVVtOURTbFl4V2s1SmFWRk5XbWxMWTJWV1MwdDNUeXR1ZEhFS09FcEVaelUwWlRjMGRXZzNPVnBzSzBsNGVGaHlWVTgxY2pGdloydHVZM2REZUZkTGRsRlpObWRaTDJaR1kwaDRNa3REY1V4amRXUndLMlpUVHpRdlZ3cG5lakZYYjJoYVNreFVhQ3Q1TVVWMVkzSXhkazlGY25vNVoxWnlSWEJZYzNkNmFtSk1jM1o2Y1VnclQwNUNUWEpoUVZaaWFHVXplRlo1U1RnemN5OU9DakJNVjBsWWVHMUdlbmxHWTJoWlpqUXlja2MxWkdKRlNFRTNSM1JaVlN0WmRXdHJlRFZTZUUxT2RtdEROVVpyZEdkbVJqZG5RbTVtZUdwM1pubGpVa2tLV214Q09EVlBaRlZQZVZST1VuRXdiRmRxTUU1YWRXWlZlVTFWVTBGaWFtWjFaMjhyYWxoNVptWlNSamxXUjI4cmJFVmlLMjkzT1cwM2RrMVVlV1ZTVUFvMllYSjJhVWhWVFc5VVJXWjVWazVDVFN0TVltUmthV2hGT0ZOcU1WRnVkMjEzV1U4MmRqSk9WR2s1TlhKRGFrRkZXbE5pUzJ0MmRHNTBUVDBLTFMwdExTMUZUa1FnUTBWU1ZFbEdTVU5CVkVVdExTMHRMUW89JyAtLWFwaXNlcnZlci1lbmRwb2ludCAnaHR0cHM6Ly9CQkMwRjc3NzgyNDk3MUUyMUNGRkM1QzBDQTA4RkYzQy5ncjcudXMtZWFzdC0xLmVrcy5hbWF6b25hd3MuY29tJyAgLS1rdWJlbGV0LWV4dHJhLWFyZ3MgIi0tbm9kZS1sYWJlbHM9bm9kZS5rdWJlcm5ldGVzLmlvL2xpZmVjeWNsZT1zcG90IiAnZWRnZS1Zc0RabEhqTCcKCiMgQWxsb3cgdXNlciBzdXBwbGllZCB1c2VyZGF0YSBjb2RlCgo=",
            "vpc_security_group_ids": null
          },
          "private": "bnVsbA==",
          "dependencies": [
            "module.edge-cluster.aws_security_group.worker_group_mgmt_one",
            "module.edge-cluster.data.aws_availability_zones.available",
            "module.edge-cluster.module.eks.aws_cloudwatch_log_group.this",
            "module.edge-cluster.module.eks.aws_eks_cluster.this",
            "module.edge-cluster.module.eks.aws_iam_instance_profile.workers_launch_template",
            "module.edge-cluster.module.eks.aws_iam_role.cluster",
            "module.edge-cluster.module.eks.aws_iam_role.workers",
            "module.edge-cluster.module.eks.aws_iam_role_policy_attachment.cluster_AmazonEKSClusterPolicy",
            "module.edge-cluster.module.eks.aws_iam_role_policy_attachment.cluster_AmazonEKSServicePolicy",
            "module.edge-cluster.module.eks.aws_iam_role_policy_attachment.workers_AmazonEC2ContainerRegistryReadOnly",
            "module.edge-cluster.module.eks.aws_iam_role_policy_attachment.workers_AmazonEKSWorkerNodePolicy",
            "module.edge-cluster.module.eks.aws_iam_role_policy_attachment.workers_AmazonEKS_CNI_Policy",
            "module.edge-cluster.module.eks.aws_iam_role_policy_attachment.workers_additional_policies",
            "module.edge-cluster.module.eks.aws_security_group.cluster",
            "module.edge-cluster.module.eks.aws_security_group.workers",
            "module.edge-cluster.module.eks.aws_security_group_rule.cluster_egress_internet",
            "module.edge-cluster.module.eks.aws_security_group_rule.cluster_https_worker_ingress",
            "module.edge-cluster.module.eks.aws_security_group_rule.cluster_primary_ingress_workers",
            "module.edge-cluster.module.eks.aws_security_group_rule.workers_egress_internet",
            "module.edge-cluster.module.eks.aws_security_group_rule.workers_ingress_cluster",
            "module.edge-cluster.module.eks.aws_security_group_rule.workers_ingress_cluster_https",
            "module.edge-cluster.module.eks.aws_security_group_rule.workers_ingress_cluster_kubelet",
            "module.edge-cluster.module.eks.aws_security_group_rule.workers_ingress_cluster_primary",
            "module.edge-cluster.module.eks.aws_security_group_rule.workers_ingress_self",
            "module.edge-cluster.module.eks.data.aws_ami.eks_worker",
            "module.edge-cluster.module.eks.data.aws_ami.eks_worker_windows",
            "module.edge-cluster.module.eks.data.aws_iam_instance_profile.custom_worker_group_launch_template_iam_instance_profile",
            "module.edge-cluster.module.eks.data.aws_iam_policy_document.cluster_assume_role_policy",
            "module.edge-cluster.module.eks.data.aws_iam_policy_document.workers_assume_role_policy",
            "module.edge-cluster.module.eks.data.aws_iam_role.custom_cluster_iam_role",
            "module.edge-cluster.module.eks.data.aws_partition.current",
            "module.edge-cluster.module.eks.data.template_file.launch_template_userdata",
            "module.edge-cluster.module.vpc.aws_subnet.private",
            "module.edge-cluster.module.vpc.aws_vpc.this",
            "module.edge-cluster.module.vpc.aws_vpc_ipv4_cidr_block_association.this",
            "module.edge-cluster.random_string.suffix"
          ],
          "create_before_destroy": true
        }
      ]
    },
    {
      "module": "module.app-cluster.module.eks",
      "mode": "managed",
      "type": "aws_launch_template",
      "name": "workers_launch_template",
      "provider": "module.app-cluster.provider[\"registry.terraform.io/hashicorp/aws\"]",
      "instances": [
        {
          "index_key": 0,
          "schema_version": 0,
          "attributes": {
            "arn": "arn:aws:ec2:us-east-1:721411679615:launch-template/lt-08e2ad471b67649b3",
            "block_device_mappings": [
              {
                "device_name": "/dev/xvda",
                "ebs": [
                  {
                    "delete_on_termination": "true",
                    "encrypted": "false",
                    "iops": 0,
                    "kms_key_id": "",
                    "snapshot_id": "",
                    "volume_size": 100,
                    "volume_type": "gp2"
                  }
                ],
                "no_device": "",
                "virtual_name": ""
              }
            ],
            "capacity_reservation_specification": [],
            "cpu_options": [],
            "credit_specification": [
              {
                "cpu_credits": "standard"
              }
            ],
            "default_version": 1,
            "description": "",
            "disable_api_termination": false,
            "ebs_optimized": "true",
            "elastic_gpu_specifications": [],
            "elastic_inference_accelerator": [],
            "hibernation_options": [],
            "iam_instance_profile": [
              {
                "arn": "",
                "name": "app-ZjT5kVcE2020081522494371150000000b"
              }
            ],
            "id": "lt-08e2ad471b67649b3",
            "image_id": "ami-0578ebfacd1950abb",
            "instance_initiated_shutdown_behavior": "",
            "instance_market_options": [],
            "instance_type": "m4.large",
            "kernel_id": "",
            "key_name": "",
            "latest_version": 1,
            "license_specification": [],
            "metadata_options": [
              {
                "http_endpoint": "enabled",
                "http_put_response_hop_limit": 0,
                "http_tokens": "optional"
              }
            ],
            "monitoring": [
              {
                "enabled": true
              }
            ],
            "name": "app-ZjT5kVcE-spot-app2020081522494774040000000f",
            "name_prefix": "app-ZjT5kVcE-spot-app",
            "network_interfaces": [
              {
                "associate_public_ip_address": "false",
                "delete_on_termination": "true",
                "description": "",
                "device_index": 0,
                "ipv4_address_count": 0,
                "ipv4_addresses": null,
                "ipv6_address_count": 0,
                "ipv6_addresses": null,
                "network_interface_id": "",
                "private_ip_address": "",
                "security_groups": [
                  "sg-05c0e96377c84f606",
                  "sg-0ce51a845b863a5a6"
                ],
                "subnet_id": ""
              }
            ],
            "placement": [],
            "ram_disk_id": "",
            "security_group_names": null,
            "tag_specifications": [
              {
                "resource_type": "volume",
                "tags": {
                  "Environment": "training",
                  "GithubOrg": "terraform-aws-modules",
                  "GithubRepo": "terraform-aws-eks",
                  "Name": "app-ZjT5kVcE-spot-app-eks_asg"
                }
              },
              {
                "resource_type": "instance",
                "tags": {
                  "Environment": "training",
                  "GithubOrg": "terraform-aws-modules",
                  "GithubRepo": "terraform-aws-eks",
                  "Name": "app-ZjT5kVcE-spot-app-eks_asg"
                }
              }
            ],
            "tags": {
              "Environment": "training",
              "GithubOrg": "terraform-aws-modules",
              "GithubRepo": "terraform-aws-eks"
            },
            "update_default_version": null,
            "user_data": "IyEvYmluL2Jhc2ggLXhlCgojIEFsbG93IHVzZXIgc3VwcGxpZWQgcHJlIHVzZXJkYXRhIGNvZGUKCgojIEJvb3RzdHJhcCBhbmQgam9pbiB0aGUgY2x1c3RlcgovZXRjL2Vrcy9ib290c3RyYXAuc2ggLS1iNjQtY2x1c3Rlci1jYSAnTFMwdExTMUNSVWRKVGlCRFJWSlVTVVpKUTBGVVJTMHRMUzB0Q2sxSlNVTjVSRU5EUVdKRFowRjNTVUpCWjBsQ1FVUkJUa0puYTNGb2EybEhPWGN3UWtGUmMwWkJSRUZXVFZKTmQwVlJXVVJXVVZGRVJYZHdjbVJYU213S1kyMDFiR1JIVm5wTlFqUllSRlJKZDAxRVozaE9WRWw1VGtSWmVrMHhiMWhFVkUxM1RVUm5lRTE2U1hsT1JGbDZUVEZ2ZDBaVVJWUk5Ra1ZIUVRGVlJRcEJlRTFMWVROV2FWcFlTblZhV0ZKc1kzcERRMEZUU1hkRVVWbEtTMjlhU1doMlkwNUJVVVZDUWxGQlJHZG5SVkJCUkVORFFWRnZRMmRuUlVKQlR6ZFJDakJQYjJkS2FHa3dReTlyUVVsSFZrSTFNMUZzZVZOaFREaERVRmhwUlVWc1JFbDRRV2czZWk5SVQyZERPV3d5ZW1KcGNXY3hOVVJtVDI1SFlsUnVaMEVLY1VGc1kyOWhWVk4wVjBFM2VISm1ZWEJrU0ROWmVIcHplRlUyUTA1WmFVcGxhR2hNU1dkTkwzVnZiRk5KY1V4RVkycG9RbXNyZVRCT2EzbEVWMGxtZUFwSlJtOUlZMGN6U0UxMFJIRnJLMEk0TjNFeVNrcEhkRVJhVjNWWWVuVXhZVWQxUzBOVFIybHFTRkIxVVV4U1ZFaEpPVXBMWW1sb05HaElSbXBhUjNKUENqUkJWVlF5TjBwR1lqSmtaMWN2VDJRd1MyTmtUSFJTVld0MllreDVUM0k1ZUZsNlRqVlJkMnhrUlhOWlUzSXdZWEYwY0RWS05YcHhXVWs1T1hWd1pqSUtabVZuVUcxSFNrRXpURk5hVnpOdmVVRm1aRzFIVDFOWmJUUnJZalU0Y1VSNlIxQnZlRlJsYWtNMWJESmhkMG8xTjNGNlNFMW9iMUpOUkdGUVduQjJOd3B0TkVSTU1uTkdRMWx4T0c0MVFVZDNiV0pqUTBGM1JVRkJZVTFxVFVORmQwUm5XVVJXVWpCUVFWRklMMEpCVVVSQlowdHJUVUU0UjBFeFZXUkZkMFZDQ2k5M1VVWk5RVTFDUVdZNGQwUlJXVXBMYjFwSmFIWmpUa0ZSUlV4Q1VVRkVaMmRGUWtGTlRtbGFia2N6YkhsTlkzZGFSVE5rYW05a2NHTXdOalpQY21vS2RrNXJVVVZTSzFodlRTOWpRalp2VkdnelluUTBhV3BzUkRSTGRrbFBTV3B5ZG10V0swbHVaMkY0ZW5GRlVubGhXVFJzVmxWdlRuRkNNRWxGTW1WeFJBcDFja2RxVVVOeFF6UmhNRkJQYzNsSVdVNW9NakF2UzJGSWRHWnJjbTVMTlVobGVYRk9kbE5UZUhkeFpXUlpZMFZpV0dNMmNYbGlWbGRNUW1NelMxaEhDbkYxYUROaUsxSlNRV0pZYUZkQk1ESjVRMlIyYjIxeE5FRlFjbWQyVW5abEwxWjFOMWxhZGt0VmNWUm1WMHhLUzJoSk9UZG5PRFpKY2pKdlJUUmlPV1VLTm1sSVpWTXdhelJRZG14SVVqSXJXWHBRWTNNeGFEWXpkbGhoZDBNclNuVkhjbkpoY0RsamRVSnVhekZRTVRKT2NtcElaWEZtYWtkWGRWZEpOWFpzV2dwWVpFOTBUa2NyTUROWFVsSkJWMUZhYkhCVU0yOTNZMGRKVmxrNVpFbG9ZVk51UVROTFZHbGtVek5WWWxwTmRXZFhSVE5tYlRCMFdFcHRWVDBLTFMwdExTMUZUa1FnUTBWU1ZFbEdTVU5CVkVVdExTMHRMUW89JyAtLWFwaXNlcnZlci1lbmRwb2ludCAnaHR0cHM6Ly9FRUU5NzA1OTRDMkE3N0M3Q0U4NkNCOTNFMDFBMDAwNy5ncjcudXMtZWFzdC0xLmVrcy5hbWF6b25hd3MuY29tJyAgLS1rdWJlbGV0LWV4dHJhLWFyZ3MgIi0tbm9kZS1sYWJlbHM9bm9kZS5rdWJlcm5ldGVzLmlvL2xpZmVjeWNsZT1zcG90IiAnYXBwLVpqVDVrVmNFJwoKIyBBbGxvdyB1c2VyIHN1cHBsaWVkIHVzZXJkYXRhIGNvZGUKCg==",
            "vpc_security_group_ids": null
          },
          "private": "bnVsbA==",
          "dependencies": [
            "module.app-cluster.aws_security_group.worker_group_mgmt_one",
            "module.app-cluster.data.aws_availability_zones.available",
            "module.app-cluster.module.eks.aws_cloudwatch_log_group.this",
            "module.app-cluster.module.eks.aws_eks_cluster.this",
            "module.app-cluster.module.eks.aws_iam_instance_profile.workers_launch_template",
            "module.app-cluster.module.eks.aws_iam_role.cluster",
            "module.app-cluster.module.eks.aws_iam_role.workers",
            "module.app-cluster.module.eks.aws_iam_role_policy_attachment.cluster_AmazonEKSClusterPolicy",
            "module.app-cluster.module.eks.aws_iam_role_policy_attachment.cluster_AmazonEKSServicePolicy",
            "module.app-cluster.module.eks.aws_iam_role_policy_attachment.workers_AmazonEC2ContainerRegistryReadOnly",
            "module.app-cluster.module.eks.aws_iam_role_policy_attachment.workers_AmazonEKSWorkerNodePolicy",
            "module.app-cluster.module.eks.aws_iam_role_policy_attachment.workers_AmazonEKS_CNI_Policy",
            "module.app-cluster.module.eks.aws_iam_role_policy_attachment.workers_additional_policies",
            "module.app-cluster.module.eks.aws_security_group.cluster",
            "module.app-cluster.module.eks.aws_security_group.workers",
            "module.app-cluster.module.eks.aws_security_group_rule.cluster_egress_internet",
            "module.app-cluster.module.eks.aws_security_group_rule.cluster_https_worker_ingress",
            "module.app-cluster.module.eks.aws_security_group_rule.cluster_primary_ingress_workers",
            "module.app-cluster.module.eks.aws_security_group_rule.workers_egress_internet",
            "module.app-cluster.module.eks.aws_security_group_rule.workers_ingress_cluster",
            "module.app-cluster.module.eks.aws_security_group_rule.workers_ingress_cluster_https",
            "module.app-cluster.module.eks.aws_security_group_rule.workers_ingress_cluster_kubelet",
            "module.app-cluster.module.eks.aws_security_group_rule.workers_ingress_cluster_primary",
            "module.app-cluster.module.eks.aws_security_group_rule.workers_ingress_self",
            "module.app-cluster.module.eks.data.aws_ami.eks_worker",
            "module.app-cluster.module.eks.data.aws_ami.eks_worker_windows",
            "module.app-cluster.module.eks.data.aws_iam_instance_profile.custom_worker_group_launch_template_iam_instance_profile",
            "module.app-cluster.module.eks.data.aws_iam_policy_document.cluster_assume_role_policy",
            "module.app-cluster.module.eks.data.aws_iam_policy_document.workers_assume_role_policy",
            "module.app-cluster.module.eks.data.aws_iam_role.custom_cluster_iam_role",
            "module.app-cluster.module.eks.data.aws_partition.current",
            "module.app-cluster.module.eks.data.template_file.launch_template_userdata",
            "module.app-cluster.module.vpc.aws_subnet.private",
            "module.app-cluster.module.vpc.aws_vpc.this",
            "module.app-cluster.module.vpc.aws_vpc_ipv4_cidr_block_association.this",
            "module.app-cluster.random_string.suffix"
          ],
          "create_before_destroy": true
        }
      ]
    },
    {
      "module": "module.app-cluster.module.vpc",
      "mode": "managed",
      "type": "aws_nat_gateway",
      "name": "this",
      "provider": "module.app-cluster.provider[\"registry.terraform.io/hashicorp/aws\"]",
      "instances": [
        {
          "index_key": 0,
          "schema_version": 0,
          "attributes": {
            "allocation_id": "eipalloc-09d9d7f3d51b92868",
            "id": "nat-0fd2fbae16c2706aa",
            "network_interface_id": "eni-055caa960acc16512",
            "private_ip": "10.0.4.245",
            "public_ip": "54.242.135.130",
            "subnet_id": "subnet-03ebedfcc54a858f7",
            "tags": {
              "Name": "app-vpc-us-east-1a",
              "kubernetes.io/cluster/app-ZjT5kVcE": "shared"
            }
          },
          "private": "bnVsbA==",
          "dependencies": [
            "module.app-cluster.data.aws_availability_zones.available",
            "module.app-cluster.module.vpc.aws_eip.nat",
            "module.app-cluster.module.vpc.aws_internet_gateway.this",
            "module.app-cluster.module.vpc.aws_subnet.public",
            "module.app-cluster.module.vpc.aws_vpc.this",
            "module.app-cluster.module.vpc.aws_vpc_ipv4_cidr_block_association.this",
            "module.app-cluster.random_string.suffix"
          ]
        }
      ]
    },
    {
      "module": "module.edge-cluster.module.vpc",
      "mode": "managed",
      "type": "aws_nat_gateway",
      "name": "this",
      "provider": "module.edge-cluster.provider[\"registry.terraform.io/hashicorp/aws\"]",
      "instances": [
        {
          "index_key": 0,
          "schema_version": 0,
          "attributes": {
            "allocation_id": "eipalloc-0c4771cd5f00b9814",
            "id": "nat-009dcea85c3fc7d99",
            "network_interface_id": "eni-03711e4d5bd48fc0c",
            "private_ip": "10.0.4.112",
            "public_ip": "54.90.229.96",
            "subnet_id": "subnet-0b827e5d803cad991",
            "tags": {
              "Name": "edge-vpc-us-east-1a",
              "kubernetes.io/cluster/edge-YsDZlHjL": "shared"
            }
          },
          "private": "bnVsbA==",
          "dependencies": [
            "module.edge-cluster.data.aws_availability_zones.available",
            "module.edge-cluster.module.vpc.aws_eip.nat",
            "module.edge-cluster.module.vpc.aws_internet_gateway.this",
            "module.edge-cluster.module.vpc.aws_subnet.public",
            "module.edge-cluster.module.vpc.aws_vpc.this",
            "module.edge-cluster.module.vpc.aws_vpc_ipv4_cidr_block_association.this",
            "module.edge-cluster.random_string.suffix"
          ]
        }
      ]
    },
    {
      "module": "module.app-cluster.module.vpc",
      "mode": "managed",
      "type": "aws_route",
      "name": "private_nat_gateway",
      "provider": "module.app-cluster.provider[\"registry.terraform.io/hashicorp/aws\"]",
      "instances": [
        {
          "index_key": 0,
          "schema_version": 0,
          "attributes": {
            "destination_cidr_block": "0.0.0.0/0",
            "destination_ipv6_cidr_block": "",
            "destination_prefix_list_id": "",
            "egress_only_gateway_id": "",
            "gateway_id": "",
            "id": "r-rtb-0b1fd2c33e9799ec91080289494",
            "instance_id": "",
            "instance_owner_id": "",
            "nat_gateway_id": "nat-0fd2fbae16c2706aa",
            "network_interface_id": "",
            "origin": "CreateRoute",
            "route_table_id": "rtb-0b1fd2c33e9799ec9",
            "state": "active",
            "timeouts": {
              "create": "5m",
              "delete": null
            },
            "transit_gateway_id": "",
            "vpc_peering_connection_id": ""
          },
          "private": "eyJlMmJmYjczMC1lY2FhLTExZTYtOGY4OC0zNDM2M2JjN2M0YzAiOnsiY3JlYXRlIjozMDAwMDAwMDAwMDAsImRlbGV0ZSI6MzAwMDAwMDAwMDAwfX0=",
          "dependencies": [
            "module.app-cluster.data.aws_availability_zones.available",
            "module.app-cluster.module.vpc.aws_eip.nat",
            "module.app-cluster.module.vpc.aws_internet_gateway.this",
            "module.app-cluster.module.vpc.aws_nat_gateway.this",
            "module.app-cluster.module.vpc.aws_route_table.private",
            "module.app-cluster.module.vpc.aws_subnet.public",
            "module.app-cluster.module.vpc.aws_vpc.this",
            "module.app-cluster.module.vpc.aws_vpc_ipv4_cidr_block_association.this",
            "module.app-cluster.random_string.suffix"
          ]
        }
      ]
    },
    {
      "module": "module.edge-cluster.module.vpc",
      "mode": "managed",
      "type": "aws_route",
      "name": "private_nat_gateway",
      "provider": "module.edge-cluster.provider[\"registry.terraform.io/hashicorp/aws\"]",
      "instances": [
        {
          "index_key": 0,
          "schema_version": 0,
          "attributes": {
            "destination_cidr_block": "0.0.0.0/0",
            "destination_ipv6_cidr_block": "",
            "destination_prefix_list_id": "",
            "egress_only_gateway_id": "",
            "gateway_id": "",
            "id": "r-rtb-0b8b4efe8c95ef0ef1080289494",
            "instance_id": "",
            "instance_owner_id": "",
            "nat_gateway_id": "nat-009dcea85c3fc7d99",
            "network_interface_id": "",
            "origin": "CreateRoute",
            "route_table_id": "rtb-0b8b4efe8c95ef0ef",
            "state": "active",
            "timeouts": {
              "create": "5m",
              "delete": null
            },
            "transit_gateway_id": "",
            "vpc_peering_connection_id": ""
          },
          "private": "eyJlMmJmYjczMC1lY2FhLTExZTYtOGY4OC0zNDM2M2JjN2M0YzAiOnsiY3JlYXRlIjozMDAwMDAwMDAwMDAsImRlbGV0ZSI6MzAwMDAwMDAwMDAwfX0=",
          "dependencies": [
            "module.edge-cluster.data.aws_availability_zones.available",
            "module.edge-cluster.module.vpc.aws_eip.nat",
            "module.edge-cluster.module.vpc.aws_internet_gateway.this",
            "module.edge-cluster.module.vpc.aws_nat_gateway.this",
            "module.edge-cluster.module.vpc.aws_route_table.private",
            "module.edge-cluster.module.vpc.aws_subnet.public",
            "module.edge-cluster.module.vpc.aws_vpc.this",
            "module.edge-cluster.module.vpc.aws_vpc_ipv4_cidr_block_association.this",
            "module.edge-cluster.random_string.suffix"
          ]
        }
      ]
    },
    {
      "module": "module.app-cluster.module.vpc",
      "mode": "managed",
      "type": "aws_route",
      "name": "public_internet_gateway",
      "provider": "module.app-cluster.provider[\"registry.terraform.io/hashicorp/aws\"]",
      "instances": [
        {
          "index_key": 0,
          "schema_version": 0,
          "attributes": {
            "destination_cidr_block": "0.0.0.0/0",
            "destination_ipv6_cidr_block": "",
            "destination_prefix_list_id": "",
            "egress_only_gateway_id": "",
            "gateway_id": "igw-06b5d3fa6543ec473",
            "id": "r-rtb-017c9893ff6a1b7681080289494",
            "instance_id": "",
            "instance_owner_id": "",
            "nat_gateway_id": "",
            "network_interface_id": "",
            "origin": "CreateRoute",
            "route_table_id": "rtb-017c9893ff6a1b768",
            "state": "active",
            "timeouts": {
              "create": "5m",
              "delete": null
            },
            "transit_gateway_id": "",
            "vpc_peering_connection_id": ""
          },
          "private": "eyJlMmJmYjczMC1lY2FhLTExZTYtOGY4OC0zNDM2M2JjN2M0YzAiOnsiY3JlYXRlIjozMDAwMDAwMDAwMDAsImRlbGV0ZSI6MzAwMDAwMDAwMDAwfX0=",
          "dependencies": [
            "module.app-cluster.module.vpc.aws_internet_gateway.this",
            "module.app-cluster.module.vpc.aws_route_table.public",
            "module.app-cluster.module.vpc.aws_vpc.this",
            "module.app-cluster.module.vpc.aws_vpc_ipv4_cidr_block_association.this",
            "module.app-cluster.random_string.suffix"
          ]
        }
      ]
    },
    {
      "module": "module.edge-cluster.module.vpc",
      "mode": "managed",
      "type": "aws_route",
      "name": "public_internet_gateway",
      "provider": "module.edge-cluster.provider[\"registry.terraform.io/hashicorp/aws\"]",
      "instances": [
        {
          "index_key": 0,
          "schema_version": 0,
          "attributes": {
            "destination_cidr_block": "0.0.0.0/0",
            "destination_ipv6_cidr_block": "",
            "destination_prefix_list_id": "",
            "egress_only_gateway_id": "",
            "gateway_id": "igw-097d478a3f75ef315",
            "id": "r-rtb-0ba4ae8f2a9aa96361080289494",
            "instance_id": "",
            "instance_owner_id": "",
            "nat_gateway_id": "",
            "network_interface_id": "",
            "origin": "CreateRoute",
            "route_table_id": "rtb-0ba4ae8f2a9aa9636",
            "state": "active",
            "timeouts": {
              "create": "5m",
              "delete": null
            },
            "transit_gateway_id": "",
            "vpc_peering_connection_id": ""
          },
          "private": "eyJlMmJmYjczMC1lY2FhLTExZTYtOGY4OC0zNDM2M2JjN2M0YzAiOnsiY3JlYXRlIjozMDAwMDAwMDAwMDAsImRlbGV0ZSI6MzAwMDAwMDAwMDAwfX0=",
          "dependencies": [
            "module.edge-cluster.module.vpc.aws_internet_gateway.this",
            "module.edge-cluster.module.vpc.aws_route_table.public",
            "module.edge-cluster.module.vpc.aws_vpc.this",
            "module.edge-cluster.module.vpc.aws_vpc_ipv4_cidr_block_association.this",
            "module.edge-cluster.random_string.suffix"
          ]
        }
      ]
    },
    {
      "module": "module.app-cluster.module.vpc",
      "mode": "managed",
      "type": "aws_route_table",
      "name": "private",
      "provider": "module.app-cluster.provider[\"registry.terraform.io/hashicorp/aws\"]",
      "instances": [
        {
          "index_key": 0,
          "schema_version": 0,
          "attributes": {
            "id": "rtb-0b1fd2c33e9799ec9",
            "owner_id": "721411679615",
            "propagating_vgws": [],
            "route": [],
            "tags": {
              "Name": "app-vpc-private",
              "kubernetes.io/cluster/app-ZjT5kVcE": "shared"
            },
            "vpc_id": "vpc-0b82986d835dbad06"
          },
          "private": "bnVsbA==",
          "dependencies": [
            "module.app-cluster.data.aws_availability_zones.available",
            "module.app-cluster.module.vpc.aws_vpc.this",
            "module.app-cluster.module.vpc.aws_vpc_ipv4_cidr_block_association.this",
            "module.app-cluster.random_string.suffix"
          ]
        }
      ]
    },
    {
      "module": "module.edge-cluster.module.vpc",
      "mode": "managed",
      "type": "aws_route_table",
      "name": "private",
      "provider": "module.edge-cluster.provider[\"registry.terraform.io/hashicorp/aws\"]",
      "instances": [
        {
          "index_key": 0,
          "schema_version": 0,
          "attributes": {
            "id": "rtb-0b8b4efe8c95ef0ef",
            "owner_id": "721411679615",
            "propagating_vgws": [],
            "route": [],
            "tags": {
              "Name": "edge-vpc-private",
              "kubernetes.io/cluster/edge-YsDZlHjL": "shared"
            },
            "vpc_id": "vpc-04cbd7df472fcb330"
          },
          "private": "bnVsbA==",
          "dependencies": [
            "module.edge-cluster.data.aws_availability_zones.available",
            "module.edge-cluster.module.vpc.aws_vpc.this",
            "module.edge-cluster.module.vpc.aws_vpc_ipv4_cidr_block_association.this",
            "module.edge-cluster.random_string.suffix"
          ]
        }
      ]
    },
    {
      "module": "module.app-cluster.module.vpc",
      "mode": "managed",
      "type": "aws_route_table",
      "name": "public",
      "provider": "module.app-cluster.provider[\"registry.terraform.io/hashicorp/aws\"]",
      "instances": [
        {
          "index_key": 0,
          "schema_version": 0,
          "attributes": {
            "id": "rtb-017c9893ff6a1b768",
            "owner_id": "721411679615",
            "propagating_vgws": [],
            "route": [],
            "tags": {
              "Name": "app-vpc-public",
              "kubernetes.io/cluster/app-ZjT5kVcE": "shared"
            },
            "vpc_id": "vpc-0b82986d835dbad06"
          },
          "private": "bnVsbA==",
          "dependencies": [
            "module.app-cluster.module.vpc.aws_vpc.this",
            "module.app-cluster.module.vpc.aws_vpc_ipv4_cidr_block_association.this",
            "module.app-cluster.random_string.suffix"
          ]
        }
      ]
    },
    {
      "module": "module.edge-cluster.module.vpc",
      "mode": "managed",
      "type": "aws_route_table",
      "name": "public",
      "provider": "module.edge-cluster.provider[\"registry.terraform.io/hashicorp/aws\"]",
      "instances": [
        {
          "index_key": 0,
          "schema_version": 0,
          "attributes": {
            "id": "rtb-0ba4ae8f2a9aa9636",
            "owner_id": "721411679615",
            "propagating_vgws": [],
            "route": [],
            "tags": {
              "Name": "edge-vpc-public",
              "kubernetes.io/cluster/edge-YsDZlHjL": "shared"
            },
            "vpc_id": "vpc-04cbd7df472fcb330"
          },
          "private": "bnVsbA==",
          "dependencies": [
            "module.edge-cluster.module.vpc.aws_vpc.this",
            "module.edge-cluster.module.vpc.aws_vpc_ipv4_cidr_block_association.this",
            "module.edge-cluster.random_string.suffix"
          ]
        }
      ]
    },
    {
      "module": "module.app-cluster.module.vpc",
      "mode": "managed",
      "type": "aws_route_table_association",
      "name": "private",
      "provider": "module.app-cluster.provider[\"registry.terraform.io/hashicorp/aws\"]",
      "instances": [
        {
          "index_key": 0,
          "schema_version": 0,
          "attributes": {
            "gateway_id": null,
            "id": "rtbassoc-0c17bc50b203056b4",
            "route_table_id": "rtb-0b1fd2c33e9799ec9",
            "subnet_id": "subnet-0ffcb214fb93deece"
          },
          "private": "bnVsbA==",
          "dependencies": [
            "module.app-cluster.data.aws_availability_zones.available",
            "module.app-cluster.module.vpc.aws_route_table.private",
            "module.app-cluster.module.vpc.aws_subnet.private",
            "module.app-cluster.module.vpc.aws_vpc.this",
            "module.app-cluster.module.vpc.aws_vpc_ipv4_cidr_block_association.this",
            "module.app-cluster.random_string.suffix"
          ]
        },
        {
          "index_key": 1,
          "schema_version": 0,
          "attributes": {
            "gateway_id": null,
            "id": "rtbassoc-0c31d78f36c99570b",
            "route_table_id": "rtb-0b1fd2c33e9799ec9",
            "subnet_id": "subnet-0eb694b7131fa1aca"
          },
          "private": "bnVsbA==",
          "dependencies": [
            "module.app-cluster.data.aws_availability_zones.available",
            "module.app-cluster.module.vpc.aws_route_table.private",
            "module.app-cluster.module.vpc.aws_subnet.private",
            "module.app-cluster.module.vpc.aws_vpc.this",
            "module.app-cluster.module.vpc.aws_vpc_ipv4_cidr_block_association.this",
            "module.app-cluster.random_string.suffix"
          ]
        },
        {
          "index_key": 2,
          "schema_version": 0,
          "attributes": {
            "gateway_id": null,
            "id": "rtbassoc-06570cfbd975cfaaa",
            "route_table_id": "rtb-0b1fd2c33e9799ec9",
            "subnet_id": "subnet-0f9ed0859ffe8ff19"
          },
          "private": "bnVsbA==",
          "dependencies": [
            "module.app-cluster.data.aws_availability_zones.available",
            "module.app-cluster.module.vpc.aws_route_table.private",
            "module.app-cluster.module.vpc.aws_subnet.private",
            "module.app-cluster.module.vpc.aws_vpc.this",
            "module.app-cluster.module.vpc.aws_vpc_ipv4_cidr_block_association.this",
            "module.app-cluster.random_string.suffix"
          ]
        }
      ]
    },
    {
      "module": "module.edge-cluster.module.vpc",
      "mode": "managed",
      "type": "aws_route_table_association",
      "name": "private",
      "provider": "module.edge-cluster.provider[\"registry.terraform.io/hashicorp/aws\"]",
      "instances": [
        {
          "index_key": 0,
          "schema_version": 0,
          "attributes": {
            "gateway_id": null,
            "id": "rtbassoc-002b2f04a7e8397ae",
            "route_table_id": "rtb-0b8b4efe8c95ef0ef",
            "subnet_id": "subnet-0f621a9d7d4d66c2e"
          },
          "private": "bnVsbA==",
          "dependencies": [
            "module.edge-cluster.data.aws_availability_zones.available",
            "module.edge-cluster.module.vpc.aws_route_table.private",
            "module.edge-cluster.module.vpc.aws_subnet.private",
            "module.edge-cluster.module.vpc.aws_vpc.this",
            "module.edge-cluster.module.vpc.aws_vpc_ipv4_cidr_block_association.this",
            "module.edge-cluster.random_string.suffix"
          ]
        },
        {
          "index_key": 1,
          "schema_version": 0,
          "attributes": {
            "gateway_id": null,
            "id": "rtbassoc-0fb0f7042dab20100",
            "route_table_id": "rtb-0b8b4efe8c95ef0ef",
            "subnet_id": "subnet-0188585efa7b3d3d8"
          },
          "private": "bnVsbA==",
          "dependencies": [
            "module.edge-cluster.data.aws_availability_zones.available",
            "module.edge-cluster.module.vpc.aws_route_table.private",
            "module.edge-cluster.module.vpc.aws_subnet.private",
            "module.edge-cluster.module.vpc.aws_vpc.this",
            "module.edge-cluster.module.vpc.aws_vpc_ipv4_cidr_block_association.this",
            "module.edge-cluster.random_string.suffix"
          ]
        },
        {
          "index_key": 2,
          "schema_version": 0,
          "attributes": {
            "gateway_id": null,
            "id": "rtbassoc-02210c290eaddc9ad",
            "route_table_id": "rtb-0b8b4efe8c95ef0ef",
            "subnet_id": "subnet-0e64c2acb28e3eef5"
          },
          "private": "bnVsbA==",
          "dependencies": [
            "module.edge-cluster.data.aws_availability_zones.available",
            "module.edge-cluster.module.vpc.aws_route_table.private",
            "module.edge-cluster.module.vpc.aws_subnet.private",
            "module.edge-cluster.module.vpc.aws_vpc.this",
            "module.edge-cluster.module.vpc.aws_vpc_ipv4_cidr_block_association.this",
            "module.edge-cluster.random_string.suffix"
          ]
        }
      ]
    },
    {
      "module": "module.app-cluster.module.vpc",
      "mode": "managed",
      "type": "aws_route_table_association",
      "name": "public",
      "provider": "module.app-cluster.provider[\"registry.terraform.io/hashicorp/aws\"]",
      "instances": [
        {
          "index_key": 0,
          "schema_version": 0,
          "attributes": {
            "gateway_id": null,
            "id": "rtbassoc-06e637d1bf56322c4",
            "route_table_id": "rtb-017c9893ff6a1b768",
            "subnet_id": "subnet-03ebedfcc54a858f7"
          },
          "private": "bnVsbA==",
          "dependencies": [
            "module.app-cluster.data.aws_availability_zones.available",
            "module.app-cluster.module.vpc.aws_route_table.public",
            "module.app-cluster.module.vpc.aws_subnet.public",
            "module.app-cluster.module.vpc.aws_vpc.this",
            "module.app-cluster.module.vpc.aws_vpc_ipv4_cidr_block_association.this",
            "module.app-cluster.random_string.suffix"
          ]
        },
        {
          "index_key": 1,
          "schema_version": 0,
          "attributes": {
            "gateway_id": null,
            "id": "rtbassoc-01c95fa2e5f8f786c",
            "route_table_id": "rtb-017c9893ff6a1b768",
            "subnet_id": "subnet-07e05c515ca5fba03"
          },
          "private": "bnVsbA==",
          "dependencies": [
            "module.app-cluster.data.aws_availability_zones.available",
            "module.app-cluster.module.vpc.aws_route_table.public",
            "module.app-cluster.module.vpc.aws_subnet.public",
            "module.app-cluster.module.vpc.aws_vpc.this",
            "module.app-cluster.module.vpc.aws_vpc_ipv4_cidr_block_association.this",
            "module.app-cluster.random_string.suffix"
          ]
        },
        {
          "index_key": 2,
          "schema_version": 0,
          "attributes": {
            "gateway_id": null,
            "id": "rtbassoc-01cf065535c2f9102",
            "route_table_id": "rtb-017c9893ff6a1b768",
            "subnet_id": "subnet-00124ac83267abc98"
          },
          "private": "bnVsbA==",
          "dependencies": [
            "module.app-cluster.data.aws_availability_zones.available",
            "module.app-cluster.module.vpc.aws_route_table.public",
            "module.app-cluster.module.vpc.aws_subnet.public",
            "module.app-cluster.module.vpc.aws_vpc.this",
            "module.app-cluster.module.vpc.aws_vpc_ipv4_cidr_block_association.this",
            "module.app-cluster.random_string.suffix"
          ]
        }
      ]
    },
    {
      "module": "module.edge-cluster.module.vpc",
      "mode": "managed",
      "type": "aws_route_table_association",
      "name": "public",
      "provider": "module.edge-cluster.provider[\"registry.terraform.io/hashicorp/aws\"]",
      "instances": [
        {
          "index_key": 0,
          "schema_version": 0,
          "attributes": {
            "gateway_id": null,
            "id": "rtbassoc-04caf075b12907e92",
            "route_table_id": "rtb-0ba4ae8f2a9aa9636",
            "subnet_id": "subnet-0b827e5d803cad991"
          },
          "private": "bnVsbA==",
          "dependencies": [
            "module.edge-cluster.data.aws_availability_zones.available",
            "module.edge-cluster.module.vpc.aws_route_table.public",
            "module.edge-cluster.module.vpc.aws_subnet.public",
            "module.edge-cluster.module.vpc.aws_vpc.this",
            "module.edge-cluster.module.vpc.aws_vpc_ipv4_cidr_block_association.this",
            "module.edge-cluster.random_string.suffix"
          ]
        },
        {
          "index_key": 1,
          "schema_version": 0,
          "attributes": {
            "gateway_id": null,
            "id": "rtbassoc-0decc95fdb7a56f86",
            "route_table_id": "rtb-0ba4ae8f2a9aa9636",
            "subnet_id": "subnet-03b8d47cac0f75848"
          },
          "private": "bnVsbA==",
          "dependencies": [
            "module.edge-cluster.data.aws_availability_zones.available",
            "module.edge-cluster.module.vpc.aws_route_table.public",
            "module.edge-cluster.module.vpc.aws_subnet.public",
            "module.edge-cluster.module.vpc.aws_vpc.this",
            "module.edge-cluster.module.vpc.aws_vpc_ipv4_cidr_block_association.this",
            "module.edge-cluster.random_string.suffix"
          ]
        },
        {
          "index_key": 2,
          "schema_version": 0,
          "attributes": {
            "gateway_id": null,
            "id": "rtbassoc-05075c4c7763b40b3",
            "route_table_id": "rtb-0ba4ae8f2a9aa9636",
            "subnet_id": "subnet-0c87e3f027b2064e5"
          },
          "private": "bnVsbA==",
          "dependencies": [
            "module.edge-cluster.data.aws_availability_zones.available",
            "module.edge-cluster.module.vpc.aws_route_table.public",
            "module.edge-cluster.module.vpc.aws_subnet.public",
            "module.edge-cluster.module.vpc.aws_vpc.this",
            "module.edge-cluster.module.vpc.aws_vpc_ipv4_cidr_block_association.this",
            "module.edge-cluster.random_string.suffix"
          ]
        }
      ]
    },
    {
      "module": "module.edge-cluster",
      "mode": "managed",
      "type": "aws_security_group",
      "name": "all_worker_mgmt",
      "provider": "module.edge-cluster.provider[\"registry.terraform.io/hashicorp/aws\"]",
      "instances": [
        {
          "schema_version": 1,
          "attributes": {
            "arn": "arn:aws:ec2:us-east-1:721411679615:security-group/sg-09f47c1c90c5ae210",
            "description": "Managed by Terraform",
            "egress": [],
            "id": "sg-09f47c1c90c5ae210",
            "ingress": [
              {
                "cidr_blocks": [
                  "10.0.0.0/8",
                  "172.16.0.0/12",
                  "192.168.0.0/16"
                ],
                "description": "",
                "from_port": 22,
                "ipv6_cidr_blocks": [],
                "prefix_list_ids": [],
                "protocol": "tcp",
                "security_groups": [],
                "self": false,
                "to_port": 22
              }
            ],
            "name": "all_worker_management20200815223922134000000006",
            "name_prefix": "all_worker_management",
            "owner_id": "721411679615",
            "revoke_rules_on_delete": false,
            "tags": null,
            "timeouts": null,
            "vpc_id": "vpc-04cbd7df472fcb330"
          },
          "private": "eyJlMmJmYjczMC1lY2FhLTExZTYtOGY4OC0zNDM2M2JjN2M0YzAiOnsiY3JlYXRlIjo2MDAwMDAwMDAwMDAsImRlbGV0ZSI6NjAwMDAwMDAwMDAwfSwic2NoZW1hX3ZlcnNpb24iOiIxIn0=",
          "dependencies": [
            "module.edge-cluster.module.vpc.aws_vpc.this",
            "module.edge-cluster.random_string.suffix"
          ]
        }
      ]
    },
    {
      "module": "module.app-cluster",
      "mode": "managed",
      "type": "aws_security_group",
      "name": "all_worker_mgmt",
      "provider": "module.app-cluster.provider[\"registry.terraform.io/hashicorp/aws\"]",
      "instances": [
        {
          "schema_version": 1,
          "attributes": {
            "arn": "arn:aws:ec2:us-east-1:721411679615:security-group/sg-071859b95b6bfaab4",
            "description": "Managed by Terraform",
            "egress": [],
            "id": "sg-071859b95b6bfaab4",
            "ingress": [
              {
                "cidr_blocks": [
                  "10.0.0.0/8",
                  "172.16.0.0/12",
                  "192.168.0.0/16"
                ],
                "description": "",
                "from_port": 22,
                "ipv6_cidr_blocks": [],
                "prefix_list_ids": [],
                "protocol": "tcp",
                "security_groups": [],
                "self": false,
                "to_port": 22
              }
            ],
            "name": "all_worker_management20200815223917651900000007",
            "name_prefix": "all_worker_management",
            "owner_id": "721411679615",
            "revoke_rules_on_delete": false,
            "tags": null,
            "timeouts": null,
            "vpc_id": "vpc-0b82986d835dbad06"
          },
          "private": "eyJlMmJmYjczMC1lY2FhLTExZTYtOGY4OC0zNDM2M2JjN2M0YzAiOnsiY3JlYXRlIjo2MDAwMDAwMDAwMDAsImRlbGV0ZSI6NjAwMDAwMDAwMDAwfSwic2NoZW1hX3ZlcnNpb24iOiIxIn0=",
          "dependencies": [
            "module.app-cluster.module.vpc.aws_vpc.this",
            "module.app-cluster.random_string.suffix"
          ]
        }
      ]
    },
    {
      "module": "module.edge-cluster.module.eks",
      "mode": "managed",
      "type": "aws_security_group",
      "name": "cluster",
      "provider": "module.edge-cluster.provider[\"registry.terraform.io/hashicorp/aws\"]",
      "instances": [
        {
          "index_key": 0,
          "schema_version": 1,
          "attributes": {
            "arn": "arn:aws:ec2:us-east-1:721411679615:security-group/sg-075276a91562ce2c6",
            "description": "EKS cluster security group.",
            "egress": [],
            "id": "sg-075276a91562ce2c6",
            "ingress": [],
            "name": "edge-YsDZlHjL20200815223931937500000008",
            "name_prefix": "edge-YsDZlHjL",
            "owner_id": "721411679615",
            "revoke_rules_on_delete": false,
            "tags": {
              "Environment": "training",
              "GithubOrg": "terraform-aws-modules",
              "GithubRepo": "terraform-aws-eks",
              "Name": "edge-YsDZlHjL-eks_cluster_sg"
            },
            "timeouts": null,
            "vpc_id": "vpc-04cbd7df472fcb330"
          },
          "private": "eyJlMmJmYjczMC1lY2FhLTExZTYtOGY4OC0zNDM2M2JjN2M0YzAiOnsiY3JlYXRlIjo2MDAwMDAwMDAwMDAsImRlbGV0ZSI6NjAwMDAwMDAwMDAwfSwic2NoZW1hX3ZlcnNpb24iOiIxIn0=",
          "dependencies": [
            "module.edge-cluster.module.vpc.aws_vpc.this",
            "module.edge-cluster.random_string.suffix"
          ],
          "create_before_destroy": true
        }
      ]
    },
    {
      "module": "module.app-cluster.module.eks",
      "mode": "managed",
      "type": "aws_security_group",
      "name": "cluster",
      "provider": "module.app-cluster.provider[\"registry.terraform.io/hashicorp/aws\"]",
      "instances": [
        {
          "index_key": 0,
          "schema_version": 1,
          "attributes": {
            "arn": "arn:aws:ec2:us-east-1:721411679615:security-group/sg-0c02b0f06fddb32f1",
            "description": "EKS cluster security group.",
            "egress": [],
            "id": "sg-0c02b0f06fddb32f1",
            "ingress": [],
            "name": "app-ZjT5kVcE20200815223921248400000008",
            "name_prefix": "app-ZjT5kVcE",
            "owner_id": "721411679615",
            "revoke_rules_on_delete": false,
            "tags": {
              "Environment": "training",
              "GithubOrg": "terraform-aws-modules",
              "GithubRepo": "terraform-aws-eks",
              "Name": "app-ZjT5kVcE-eks_cluster_sg"
            },
            "timeouts": null,
            "vpc_id": "vpc-0b82986d835dbad06"
          },
          "private": "eyJlMmJmYjczMC1lY2FhLTExZTYtOGY4OC0zNDM2M2JjN2M0YzAiOnsiY3JlYXRlIjo2MDAwMDAwMDAwMDAsImRlbGV0ZSI6NjAwMDAwMDAwMDAwfSwic2NoZW1hX3ZlcnNpb24iOiIxIn0=",
          "dependencies": [
            "module.app-cluster.module.vpc.aws_vpc.this",
            "module.app-cluster.random_string.suffix"
          ],
          "create_before_destroy": true
        }
      ]
    },
    {
      "module": "module.edge-cluster",
      "mode": "managed",
      "type": "aws_security_group",
      "name": "worker_group_mgmt_one",
      "provider": "module.edge-cluster.provider[\"registry.terraform.io/hashicorp/aws\"]",
      "instances": [
        {
          "schema_version": 1,
          "attributes": {
            "arn": "arn:aws:ec2:us-east-1:721411679615:security-group/sg-04bc83ea21f8c1857",
            "description": "Managed by Terraform",
            "egress": [],
            "id": "sg-04bc83ea21f8c1857",
            "ingress": [
              {
                "cidr_blocks": [
                  "10.0.0.0/8"
                ],
                "description": "",
                "from_port": 22,
                "ipv6_cidr_blocks": [],
                "prefix_list_ids": [],
                "protocol": "tcp",
                "security_groups": [],
                "self": false,
                "to_port": 22
              }
            ],
            "name": "worker_group_mgmt_one20200815223921848000000005",
            "name_prefix": "worker_group_mgmt_one",
            "owner_id": "721411679615",
            "revoke_rules_on_delete": false,
            "tags": null,
            "timeouts": null,
            "vpc_id": "vpc-04cbd7df472fcb330"
          },
          "private": "eyJlMmJmYjczMC1lY2FhLTExZTYtOGY4OC0zNDM2M2JjN2M0YzAiOnsiY3JlYXRlIjo2MDAwMDAwMDAwMDAsImRlbGV0ZSI6NjAwMDAwMDAwMDAwfSwic2NoZW1hX3ZlcnNpb24iOiIxIn0=",
          "dependencies": [
            "module.edge-cluster.module.vpc.aws_vpc.this",
            "module.edge-cluster.random_string.suffix"
          ],
          "create_before_destroy": true
        }
      ]
    },
    {
      "module": "module.app-cluster",
      "mode": "managed",
      "type": "aws_security_group",
      "name": "worker_group_mgmt_one",
      "provider": "module.app-cluster.provider[\"registry.terraform.io/hashicorp/aws\"]",
      "instances": [
        {
          "schema_version": 1,
          "attributes": {
            "arn": "arn:aws:ec2:us-east-1:721411679615:security-group/sg-0ce51a845b863a5a6",
            "description": "Managed by Terraform",
            "egress": [],
            "id": "sg-0ce51a845b863a5a6",
            "ingress": [
              {
                "cidr_blocks": [
                  "10.0.0.0/8"
                ],
                "description": "",
                "from_port": 22,
                "ipv6_cidr_blocks": [],
                "prefix_list_ids": [],
                "protocol": "tcp",
                "security_groups": [],
                "self": false,
                "to_port": 22
              }
            ],
            "name": "worker_group_mgmt_one20200815223917650200000005",
            "name_prefix": "worker_group_mgmt_one",
            "owner_id": "721411679615",
            "revoke_rules_on_delete": false,
            "tags": null,
            "timeouts": null,
            "vpc_id": "vpc-0b82986d835dbad06"
          },
          "private": "eyJlMmJmYjczMC1lY2FhLTExZTYtOGY4OC0zNDM2M2JjN2M0YzAiOnsiY3JlYXRlIjo2MDAwMDAwMDAwMDAsImRlbGV0ZSI6NjAwMDAwMDAwMDAwfSwic2NoZW1hX3ZlcnNpb24iOiIxIn0=",
          "dependencies": [
            "module.app-cluster.module.vpc.aws_vpc.this",
            "module.app-cluster.random_string.suffix"
          ],
          "create_before_destroy": true
        }
      ]
    },
    {
      "module": "module.edge-cluster",
      "mode": "managed",
      "type": "aws_security_group",
      "name": "worker_group_mgmt_two",
      "provider": "module.edge-cluster.provider[\"registry.terraform.io/hashicorp/aws\"]",
      "instances": [
        {
          "schema_version": 1,
          "attributes": {
            "arn": "arn:aws:ec2:us-east-1:721411679615:security-group/sg-0e4c580e0086dbe92",
            "description": "Managed by Terraform",
            "egress": [],
            "id": "sg-0e4c580e0086dbe92",
            "ingress": [
              {
                "cidr_blocks": [
                  "192.168.0.0/16"
                ],
                "description": "",
                "from_port": 22,
                "ipv6_cidr_blocks": [],
                "prefix_list_ids": [],
                "protocol": "tcp",
                "security_groups": [],
                "self": false,
                "to_port": 22
              }
            ],
            "name": "worker_group_mgmt_two20200815223922385400000007",
            "name_prefix": "worker_group_mgmt_two",
            "owner_id": "721411679615",
            "revoke_rules_on_delete": false,
            "tags": null,
            "timeouts": null,
            "vpc_id": "vpc-04cbd7df472fcb330"
          },
          "private": "eyJlMmJmYjczMC1lY2FhLTExZTYtOGY4OC0zNDM2M2JjN2M0YzAiOnsiY3JlYXRlIjo2MDAwMDAwMDAwMDAsImRlbGV0ZSI6NjAwMDAwMDAwMDAwfSwic2NoZW1hX3ZlcnNpb24iOiIxIn0=",
          "dependencies": [
            "module.edge-cluster.module.vpc.aws_vpc.this",
            "module.edge-cluster.random_string.suffix"
          ]
        }
      ]
    },
    {
      "module": "module.app-cluster",
      "mode": "managed",
      "type": "aws_security_group",
      "name": "worker_group_mgmt_two",
      "provider": "module.app-cluster.provider[\"registry.terraform.io/hashicorp/aws\"]",
      "instances": [
        {
          "schema_version": 1,
          "attributes": {
            "arn": "arn:aws:ec2:us-east-1:721411679615:security-group/sg-0271c8157d3046d2a",
            "description": "Managed by Terraform",
            "egress": [],
            "id": "sg-0271c8157d3046d2a",
            "ingress": [
              {
                "cidr_blocks": [
                  "192.168.0.0/16"
                ],
                "description": "",
                "from_port": 22,
                "ipv6_cidr_blocks": [],
                "prefix_list_ids": [],
                "protocol": "tcp",
                "security_groups": [],
                "self": false,
                "to_port": 22
              }
            ],
            "name": "worker_group_mgmt_two20200815223917650200000006",
            "name_prefix": "worker_group_mgmt_two",
            "owner_id": "721411679615",
            "revoke_rules_on_delete": false,
            "tags": null,
            "timeouts": null,
            "vpc_id": "vpc-0b82986d835dbad06"
          },
          "private": "eyJlMmJmYjczMC1lY2FhLTExZTYtOGY4OC0zNDM2M2JjN2M0YzAiOnsiY3JlYXRlIjo2MDAwMDAwMDAwMDAsImRlbGV0ZSI6NjAwMDAwMDAwMDAwfSwic2NoZW1hX3ZlcnNpb24iOiIxIn0=",
          "dependencies": [
            "module.app-cluster.module.vpc.aws_vpc.this",
            "module.app-cluster.random_string.suffix"
          ]
        }
      ]
    },
    {
      "module": "module.edge-cluster.module.eks",
      "mode": "managed",
      "type": "aws_security_group",
      "name": "workers",
      "provider": "module.edge-cluster.provider[\"registry.terraform.io/hashicorp/aws\"]",
      "instances": [
        {
          "index_key": 0,
          "schema_version": 1,
          "attributes": {
            "arn": "arn:aws:ec2:us-east-1:721411679615:security-group/sg-017e8b192aff737c7",
            "description": "Security group for all nodes in the cluster.",
            "egress": [],
            "id": "sg-017e8b192aff737c7",
            "ingress": [],
            "name": "edge-YsDZlHjL20200815223932186600000009",
            "name_prefix": "edge-YsDZlHjL",
            "owner_id": "721411679615",
            "revoke_rules_on_delete": false,
            "tags": {
              "Environment": "training",
              "GithubOrg": "terraform-aws-modules",
              "GithubRepo": "terraform-aws-eks",
              "Name": "edge-YsDZlHjL-eks_worker_sg",
              "kubernetes.io/cluster/edge-YsDZlHjL": "owned"
            },
            "timeouts": null,
            "vpc_id": "vpc-04cbd7df472fcb330"
          },
          "private": "eyJlMmJmYjczMC1lY2FhLTExZTYtOGY4OC0zNDM2M2JjN2M0YzAiOnsiY3JlYXRlIjo2MDAwMDAwMDAwMDAsImRlbGV0ZSI6NjAwMDAwMDAwMDAwfSwic2NoZW1hX3ZlcnNpb24iOiIxIn0=",
          "dependencies": [
            "module.edge-cluster.module.vpc.aws_vpc.this",
            "module.edge-cluster.random_string.suffix"
          ],
          "create_before_destroy": true
        }
      ]
    },
    {
      "module": "module.app-cluster.module.eks",
      "mode": "managed",
      "type": "aws_security_group",
      "name": "workers",
      "provider": "module.app-cluster.provider[\"registry.terraform.io/hashicorp/aws\"]",
      "instances": [
        {
          "index_key": 0,
          "schema_version": 1,
          "attributes": {
            "arn": "arn:aws:ec2:us-east-1:721411679615:security-group/sg-05c0e96377c84f606",
            "description": "Security group for all nodes in the cluster.",
            "egress": [],
            "id": "sg-05c0e96377c84f606",
            "ingress": [],
            "name": "app-ZjT5kVcE20200815223921249800000009",
            "name_prefix": "app-ZjT5kVcE",
            "owner_id": "721411679615",
            "revoke_rules_on_delete": false,
            "tags": {
              "Environment": "training",
              "GithubOrg": "terraform-aws-modules",
              "GithubRepo": "terraform-aws-eks",
              "Name": "app-ZjT5kVcE-eks_worker_sg",
              "kubernetes.io/cluster/app-ZjT5kVcE": "owned"
            },
            "timeouts": null,
            "vpc_id": "vpc-0b82986d835dbad06"
          },
          "private": "eyJlMmJmYjczMC1lY2FhLTExZTYtOGY4OC0zNDM2M2JjN2M0YzAiOnsiY3JlYXRlIjo2MDAwMDAwMDAwMDAsImRlbGV0ZSI6NjAwMDAwMDAwMDAwfSwic2NoZW1hX3ZlcnNpb24iOiIxIn0=",
          "dependencies": [
            "module.app-cluster.module.vpc.aws_vpc.this",
            "module.app-cluster.random_string.suffix"
          ],
          "create_before_destroy": true
        }
      ]
    },
    {
      "module": "module.edge-cluster.module.eks",
      "mode": "managed",
      "type": "aws_security_group_rule",
      "name": "cluster_egress_internet",
      "provider": "module.edge-cluster.provider[\"registry.terraform.io/hashicorp/aws\"]",
      "instances": [
        {
          "index_key": 0,
          "schema_version": 2,
          "attributes": {
            "cidr_blocks": [
              "0.0.0.0/0"
            ],
            "description": "Allow cluster egress access to the Internet.",
            "from_port": 0,
            "id": "sgrule-815731746",
            "ipv6_cidr_blocks": null,
            "prefix_list_ids": null,
            "protocol": "-1",
            "security_group_id": "sg-075276a91562ce2c6",
            "self": false,
            "source_security_group_id": null,
            "to_port": 0,
            "type": "egress"
          },
          "private": "eyJzY2hlbWFfdmVyc2lvbiI6IjIifQ==",
          "dependencies": [
            "module.edge-cluster.module.eks.aws_security_group.cluster",
            "module.edge-cluster.module.vpc.aws_vpc.this",
            "module.edge-cluster.random_string.suffix"
          ],
          "create_before_destroy": true
        }
      ]
    },
    {
      "module": "module.app-cluster.module.eks",
      "mode": "managed",
      "type": "aws_security_group_rule",
      "name": "cluster_egress_internet",
      "provider": "module.app-cluster.provider[\"registry.terraform.io/hashicorp/aws\"]",
      "instances": [
        {
          "index_key": 0,
          "schema_version": 2,
          "attributes": {
            "cidr_blocks": [
              "0.0.0.0/0"
            ],
            "description": "Allow cluster egress access to the Internet.",
            "from_port": 0,
            "id": "sgrule-4098560442",
            "ipv6_cidr_blocks": null,
            "prefix_list_ids": null,
            "protocol": "-1",
            "security_group_id": "sg-0c02b0f06fddb32f1",
            "self": false,
            "source_security_group_id": null,
            "to_port": 0,
            "type": "egress"
          },
          "private": "eyJzY2hlbWFfdmVyc2lvbiI6IjIifQ==",
          "dependencies": [
            "module.app-cluster.module.eks.aws_security_group.cluster",
            "module.app-cluster.module.vpc.aws_vpc.this",
            "module.app-cluster.random_string.suffix"
          ],
          "create_before_destroy": true
        }
      ]
    },
    {
      "module": "module.edge-cluster.module.eks",
      "mode": "managed",
      "type": "aws_security_group_rule",
      "name": "cluster_https_worker_ingress",
      "provider": "module.edge-cluster.provider[\"registry.terraform.io/hashicorp/aws\"]",
      "instances": [
        {
          "index_key": 0,
          "schema_version": 2,
          "attributes": {
            "cidr_blocks": null,
            "description": "Allow pods to communicate with the EKS cluster API.",
            "from_port": 443,
            "id": "sgrule-3739172836",
            "ipv6_cidr_blocks": null,
            "prefix_list_ids": null,
            "protocol": "tcp",
            "security_group_id": "sg-075276a91562ce2c6",
            "self": false,
            "source_security_group_id": "sg-017e8b192aff737c7",
            "to_port": 443,
            "type": "ingress"
          },
          "private": "eyJzY2hlbWFfdmVyc2lvbiI6IjIifQ==",
          "dependencies": [
            "module.edge-cluster.module.eks.aws_security_group.cluster",
            "module.edge-cluster.module.eks.aws_security_group.workers",
            "module.edge-cluster.module.vpc.aws_vpc.this",
            "module.edge-cluster.random_string.suffix"
          ],
          "create_before_destroy": true
        }
      ]
    },
    {
      "module": "module.app-cluster.module.eks",
      "mode": "managed",
      "type": "aws_security_group_rule",
      "name": "cluster_https_worker_ingress",
      "provider": "module.app-cluster.provider[\"registry.terraform.io/hashicorp/aws\"]",
      "instances": [
        {
          "index_key": 0,
          "schema_version": 2,
          "attributes": {
            "cidr_blocks": null,
            "description": "Allow pods to communicate with the EKS cluster API.",
            "from_port": 443,
            "id": "sgrule-2289435442",
            "ipv6_cidr_blocks": null,
            "prefix_list_ids": null,
            "protocol": "tcp",
            "security_group_id": "sg-0c02b0f06fddb32f1",
            "self": false,
            "source_security_group_id": "sg-05c0e96377c84f606",
            "to_port": 443,
            "type": "ingress"
          },
          "private": "eyJzY2hlbWFfdmVyc2lvbiI6IjIifQ==",
          "dependencies": [
            "module.app-cluster.module.eks.aws_security_group.cluster",
            "module.app-cluster.module.eks.aws_security_group.workers",
            "module.app-cluster.module.vpc.aws_vpc.this",
            "module.app-cluster.random_string.suffix"
          ],
          "create_before_destroy": true
        }
      ]
    },
    {
      "module": "module.edge-cluster.module.eks",
      "mode": "managed",
      "type": "aws_security_group_rule",
      "name": "workers_egress_internet",
      "provider": "module.edge-cluster.provider[\"registry.terraform.io/hashicorp/aws\"]",
      "instances": [
        {
          "index_key": 0,
          "schema_version": 2,
          "attributes": {
            "cidr_blocks": [
              "0.0.0.0/0"
            ],
            "description": "Allow nodes all egress to the Internet.",
            "from_port": 0,
            "id": "sgrule-1561311388",
            "ipv6_cidr_blocks": null,
            "prefix_list_ids": null,
            "protocol": "-1",
            "security_group_id": "sg-017e8b192aff737c7",
            "self": false,
            "source_security_group_id": null,
            "to_port": 0,
            "type": "egress"
          },
          "private": "eyJzY2hlbWFfdmVyc2lvbiI6IjIifQ==",
          "dependencies": [
            "module.edge-cluster.module.eks.aws_security_group.workers",
            "module.edge-cluster.module.vpc.aws_vpc.this",
            "module.edge-cluster.random_string.suffix"
          ],
          "create_before_destroy": true
        }
      ]
    },
    {
      "module": "module.app-cluster.module.eks",
      "mode": "managed",
      "type": "aws_security_group_rule",
      "name": "workers_egress_internet",
      "provider": "module.app-cluster.provider[\"registry.terraform.io/hashicorp/aws\"]",
      "instances": [
        {
          "index_key": 0,
          "schema_version": 2,
          "attributes": {
            "cidr_blocks": [
              "0.0.0.0/0"
            ],
            "description": "Allow nodes all egress to the Internet.",
            "from_port": 0,
            "id": "sgrule-2688988630",
            "ipv6_cidr_blocks": null,
            "prefix_list_ids": null,
            "protocol": "-1",
            "security_group_id": "sg-05c0e96377c84f606",
            "self": false,
            "source_security_group_id": null,
            "to_port": 0,
            "type": "egress"
          },
          "private": "eyJzY2hlbWFfdmVyc2lvbiI6IjIifQ==",
          "dependencies": [
            "module.app-cluster.module.eks.aws_security_group.workers",
            "module.app-cluster.module.vpc.aws_vpc.this",
            "module.app-cluster.random_string.suffix"
          ],
          "create_before_destroy": true
        }
      ]
    },
    {
      "module": "module.edge-cluster.module.eks",
      "mode": "managed",
      "type": "aws_security_group_rule",
      "name": "workers_ingress_cluster",
      "provider": "module.edge-cluster.provider[\"registry.terraform.io/hashicorp/aws\"]",
      "instances": [
        {
          "index_key": 0,
          "schema_version": 2,
          "attributes": {
            "cidr_blocks": null,
            "description": "Allow workers pods to receive communication from the cluster control plane.",
            "from_port": 1025,
            "id": "sgrule-3290570462",
            "ipv6_cidr_blocks": null,
            "prefix_list_ids": null,
            "protocol": "tcp",
            "security_group_id": "sg-017e8b192aff737c7",
            "self": false,
            "source_security_group_id": "sg-075276a91562ce2c6",
            "to_port": 65535,
            "type": "ingress"
          },
          "private": "eyJzY2hlbWFfdmVyc2lvbiI6IjIifQ==",
          "dependencies": [
            "module.edge-cluster.module.eks.aws_security_group.cluster",
            "module.edge-cluster.module.eks.aws_security_group.workers",
            "module.edge-cluster.module.vpc.aws_vpc.this",
            "module.edge-cluster.random_string.suffix"
          ],
          "create_before_destroy": true
        }
      ]
    },
    {
      "module": "module.app-cluster.module.eks",
      "mode": "managed",
      "type": "aws_security_group_rule",
      "name": "workers_ingress_cluster",
      "provider": "module.app-cluster.provider[\"registry.terraform.io/hashicorp/aws\"]",
      "instances": [
        {
          "index_key": 0,
          "schema_version": 2,
          "attributes": {
            "cidr_blocks": null,
            "description": "Allow workers pods to receive communication from the cluster control plane.",
            "from_port": 1025,
            "id": "sgrule-94874407",
            "ipv6_cidr_blocks": null,
            "prefix_list_ids": null,
            "protocol": "tcp",
            "security_group_id": "sg-05c0e96377c84f606",
            "self": false,
            "source_security_group_id": "sg-0c02b0f06fddb32f1",
            "to_port": 65535,
            "type": "ingress"
          },
          "private": "eyJzY2hlbWFfdmVyc2lvbiI6IjIifQ==",
          "dependencies": [
            "module.app-cluster.module.eks.aws_security_group.cluster",
            "module.app-cluster.module.eks.aws_security_group.workers",
            "module.app-cluster.module.vpc.aws_vpc.this",
            "module.app-cluster.random_string.suffix"
          ],
          "create_before_destroy": true
        }
      ]
    },
    {
      "module": "module.edge-cluster.module.eks",
      "mode": "managed",
      "type": "aws_security_group_rule",
      "name": "workers_ingress_cluster_https",
      "provider": "module.edge-cluster.provider[\"registry.terraform.io/hashicorp/aws\"]",
      "instances": [
        {
          "index_key": 0,
          "schema_version": 2,
          "attributes": {
            "cidr_blocks": null,
            "description": "Allow pods running extension API servers on port 443 to receive communication from cluster control plane.",
            "from_port": 443,
            "id": "sgrule-4227931612",
            "ipv6_cidr_blocks": null,
            "prefix_list_ids": null,
            "protocol": "tcp",
            "security_group_id": "sg-017e8b192aff737c7",
            "self": false,
            "source_security_group_id": "sg-075276a91562ce2c6",
            "to_port": 443,
            "type": "ingress"
          },
          "private": "eyJzY2hlbWFfdmVyc2lvbiI6IjIifQ==",
          "dependencies": [
            "module.edge-cluster.module.eks.aws_security_group.cluster",
            "module.edge-cluster.module.eks.aws_security_group.workers",
            "module.edge-cluster.module.vpc.aws_vpc.this",
            "module.edge-cluster.random_string.suffix"
          ],
          "create_before_destroy": true
        }
      ]
    },
    {
      "module": "module.app-cluster.module.eks",
      "mode": "managed",
      "type": "aws_security_group_rule",
      "name": "workers_ingress_cluster_https",
      "provider": "module.app-cluster.provider[\"registry.terraform.io/hashicorp/aws\"]",
      "instances": [
        {
          "index_key": 0,
          "schema_version": 2,
          "attributes": {
            "cidr_blocks": null,
            "description": "Allow pods running extension API servers on port 443 to receive communication from cluster control plane.",
            "from_port": 443,
            "id": "sgrule-634879191",
            "ipv6_cidr_blocks": null,
            "prefix_list_ids": null,
            "protocol": "tcp",
            "security_group_id": "sg-05c0e96377c84f606",
            "self": false,
            "source_security_group_id": "sg-0c02b0f06fddb32f1",
            "to_port": 443,
            "type": "ingress"
          },
          "private": "eyJzY2hlbWFfdmVyc2lvbiI6IjIifQ==",
          "dependencies": [
            "module.app-cluster.module.eks.aws_security_group.cluster",
            "module.app-cluster.module.eks.aws_security_group.workers",
            "module.app-cluster.module.vpc.aws_vpc.this",
            "module.app-cluster.random_string.suffix"
          ],
          "create_before_destroy": true
        }
      ]
    },
    {
      "module": "module.edge-cluster.module.eks",
      "mode": "managed",
      "type": "aws_security_group_rule",
      "name": "workers_ingress_self",
      "provider": "module.edge-cluster.provider[\"registry.terraform.io/hashicorp/aws\"]",
      "instances": [
        {
          "index_key": 0,
          "schema_version": 2,
          "attributes": {
            "cidr_blocks": null,
            "description": "Allow node to communicate with each other.",
            "from_port": 0,
            "id": "sgrule-734612206",
            "ipv6_cidr_blocks": null,
            "prefix_list_ids": null,
            "protocol": "-1",
            "security_group_id": "sg-017e8b192aff737c7",
            "self": false,
            "source_security_group_id": "sg-017e8b192aff737c7",
            "to_port": 65535,
            "type": "ingress"
          },
          "private": "eyJzY2hlbWFfdmVyc2lvbiI6IjIifQ==",
          "dependencies": [
            "module.edge-cluster.module.eks.aws_security_group.workers",
            "module.edge-cluster.module.vpc.aws_vpc.this",
            "module.edge-cluster.random_string.suffix"
          ],
          "create_before_destroy": true
        }
      ]
    },
    {
      "module": "module.app-cluster.module.eks",
      "mode": "managed",
      "type": "aws_security_group_rule",
      "name": "workers_ingress_self",
      "provider": "module.app-cluster.provider[\"registry.terraform.io/hashicorp/aws\"]",
      "instances": [
        {
          "index_key": 0,
          "schema_version": 2,
          "attributes": {
            "cidr_blocks": null,
            "description": "Allow node to communicate with each other.",
            "from_port": 0,
            "id": "sgrule-813929327",
            "ipv6_cidr_blocks": null,
            "prefix_list_ids": null,
            "protocol": "-1",
            "security_group_id": "sg-05c0e96377c84f606",
            "self": false,
            "source_security_group_id": "sg-05c0e96377c84f606",
            "to_port": 65535,
            "type": "ingress"
          },
          "private": "eyJzY2hlbWFfdmVyc2lvbiI6IjIifQ==",
          "dependencies": [
            "module.app-cluster.module.eks.aws_security_group.workers",
            "module.app-cluster.module.vpc.aws_vpc.this",
            "module.app-cluster.random_string.suffix"
          ],
          "create_before_destroy": true
        }
      ]
    },
    {
      "module": "module.app-cluster.module.vpc",
      "mode": "managed",
      "type": "aws_subnet",
      "name": "private",
      "provider": "module.app-cluster.provider[\"registry.terraform.io/hashicorp/aws\"]",
      "instances": [
        {
          "index_key": 0,
          "schema_version": 1,
          "attributes": {
            "arn": "arn:aws:ec2:us-east-1:721411679615:subnet/subnet-0ffcb214fb93deece",
            "assign_ipv6_address_on_creation": false,
            "availability_zone": "us-east-1a",
            "availability_zone_id": "use1-az2",
            "cidr_block": "10.0.1.0/24",
            "id": "subnet-0ffcb214fb93deece",
            "ipv6_cidr_block": "",
            "ipv6_cidr_block_association_id": "",
            "map_public_ip_on_launch": false,
            "outpost_arn": "",
            "owner_id": "721411679615",
            "tags": {
              "Name": "app-vpc-private-us-east-1a",
              "kubernetes.io/cluster/app-ZjT5kVcE": "shared",
              "kubernetes.io/role/internal-elb": "1"
            },
            "timeouts": null,
            "vpc_id": "vpc-0b82986d835dbad06"
          },
          "private": "eyJlMmJmYjczMC1lY2FhLTExZTYtOGY4OC0zNDM2M2JjN2M0YzAiOnsiY3JlYXRlIjo2MDAwMDAwMDAwMDAsImRlbGV0ZSI6MTIwMDAwMDAwMDAwMH0sInNjaGVtYV92ZXJzaW9uIjoiMSJ9",
          "dependencies": [
            "module.app-cluster.data.aws_availability_zones.available",
            "module.app-cluster.module.vpc.aws_vpc.this",
            "module.app-cluster.module.vpc.aws_vpc_ipv4_cidr_block_association.this",
            "module.app-cluster.random_string.suffix"
          ],
          "create_before_destroy": true
        },
        {
          "index_key": 1,
          "schema_version": 1,
          "attributes": {
            "arn": "arn:aws:ec2:us-east-1:721411679615:subnet/subnet-0eb694b7131fa1aca",
            "assign_ipv6_address_on_creation": false,
            "availability_zone": "us-east-1b",
            "availability_zone_id": "use1-az4",
            "cidr_block": "10.0.2.0/24",
            "id": "subnet-0eb694b7131fa1aca",
            "ipv6_cidr_block": "",
            "ipv6_cidr_block_association_id": "",
            "map_public_ip_on_launch": false,
            "outpost_arn": "",
            "owner_id": "721411679615",
            "tags": {
              "Name": "app-vpc-private-us-east-1b",
              "kubernetes.io/cluster/app-ZjT5kVcE": "shared",
              "kubernetes.io/role/internal-elb": "1"
            },
            "timeouts": null,
            "vpc_id": "vpc-0b82986d835dbad06"
          },
          "private": "eyJlMmJmYjczMC1lY2FhLTExZTYtOGY4OC0zNDM2M2JjN2M0YzAiOnsiY3JlYXRlIjo2MDAwMDAwMDAwMDAsImRlbGV0ZSI6MTIwMDAwMDAwMDAwMH0sInNjaGVtYV92ZXJzaW9uIjoiMSJ9",
          "dependencies": [
            "module.app-cluster.data.aws_availability_zones.available",
            "module.app-cluster.module.vpc.aws_vpc.this",
            "module.app-cluster.module.vpc.aws_vpc_ipv4_cidr_block_association.this",
            "module.app-cluster.random_string.suffix"
          ],
          "create_before_destroy": true
        },
        {
          "index_key": 2,
          "schema_version": 1,
          "attributes": {
            "arn": "arn:aws:ec2:us-east-1:721411679615:subnet/subnet-0f9ed0859ffe8ff19",
            "assign_ipv6_address_on_creation": false,
            "availability_zone": "us-east-1c",
            "availability_zone_id": "use1-az6",
            "cidr_block": "10.0.3.0/24",
            "id": "subnet-0f9ed0859ffe8ff19",
            "ipv6_cidr_block": "",
            "ipv6_cidr_block_association_id": "",
            "map_public_ip_on_launch": false,
            "outpost_arn": "",
            "owner_id": "721411679615",
            "tags": {
              "Name": "app-vpc-private-us-east-1c",
              "kubernetes.io/cluster/app-ZjT5kVcE": "shared",
              "kubernetes.io/role/internal-elb": "1"
            },
            "timeouts": null,
            "vpc_id": "vpc-0b82986d835dbad06"
          },
          "private": "eyJlMmJmYjczMC1lY2FhLTExZTYtOGY4OC0zNDM2M2JjN2M0YzAiOnsiY3JlYXRlIjo2MDAwMDAwMDAwMDAsImRlbGV0ZSI6MTIwMDAwMDAwMDAwMH0sInNjaGVtYV92ZXJzaW9uIjoiMSJ9",
          "dependencies": [
            "module.app-cluster.data.aws_availability_zones.available",
            "module.app-cluster.module.vpc.aws_vpc.this",
            "module.app-cluster.module.vpc.aws_vpc_ipv4_cidr_block_association.this",
            "module.app-cluster.random_string.suffix"
          ],
          "create_before_destroy": true
        }
      ]
    },
    {
      "module": "module.edge-cluster.module.vpc",
      "mode": "managed",
      "type": "aws_subnet",
      "name": "private",
      "provider": "module.edge-cluster.provider[\"registry.terraform.io/hashicorp/aws\"]",
      "instances": [
        {
          "index_key": 0,
          "schema_version": 1,
          "attributes": {
            "arn": "arn:aws:ec2:us-east-1:721411679615:subnet/subnet-0f621a9d7d4d66c2e",
            "assign_ipv6_address_on_creation": false,
            "availability_zone": "us-east-1a",
            "availability_zone_id": "use1-az2",
            "cidr_block": "10.0.1.0/24",
            "id": "subnet-0f621a9d7d4d66c2e",
            "ipv6_cidr_block": "",
            "ipv6_cidr_block_association_id": "",
            "map_public_ip_on_launch": false,
            "outpost_arn": "",
            "owner_id": "721411679615",
            "tags": {
              "Name": "edge-vpc-private-us-east-1a",
              "kubernetes.io/cluster/edge-YsDZlHjL": "shared",
              "kubernetes.io/role/internal-elb": "1"
            },
            "timeouts": null,
            "vpc_id": "vpc-04cbd7df472fcb330"
          },
          "private": "eyJlMmJmYjczMC1lY2FhLTExZTYtOGY4OC0zNDM2M2JjN2M0YzAiOnsiY3JlYXRlIjo2MDAwMDAwMDAwMDAsImRlbGV0ZSI6MTIwMDAwMDAwMDAwMH0sInNjaGVtYV92ZXJzaW9uIjoiMSJ9",
          "dependencies": [
            "module.edge-cluster.data.aws_availability_zones.available",
            "module.edge-cluster.module.vpc.aws_vpc.this",
            "module.edge-cluster.module.vpc.aws_vpc_ipv4_cidr_block_association.this",
            "module.edge-cluster.random_string.suffix"
          ],
          "create_before_destroy": true
        },
        {
          "index_key": 1,
          "schema_version": 1,
          "attributes": {
            "arn": "arn:aws:ec2:us-east-1:721411679615:subnet/subnet-0188585efa7b3d3d8",
            "assign_ipv6_address_on_creation": false,
            "availability_zone": "us-east-1b",
            "availability_zone_id": "use1-az4",
            "cidr_block": "10.0.2.0/24",
            "id": "subnet-0188585efa7b3d3d8",
            "ipv6_cidr_block": "",
            "ipv6_cidr_block_association_id": "",
            "map_public_ip_on_launch": false,
            "outpost_arn": "",
            "owner_id": "721411679615",
            "tags": {
              "Name": "edge-vpc-private-us-east-1b",
              "kubernetes.io/cluster/edge-YsDZlHjL": "shared",
              "kubernetes.io/role/internal-elb": "1"
            },
            "timeouts": null,
            "vpc_id": "vpc-04cbd7df472fcb330"
          },
          "private": "eyJlMmJmYjczMC1lY2FhLTExZTYtOGY4OC0zNDM2M2JjN2M0YzAiOnsiY3JlYXRlIjo2MDAwMDAwMDAwMDAsImRlbGV0ZSI6MTIwMDAwMDAwMDAwMH0sInNjaGVtYV92ZXJzaW9uIjoiMSJ9",
          "dependencies": [
            "module.edge-cluster.data.aws_availability_zones.available",
            "module.edge-cluster.module.vpc.aws_vpc.this",
            "module.edge-cluster.module.vpc.aws_vpc_ipv4_cidr_block_association.this",
            "module.edge-cluster.random_string.suffix"
          ],
          "create_before_destroy": true
        },
        {
          "index_key": 2,
          "schema_version": 1,
          "attributes": {
            "arn": "arn:aws:ec2:us-east-1:721411679615:subnet/subnet-0e64c2acb28e3eef5",
            "assign_ipv6_address_on_creation": false,
            "availability_zone": "us-east-1c",
            "availability_zone_id": "use1-az6",
            "cidr_block": "10.0.3.0/24",
            "id": "subnet-0e64c2acb28e3eef5",
            "ipv6_cidr_block": "",
            "ipv6_cidr_block_association_id": "",
            "map_public_ip_on_launch": false,
            "outpost_arn": "",
            "owner_id": "721411679615",
            "tags": {
              "Name": "edge-vpc-private-us-east-1c",
              "kubernetes.io/cluster/edge-YsDZlHjL": "shared",
              "kubernetes.io/role/internal-elb": "1"
            },
            "timeouts": null,
            "vpc_id": "vpc-04cbd7df472fcb330"
          },
          "private": "eyJlMmJmYjczMC1lY2FhLTExZTYtOGY4OC0zNDM2M2JjN2M0YzAiOnsiY3JlYXRlIjo2MDAwMDAwMDAwMDAsImRlbGV0ZSI6MTIwMDAwMDAwMDAwMH0sInNjaGVtYV92ZXJzaW9uIjoiMSJ9",
          "dependencies": [
            "module.edge-cluster.data.aws_availability_zones.available",
            "module.edge-cluster.module.vpc.aws_vpc.this",
            "module.edge-cluster.module.vpc.aws_vpc_ipv4_cidr_block_association.this",
            "module.edge-cluster.random_string.suffix"
          ],
          "create_before_destroy": true
        }
      ]
    },
    {
      "module": "module.app-cluster.module.vpc",
      "mode": "managed",
      "type": "aws_subnet",
      "name": "public",
      "provider": "module.app-cluster.provider[\"registry.terraform.io/hashicorp/aws\"]",
      "instances": [
        {
          "index_key": 0,
          "schema_version": 1,
          "attributes": {
            "arn": "arn:aws:ec2:us-east-1:721411679615:subnet/subnet-03ebedfcc54a858f7",
            "assign_ipv6_address_on_creation": false,
            "availability_zone": "us-east-1a",
            "availability_zone_id": "use1-az2",
            "cidr_block": "10.0.4.0/24",
            "id": "subnet-03ebedfcc54a858f7",
            "ipv6_cidr_block": "",
            "ipv6_cidr_block_association_id": "",
            "map_public_ip_on_launch": true,
            "outpost_arn": "",
            "owner_id": "721411679615",
            "tags": {
              "Name": "app-vpc-public-us-east-1a",
              "kubernetes.io/cluster/app-ZjT5kVcE": "shared",
              "kubernetes.io/role/elb": "1"
            },
            "timeouts": null,
            "vpc_id": "vpc-0b82986d835dbad06"
          },
          "private": "eyJlMmJmYjczMC1lY2FhLTExZTYtOGY4OC0zNDM2M2JjN2M0YzAiOnsiY3JlYXRlIjo2MDAwMDAwMDAwMDAsImRlbGV0ZSI6MTIwMDAwMDAwMDAwMH0sInNjaGVtYV92ZXJzaW9uIjoiMSJ9",
          "dependencies": [
            "module.app-cluster.data.aws_availability_zones.available",
            "module.app-cluster.module.vpc.aws_vpc.this",
            "module.app-cluster.module.vpc.aws_vpc_ipv4_cidr_block_association.this",
            "module.app-cluster.random_string.suffix"
          ]
        },
        {
          "index_key": 1,
          "schema_version": 1,
          "attributes": {
            "arn": "arn:aws:ec2:us-east-1:721411679615:subnet/subnet-07e05c515ca5fba03",
            "assign_ipv6_address_on_creation": false,
            "availability_zone": "us-east-1b",
            "availability_zone_id": "use1-az4",
            "cidr_block": "10.0.5.0/24",
            "id": "subnet-07e05c515ca5fba03",
            "ipv6_cidr_block": "",
            "ipv6_cidr_block_association_id": "",
            "map_public_ip_on_launch": true,
            "outpost_arn": "",
            "owner_id": "721411679615",
            "tags": {
              "Name": "app-vpc-public-us-east-1b",
              "kubernetes.io/cluster/app-ZjT5kVcE": "shared",
              "kubernetes.io/role/elb": "1"
            },
            "timeouts": null,
            "vpc_id": "vpc-0b82986d835dbad06"
          },
          "private": "eyJlMmJmYjczMC1lY2FhLTExZTYtOGY4OC0zNDM2M2JjN2M0YzAiOnsiY3JlYXRlIjo2MDAwMDAwMDAwMDAsImRlbGV0ZSI6MTIwMDAwMDAwMDAwMH0sInNjaGVtYV92ZXJzaW9uIjoiMSJ9",
          "dependencies": [
            "module.app-cluster.data.aws_availability_zones.available",
            "module.app-cluster.module.vpc.aws_vpc.this",
            "module.app-cluster.module.vpc.aws_vpc_ipv4_cidr_block_association.this",
            "module.app-cluster.random_string.suffix"
          ]
        },
        {
          "index_key": 2,
          "schema_version": 1,
          "attributes": {
            "arn": "arn:aws:ec2:us-east-1:721411679615:subnet/subnet-00124ac83267abc98",
            "assign_ipv6_address_on_creation": false,
            "availability_zone": "us-east-1c",
            "availability_zone_id": "use1-az6",
            "cidr_block": "10.0.6.0/24",
            "id": "subnet-00124ac83267abc98",
            "ipv6_cidr_block": "",
            "ipv6_cidr_block_association_id": "",
            "map_public_ip_on_launch": true,
            "outpost_arn": "",
            "owner_id": "721411679615",
            "tags": {
              "Name": "app-vpc-public-us-east-1c",
              "kubernetes.io/cluster/app-ZjT5kVcE": "shared",
              "kubernetes.io/role/elb": "1"
            },
            "timeouts": null,
            "vpc_id": "vpc-0b82986d835dbad06"
          },
          "private": "eyJlMmJmYjczMC1lY2FhLTExZTYtOGY4OC0zNDM2M2JjN2M0YzAiOnsiY3JlYXRlIjo2MDAwMDAwMDAwMDAsImRlbGV0ZSI6MTIwMDAwMDAwMDAwMH0sInNjaGVtYV92ZXJzaW9uIjoiMSJ9",
          "dependencies": [
            "module.app-cluster.data.aws_availability_zones.available",
            "module.app-cluster.module.vpc.aws_vpc.this",
            "module.app-cluster.module.vpc.aws_vpc_ipv4_cidr_block_association.this",
            "module.app-cluster.random_string.suffix"
          ]
        }
      ]
    },
    {
      "module": "module.edge-cluster.module.vpc",
      "mode": "managed",
      "type": "aws_subnet",
      "name": "public",
      "provider": "module.edge-cluster.provider[\"registry.terraform.io/hashicorp/aws\"]",
      "instances": [
        {
          "index_key": 0,
          "schema_version": 1,
          "attributes": {
            "arn": "arn:aws:ec2:us-east-1:721411679615:subnet/subnet-0b827e5d803cad991",
            "assign_ipv6_address_on_creation": false,
            "availability_zone": "us-east-1a",
            "availability_zone_id": "use1-az2",
            "cidr_block": "10.0.4.0/24",
            "id": "subnet-0b827e5d803cad991",
            "ipv6_cidr_block": "",
            "ipv6_cidr_block_association_id": "",
            "map_public_ip_on_launch": true,
            "outpost_arn": "",
            "owner_id": "721411679615",
            "tags": {
              "Name": "edge-vpc-public-us-east-1a",
              "kubernetes.io/cluster/edge-YsDZlHjL": "shared",
              "kubernetes.io/role/elb": "1"
            },
            "timeouts": null,
            "vpc_id": "vpc-04cbd7df472fcb330"
          },
          "private": "eyJlMmJmYjczMC1lY2FhLTExZTYtOGY4OC0zNDM2M2JjN2M0YzAiOnsiY3JlYXRlIjo2MDAwMDAwMDAwMDAsImRlbGV0ZSI6MTIwMDAwMDAwMDAwMH0sInNjaGVtYV92ZXJzaW9uIjoiMSJ9",
          "dependencies": [
            "module.edge-cluster.data.aws_availability_zones.available",
            "module.edge-cluster.module.vpc.aws_vpc.this",
            "module.edge-cluster.module.vpc.aws_vpc_ipv4_cidr_block_association.this",
            "module.edge-cluster.random_string.suffix"
          ]
        },
        {
          "index_key": 1,
          "schema_version": 1,
          "attributes": {
            "arn": "arn:aws:ec2:us-east-1:721411679615:subnet/subnet-03b8d47cac0f75848",
            "assign_ipv6_address_on_creation": false,
            "availability_zone": "us-east-1b",
            "availability_zone_id": "use1-az4",
            "cidr_block": "10.0.5.0/24",
            "id": "subnet-03b8d47cac0f75848",
            "ipv6_cidr_block": "",
            "ipv6_cidr_block_association_id": "",
            "map_public_ip_on_launch": true,
            "outpost_arn": "",
            "owner_id": "721411679615",
            "tags": {
              "Name": "edge-vpc-public-us-east-1b",
              "kubernetes.io/cluster/edge-YsDZlHjL": "shared",
              "kubernetes.io/role/elb": "1"
            },
            "timeouts": null,
            "vpc_id": "vpc-04cbd7df472fcb330"
          },
          "private": "eyJlMmJmYjczMC1lY2FhLTExZTYtOGY4OC0zNDM2M2JjN2M0YzAiOnsiY3JlYXRlIjo2MDAwMDAwMDAwMDAsImRlbGV0ZSI6MTIwMDAwMDAwMDAwMH0sInNjaGVtYV92ZXJzaW9uIjoiMSJ9",
          "dependencies": [
            "module.edge-cluster.data.aws_availability_zones.available",
            "module.edge-cluster.module.vpc.aws_vpc.this",
            "module.edge-cluster.module.vpc.aws_vpc_ipv4_cidr_block_association.this",
            "module.edge-cluster.random_string.suffix"
          ]
        },
        {
          "index_key": 2,
          "schema_version": 1,
          "attributes": {
            "arn": "arn:aws:ec2:us-east-1:721411679615:subnet/subnet-0c87e3f027b2064e5",
            "assign_ipv6_address_on_creation": false,
            "availability_zone": "us-east-1c",
            "availability_zone_id": "use1-az6",
            "cidr_block": "10.0.6.0/24",
            "id": "subnet-0c87e3f027b2064e5",
            "ipv6_cidr_block": "",
            "ipv6_cidr_block_association_id": "",
            "map_public_ip_on_launch": true,
            "outpost_arn": "",
            "owner_id": "721411679615",
            "tags": {
              "Name": "edge-vpc-public-us-east-1c",
              "kubernetes.io/cluster/edge-YsDZlHjL": "shared",
              "kubernetes.io/role/elb": "1"
            },
            "timeouts": null,
            "vpc_id": "vpc-04cbd7df472fcb330"
          },
          "private": "eyJlMmJmYjczMC1lY2FhLTExZTYtOGY4OC0zNDM2M2JjN2M0YzAiOnsiY3JlYXRlIjo2MDAwMDAwMDAwMDAsImRlbGV0ZSI6MTIwMDAwMDAwMDAwMH0sInNjaGVtYV92ZXJzaW9uIjoiMSJ9",
          "dependencies": [
            "module.edge-cluster.data.aws_availability_zones.available",
            "module.edge-cluster.module.vpc.aws_vpc.this",
            "module.edge-cluster.module.vpc.aws_vpc_ipv4_cidr_block_association.this",
            "module.edge-cluster.random_string.suffix"
          ]
        }
      ]
    },
    {
      "module": "module.app-cluster.module.vpc",
      "mode": "managed",
      "type": "aws_vpc",
      "name": "this",
      "provider": "module.app-cluster.provider[\"registry.terraform.io/hashicorp/aws\"]",
      "instances": [
        {
          "index_key": 0,
          "schema_version": 1,
          "attributes": {
            "arn": "arn:aws:ec2:us-east-1:721411679615:vpc/vpc-0b82986d835dbad06",
            "assign_generated_ipv6_cidr_block": false,
            "cidr_block": "10.0.0.0/16",
            "default_network_acl_id": "acl-0db4b4e89fa848fe1",
            "default_route_table_id": "rtb-05e3166c63642a0f4",
            "default_security_group_id": "sg-03453350dc2c7aa36",
            "dhcp_options_id": "dopt-dc5f64a7",
            "enable_classiclink": false,
            "enable_classiclink_dns_support": false,
            "enable_dns_hostnames": true,
            "enable_dns_support": true,
            "id": "vpc-0b82986d835dbad06",
            "instance_tenancy": "default",
            "ipv6_association_id": "",
            "ipv6_cidr_block": "",
            "main_route_table_id": "rtb-05e3166c63642a0f4",
            "owner_id": "721411679615",
            "tags": {
              "Name": "app-vpc",
              "kubernetes.io/cluster/app-ZjT5kVcE": "shared"
            }
          },
          "private": "eyJzY2hlbWFfdmVyc2lvbiI6IjEifQ==",
          "dependencies": [
            "module.app-cluster.random_string.suffix"
          ],
          "create_before_destroy": true
        }
      ]
    },
    {
      "module": "module.edge-cluster.module.vpc",
      "mode": "managed",
      "type": "aws_vpc",
      "name": "this",
      "provider": "module.edge-cluster.provider[\"registry.terraform.io/hashicorp/aws\"]",
      "instances": [
        {
          "index_key": 0,
          "schema_version": 1,
          "attributes": {
            "arn": "arn:aws:ec2:us-east-1:721411679615:vpc/vpc-04cbd7df472fcb330",
            "assign_generated_ipv6_cidr_block": false,
            "cidr_block": "10.0.0.0/16",
            "default_network_acl_id": "acl-019b3afb972a9cf00",
            "default_route_table_id": "rtb-07a3d9eb2d32e5fef",
            "default_security_group_id": "sg-053c323c840fc2598",
            "dhcp_options_id": "dopt-dc5f64a7",
            "enable_classiclink": false,
            "enable_classiclink_dns_support": false,
            "enable_dns_hostnames": true,
            "enable_dns_support": true,
            "id": "vpc-04cbd7df472fcb330",
            "instance_tenancy": "default",
            "ipv6_association_id": "",
            "ipv6_cidr_block": "",
            "main_route_table_id": "rtb-07a3d9eb2d32e5fef",
            "owner_id": "721411679615",
            "tags": {
              "Name": "edge-vpc",
              "kubernetes.io/cluster/edge-YsDZlHjL": "shared"
            }
          },
          "private": "eyJzY2hlbWFfdmVyc2lvbiI6IjEifQ==",
          "dependencies": [
            "module.edge-cluster.random_string.suffix"
          ],
          "create_before_destroy": true
        }
      ]
    },
    {
      "module": "module.edge-cluster.module.eks",
      "mode": "managed",
      "type": "kubernetes_config_map",
      "name": "aws_auth",
      "provider": "module.edge-cluster.provider[\"registry.terraform.io/hashicorp/kubernetes\"]",
      "instances": [
        {
          "index_key": 0,
          "schema_version": 0,
          "attributes": {
            "binary_data": null,
            "data": {
              "mapAccounts": "[]\n",
              "mapRoles": "- \"groups\":\n  - \"system:bootstrappers\"\n  - \"system:nodes\"\n  \"rolearn\": \"arn:aws:iam::721411679615:role/edge-YsDZlHjL2020081522523767420000000a\"\n  \"username\": \"system:node:{{EC2PrivateDNSName}}\"\n",
              "mapUsers": "[]\n"
            },
            "id": "kube-system/aws-auth",
            "metadata": [
              {
                "annotations": null,
                "generate_name": "",
                "generation": 0,
                "labels": null,
                "name": "aws-auth",
                "namespace": "kube-system",
                "resource_version": "588",
                "self_link": "/api/v1/namespaces/kube-system/configmaps/aws-auth",
                "uid": "ee5fd00a-d40e-4bb4-bee2-7735300e610b"
              }
            ]
          },
          "private": "bnVsbA==",
          "dependencies": [
            "module.edge-cluster.aws_security_group.worker_group_mgmt_one",
            "module.edge-cluster.data.aws_availability_zones.available",
            "module.edge-cluster.data.aws_eks_cluster.cluster",
            "module.edge-cluster.data.aws_eks_cluster_auth.cluster",
            "module.edge-cluster.module.eks.aws_cloudwatch_log_group.this",
            "module.edge-cluster.module.eks.aws_eks_cluster.this",
            "module.edge-cluster.module.eks.aws_iam_instance_profile.workers",
            "module.edge-cluster.module.eks.aws_iam_instance_profile.workers_launch_template",
            "module.edge-cluster.module.eks.aws_iam_role.cluster",
            "module.edge-cluster.module.eks.aws_iam_role.workers",
            "module.edge-cluster.module.eks.aws_iam_role_policy_attachment.cluster_AmazonEKSClusterPolicy",
            "module.edge-cluster.module.eks.aws_iam_role_policy_attachment.cluster_AmazonEKSServicePolicy",
            "module.edge-cluster.module.eks.aws_security_group.cluster",
            "module.edge-cluster.module.eks.aws_security_group.workers",
            "module.edge-cluster.module.eks.aws_security_group_rule.cluster_egress_internet",
            "module.edge-cluster.module.eks.aws_security_group_rule.cluster_https_worker_ingress",
            "module.edge-cluster.module.eks.aws_security_group_rule.cluster_private_access",
            "module.edge-cluster.module.eks.data.aws_ami.eks_worker",
            "module.edge-cluster.module.eks.data.aws_caller_identity.current",
            "module.edge-cluster.module.eks.data.aws_iam_instance_profile.custom_worker_group_iam_instance_profile",
            "module.edge-cluster.module.eks.data.aws_iam_instance_profile.custom_worker_group_launch_template_iam_instance_profile",
            "module.edge-cluster.module.eks.data.aws_iam_policy_document.cluster_assume_role_policy",
            "module.edge-cluster.module.eks.data.aws_iam_policy_document.workers_assume_role_policy",
            "module.edge-cluster.module.eks.data.aws_iam_role.custom_cluster_iam_role",
            "module.edge-cluster.module.eks.data.aws_partition.current",
            "module.edge-cluster.module.eks.null_resource.wait_for_cluster",
            "module.edge-cluster.module.vpc.aws_subnet.private",
            "module.edge-cluster.module.vpc.aws_vpc.this",
            "module.edge-cluster.module.vpc.aws_vpc_ipv4_cidr_block_association.this",
            "module.edge-cluster.random_string.suffix"
          ]
        }
      ]
    },
    {
      "module": "module.app-cluster.module.eks",
      "mode": "managed",
      "type": "kubernetes_config_map",
      "name": "aws_auth",
      "provider": "module.app-cluster.provider[\"registry.terraform.io/hashicorp/kubernetes\"]",
      "instances": [
        {
          "index_key": 0,
          "schema_version": 0,
          "attributes": {
            "binary_data": null,
            "data": {
              "mapAccounts": "[]\n",
              "mapRoles": "- \"groups\":\n  - \"system:bootstrappers\"\n  - \"system:nodes\"\n  \"rolearn\": \"arn:aws:iam::721411679615:role/app-ZjT5kVcE2020081522494175310000000a\"\n  \"username\": \"system:node:{{EC2PrivateDNSName}}\"\n",
              "mapUsers": "[]\n"
            },
            "id": "kube-system/aws-auth",
            "metadata": [
              {
                "annotations": null,
                "generate_name": "",
                "generation": 0,
                "labels": null,
                "name": "aws-auth",
                "namespace": "kube-system",
                "resource_version": "679",
                "self_link": "/api/v1/namespaces/kube-system/configmaps/aws-auth",
                "uid": "80588db8-c8f3-4447-af1a-9ca40134bff4"
              }
            ]
          },
          "private": "bnVsbA==",
          "dependencies": [
            "module.app-cluster.aws_security_group.worker_group_mgmt_one",
            "module.app-cluster.data.aws_availability_zones.available",
            "module.app-cluster.data.aws_eks_cluster.cluster",
            "module.app-cluster.data.aws_eks_cluster_auth.cluster",
            "module.app-cluster.module.eks.aws_cloudwatch_log_group.this",
            "module.app-cluster.module.eks.aws_eks_cluster.this",
            "module.app-cluster.module.eks.aws_iam_instance_profile.workers",
            "module.app-cluster.module.eks.aws_iam_instance_profile.workers_launch_template",
            "module.app-cluster.module.eks.aws_iam_role.cluster",
            "module.app-cluster.module.eks.aws_iam_role.workers",
            "module.app-cluster.module.eks.aws_iam_role_policy_attachment.cluster_AmazonEKSClusterPolicy",
            "module.app-cluster.module.eks.aws_iam_role_policy_attachment.cluster_AmazonEKSServicePolicy",
            "module.app-cluster.module.eks.aws_security_group.cluster",
            "module.app-cluster.module.eks.aws_security_group.workers",
            "module.app-cluster.module.eks.aws_security_group_rule.cluster_egress_internet",
            "module.app-cluster.module.eks.aws_security_group_rule.cluster_https_worker_ingress",
            "module.app-cluster.module.eks.aws_security_group_rule.cluster_private_access",
            "module.app-cluster.module.eks.data.aws_ami.eks_worker",
            "module.app-cluster.module.eks.data.aws_caller_identity.current",
            "module.app-cluster.module.eks.data.aws_iam_instance_profile.custom_worker_group_iam_instance_profile",
            "module.app-cluster.module.eks.data.aws_iam_instance_profile.custom_worker_group_launch_template_iam_instance_profile",
            "module.app-cluster.module.eks.data.aws_iam_policy_document.cluster_assume_role_policy",
            "module.app-cluster.module.eks.data.aws_iam_policy_document.workers_assume_role_policy",
            "module.app-cluster.module.eks.data.aws_iam_role.custom_cluster_iam_role",
            "module.app-cluster.module.eks.data.aws_partition.current",
            "module.app-cluster.module.eks.null_resource.wait_for_cluster",
            "module.app-cluster.module.vpc.aws_subnet.private",
            "module.app-cluster.module.vpc.aws_vpc.this",
            "module.app-cluster.module.vpc.aws_vpc_ipv4_cidr_block_association.this",
            "module.app-cluster.random_string.suffix"
          ]
        }
      ]
    },
    {
      "module": "module.edge-cluster.module.eks",
      "mode": "managed",
      "type": "local_file",
      "name": "kubeconfig",
      "provider": "module.edge-cluster.provider[\"registry.terraform.io/hashicorp/local\"]",
      "instances": [
        {
          "index_key": 0,
          "schema_version": 0,
          "attributes": {
            "content": "apiVersion: v1\npreferences: {}\nkind: Config\n\nclusters:\n- cluster:\n    server: https://BBC0F777824971E21CFFC5C0CA08FF3C.gr7.us-east-1.eks.amazonaws.com\n    certificate-authority-data: LS0tLS1CRUdJTiBDRVJUSUZJQ0FURS0tLS0tCk1JSUN5RENDQWJDZ0F3SUJBZ0lCQURBTkJna3Foa2lHOXcwQkFRc0ZBREFWTVJNd0VRWURWUVFERXdwcmRXSmwKY201bGRHVnpNQjRYRFRJd01EZ3hOVEl5TkRreE4xb1hEVE13TURneE16SXlORGt4TjFvd0ZURVRNQkVHQTFVRQpBeE1LYTNWaVpYSnVaWFJsY3pDQ0FTSXdEUVlKS29aSWh2Y05BUUVCQlFBRGdnRVBBRENDQVFvQ2dnRUJBTS90ClZwRWdiYVFtaUNpVVN4clNNOG9LaExJQlBxVTFYUWpaTEFyaUtYN20vTm9nYUVJcFpPVEhoVGRlVFNkeXc1L0sKbERSdlJVaERzM3UxQW1Ca05NMkNoaGxvaXZBdHJsK2lCc3ZMTmVkSy9PWnVXcXdrcjQ3aitrT3ljVUczZSs5egptN041VUlRQlpuMFdRWnF3emZ4alBjb2hWaGY1RzMvODNvRVBkb2ZJNDhwRGZvQ2g2RjloeTh0aWZZcGUzZEp6CjhvajVFVFF2NXJNU3RPS0ExTmcxejA1aUkxaWtSejJ1emtOREtKamhDZnpYUDNhenN4eUFzQk1Jd1dxZ0pLd1QKU0xXd2tvOHFsampISnp1ZEhKWUYrWTdFL0I2VC9vMnNtUDlJcFpocXVsVmdSM05BUzNJZGlqaGZhYUNaRTZ1TwpJMFJzUGhaYkRTZk5vZXZPTlBFQ0F3RUFBYU1qTUNFd0RnWURWUjBQQVFIL0JBUURBZ0trTUE4R0ExVWRFd0VCCi93UUZNQU1CQWY4d0RRWUpLb1pJaHZjTkFRRUxCUUFEZ2dFQkFIUm9DSlYxWk5JaVFNWmlLY2VWS0t3TytudHEKOEpEZzU0ZTc0dWg3OVpsK0l4eFhyVU81cjFvZ2tuY3dDeFdLdlFZNmdZL2ZGY0h4MktDcUxjdWRwK2ZTTzQvVwpnejFXb2haSkxUaCt5MUV1Y3Ixdk9Fcno5Z1ZyRXBYc3d6amJMc3Z6cUgrT05CTXJhQVZiaGUzeFZ5STgzcy9OCjBMV0lYeG1GenlGY2hZZjQyckc1ZGJFSEE3R3RZVStZdWtreDVSeE1OdmtDNUZrdGdmRjdnQm5meGp3ZnljUkkKWmxCODVPZFVPeVROUnEwbFdqME5adWZVeU1VU0FiamZ1Z28ralh5ZmZSRjlWR28rbEViK293OW03dk1UeWVSUAo2YXJ2aUhVTW9URWZ5Vk5CTStMYmRkaWhFOFNqMVFud213WU82djJOVGk5NXJDakFFWlNiS2t2dG50TT0KLS0tLS1FTkQgQ0VSVElGSUNBVEUtLS0tLQo=\n  name: eks_edge-YsDZlHjL\n\ncontexts:\n- context:\n    cluster: eks_edge-YsDZlHjL\n    user: eks_edge-YsDZlHjL\n  name: eks_edge-YsDZlHjL\n\ncurrent-context: eks_edge-YsDZlHjL\n\nusers:\n- name: eks_edge-YsDZlHjL\n  user:\n    exec:\n      apiVersion: client.authentication.k8s.io/v1alpha1\n      command: aws-iam-authenticator\n      args:\n        - \"token\"\n        - \"-i\"\n        - \"edge-YsDZlHjL\"\n",
            "content_base64": null,
            "directory_permission": "0755",
            "file_permission": "0644",
            "filename": "./kubeconfig_edge-YsDZlHjL",
            "id": "860404737e1bb23e72b1f28b4a040fc55155b8d2",
            "sensitive_content": null
          },
          "private": "bnVsbA==",
          "dependencies": [
            "module.edge-cluster.data.aws_availability_zones.available",
            "module.edge-cluster.module.eks.aws_cloudwatch_log_group.this",
            "module.edge-cluster.module.eks.aws_eks_cluster.this",
            "module.edge-cluster.module.eks.aws_iam_role.cluster",
            "module.edge-cluster.module.eks.aws_iam_role_policy_attachment.cluster_AmazonEKSClusterPolicy",
            "module.edge-cluster.module.eks.aws_iam_role_policy_attachment.cluster_AmazonEKSServicePolicy",
            "module.edge-cluster.module.eks.aws_security_group.cluster",
            "module.edge-cluster.module.eks.aws_security_group.workers",
            "module.edge-cluster.module.eks.aws_security_group_rule.cluster_egress_internet",
            "module.edge-cluster.module.eks.aws_security_group_rule.cluster_https_worker_ingress",
            "module.edge-cluster.module.eks.data.aws_iam_policy_document.cluster_assume_role_policy",
            "module.edge-cluster.module.eks.data.aws_iam_role.custom_cluster_iam_role",
            "module.edge-cluster.module.eks.data.aws_partition.current",
            "module.edge-cluster.module.vpc.aws_subnet.private",
            "module.edge-cluster.module.vpc.aws_vpc.this",
            "module.edge-cluster.module.vpc.aws_vpc_ipv4_cidr_block_association.this",
            "module.edge-cluster.random_string.suffix"
          ]
        }
      ]
    },
    {
      "module": "module.app-cluster.module.eks",
      "mode": "managed",
      "type": "local_file",
      "name": "kubeconfig",
      "provider": "module.app-cluster.provider[\"registry.terraform.io/hashicorp/local\"]",
      "instances": [
        {
          "index_key": 0,
          "schema_version": 0,
          "attributes": {
            "content": "apiVersion: v1\npreferences: {}\nkind: Config\n\nclusters:\n- cluster:\n    server: https://EEE970594C2A77C7CE86CB93E01A0007.gr7.us-east-1.eks.amazonaws.com\n    certificate-authority-data: LS0tLS1CRUdJTiBDRVJUSUZJQ0FURS0tLS0tCk1JSUN5RENDQWJDZ0F3SUJBZ0lCQURBTkJna3Foa2lHOXcwQkFRc0ZBREFWTVJNd0VRWURWUVFERXdwcmRXSmwKY201bGRHVnpNQjRYRFRJd01EZ3hOVEl5TkRZek0xb1hEVE13TURneE16SXlORFl6TTFvd0ZURVRNQkVHQTFVRQpBeE1LYTNWaVpYSnVaWFJsY3pDQ0FTSXdEUVlKS29aSWh2Y05BUUVCQlFBRGdnRVBBRENDQVFvQ2dnRUJBTzdRCjBPb2dKaGkwQy9rQUlHVkI1M1FseVNhTDhDUFhpRUVsREl4QWg3ei9IT2dDOWwyemJpcWcxNURmT25HYlRuZ0EKcUFsY29hVVN0V0E3eHJmYXBkSDNZeHpzeFU2Q05ZaUplaGhMSWdNL3VvbFNJcUxEY2poQmsreTBOa3lEV0lmeApJRm9IY0czSE10RHFrK0I4N3EySkpHdERaV3VYenUxYUd1S0NTR2lqSFB1UUxSVEhJOUpLYmloNGhIRmpaR3JPCjRBVVQyN0pGYjJkZ1cvT2QwS2NkTHRSVWt2Ykx5T3I5eFl6TjVRd2xkRXNZU3IwYXF0cDVKNXpxWUk5OXVwZjIKZmVnUG1HSkEzTFNaVzNveUFmZG1HT1NZbTRrYjU4cUR6R1BveFRlakM1bDJhd0o1N3F6SE1ob1JNRGFQWnB2NwptNERMMnNGQ1lxOG41QUd3bWJjQ0F3RUFBYU1qTUNFd0RnWURWUjBQQVFIL0JBUURBZ0trTUE4R0ExVWRFd0VCCi93UUZNQU1CQWY4d0RRWUpLb1pJaHZjTkFRRUxCUUFEZ2dFQkFNTmlabkczbHlNY3daRTNkam9kcGMwNjZPcmoKdk5rUUVSK1hvTS9jQjZvVGgzYnQ0aWpsRDRLdklPSWpydmtWK0luZ2F4enFFUnlhWTRsVlVvTnFCMElFMmVxRAp1ckdqUUNxQzRhMFBPc3lIWU5oMjAvS2FIdGZrcm5LNUhleXFOdlNTeHdxZWRZY0ViWGM2cXliVldMQmMzS1hHCnF1aDNiK1JSQWJYaFdBMDJ5Q2R2b21xNEFQcmd2UnZlL1Z1N1ladktVcVRmV0xKS2hJOTdnODZJcjJvRTRiOWUKNmlIZVMwazRQdmxIUjIrWXpQY3MxaDYzdlhhd0MrSnVHcnJhcDljdUJuazFQMTJOcmpIZXFmakdXdVdJNXZsWgpYZE90TkcrMDNXUlJBV1FabHBUM293Y0dJVlk5ZEloYVNuQTNLVGlkUzNVYlpNdWdXRTNmbTB0WEptVT0KLS0tLS1FTkQgQ0VSVElGSUNBVEUtLS0tLQo=\n  name: eks_app-ZjT5kVcE\n\ncontexts:\n- context:\n    cluster: eks_app-ZjT5kVcE\n    user: eks_app-ZjT5kVcE\n  name: eks_app-ZjT5kVcE\n\ncurrent-context: eks_app-ZjT5kVcE\n\nusers:\n- name: eks_app-ZjT5kVcE\n  user:\n    exec:\n      apiVersion: client.authentication.k8s.io/v1alpha1\n      command: aws-iam-authenticator\n      args:\n        - \"token\"\n        - \"-i\"\n        - \"app-ZjT5kVcE\"\n",
            "content_base64": null,
            "directory_permission": "0755",
            "file_permission": "0644",
            "filename": "./kubeconfig_app-ZjT5kVcE",
            "id": "444a0e38ad01a2417fe7bffb09bbccb1d725c8fb",
            "sensitive_content": null
          },
          "private": "bnVsbA==",
          "dependencies": [
            "module.app-cluster.data.aws_availability_zones.available",
            "module.app-cluster.module.eks.aws_cloudwatch_log_group.this",
            "module.app-cluster.module.eks.aws_eks_cluster.this",
            "module.app-cluster.module.eks.aws_iam_role.cluster",
            "module.app-cluster.module.eks.aws_iam_role_policy_attachment.cluster_AmazonEKSClusterPolicy",
            "module.app-cluster.module.eks.aws_iam_role_policy_attachment.cluster_AmazonEKSServicePolicy",
            "module.app-cluster.module.eks.aws_security_group.cluster",
            "module.app-cluster.module.eks.aws_security_group.workers",
            "module.app-cluster.module.eks.aws_security_group_rule.cluster_egress_internet",
            "module.app-cluster.module.eks.aws_security_group_rule.cluster_https_worker_ingress",
            "module.app-cluster.module.eks.data.aws_iam_policy_document.cluster_assume_role_policy",
            "module.app-cluster.module.eks.data.aws_iam_role.custom_cluster_iam_role",
            "module.app-cluster.module.eks.data.aws_partition.current",
            "module.app-cluster.module.vpc.aws_subnet.private",
            "module.app-cluster.module.vpc.aws_vpc.this",
            "module.app-cluster.module.vpc.aws_vpc_ipv4_cidr_block_association.this",
            "module.app-cluster.random_string.suffix"
          ]
        }
      ]
    },
    {
      "module": "module.edge-cluster.module.eks",
      "mode": "managed",
      "type": "null_resource",
      "name": "wait_for_cluster",
      "provider": "module.edge-cluster.provider[\"registry.terraform.io/hashicorp/null\"]",
      "instances": [
        {
          "index_key": 0,
          "schema_version": 0,
          "attributes": {
            "id": "6007394632952237342",
            "triggers": null
          },
          "private": "bnVsbA==",
          "dependencies": [
            "module.edge-cluster.data.aws_availability_zones.available",
            "module.edge-cluster.module.eks.aws_cloudwatch_log_group.this",
            "module.edge-cluster.module.eks.aws_eks_cluster.this",
            "module.edge-cluster.module.eks.aws_iam_role.cluster",
            "module.edge-cluster.module.eks.aws_iam_role_policy_attachment.cluster_AmazonEKSClusterPolicy",
            "module.edge-cluster.module.eks.aws_iam_role_policy_attachment.cluster_AmazonEKSServicePolicy",
            "module.edge-cluster.module.eks.aws_security_group.cluster",
            "module.edge-cluster.module.eks.aws_security_group.workers",
            "module.edge-cluster.module.eks.aws_security_group_rule.cluster_egress_internet",
            "module.edge-cluster.module.eks.aws_security_group_rule.cluster_https_worker_ingress",
            "module.edge-cluster.module.eks.aws_security_group_rule.cluster_private_access",
            "module.edge-cluster.module.eks.data.aws_iam_policy_document.cluster_assume_role_policy",
            "module.edge-cluster.module.eks.data.aws_iam_role.custom_cluster_iam_role",
            "module.edge-cluster.module.eks.data.aws_partition.current",
            "module.edge-cluster.module.vpc.aws_subnet.private",
            "module.edge-cluster.module.vpc.aws_vpc.this",
            "module.edge-cluster.module.vpc.aws_vpc_ipv4_cidr_block_association.this",
            "module.edge-cluster.random_string.suffix"
          ]
        }
      ]
    },
    {
      "module": "module.app-cluster.module.eks",
      "mode": "managed",
      "type": "null_resource",
      "name": "wait_for_cluster",
      "provider": "module.app-cluster.provider[\"registry.terraform.io/hashicorp/null\"]",
      "instances": [
        {
          "index_key": 0,
          "schema_version": 0,
          "attributes": {
            "id": "1154061856836357952",
            "triggers": null
          },
          "private": "bnVsbA==",
          "dependencies": [
            "module.app-cluster.data.aws_availability_zones.available",
            "module.app-cluster.module.eks.aws_cloudwatch_log_group.this",
            "module.app-cluster.module.eks.aws_eks_cluster.this",
            "module.app-cluster.module.eks.aws_iam_role.cluster",
            "module.app-cluster.module.eks.aws_iam_role_policy_attachment.cluster_AmazonEKSClusterPolicy",
            "module.app-cluster.module.eks.aws_iam_role_policy_attachment.cluster_AmazonEKSServicePolicy",
            "module.app-cluster.module.eks.aws_security_group.cluster",
            "module.app-cluster.module.eks.aws_security_group.workers",
            "module.app-cluster.module.eks.aws_security_group_rule.cluster_egress_internet",
            "module.app-cluster.module.eks.aws_security_group_rule.cluster_https_worker_ingress",
            "module.app-cluster.module.eks.aws_security_group_rule.cluster_private_access",
            "module.app-cluster.module.eks.data.aws_iam_policy_document.cluster_assume_role_policy",
            "module.app-cluster.module.eks.data.aws_iam_role.custom_cluster_iam_role",
            "module.app-cluster.module.eks.data.aws_partition.current",
            "module.app-cluster.module.vpc.aws_subnet.private",
            "module.app-cluster.module.vpc.aws_vpc.this",
            "module.app-cluster.module.vpc.aws_vpc_ipv4_cidr_block_association.this",
            "module.app-cluster.random_string.suffix"
          ]
        }
      ]
    },
    {
      "module": "module.edge-cluster.module.eks",
      "mode": "managed",
      "type": "random_pet",
      "name": "workers_launch_template",
      "provider": "module.edge-cluster.provider[\"registry.terraform.io/hashicorp/random\"]",
      "instances": [
        {
          "index_key": 0,
          "schema_version": 0,
          "attributes": {
            "id": "grand-badger",
            "keepers": {
              "lt_name": "edge-YsDZlHjL-spot-edge2020081522524230930000000f-1"
            },
            "length": 2,
            "prefix": null,
            "separator": "-"
          },
          "private": "bnVsbA==",
          "dependencies": [
            "module.edge-cluster.aws_security_group.worker_group_mgmt_one",
            "module.edge-cluster.data.aws_availability_zones.available",
            "module.edge-cluster.module.eks.aws_cloudwatch_log_group.this",
            "module.edge-cluster.module.eks.aws_eks_cluster.this",
            "module.edge-cluster.module.eks.aws_iam_instance_profile.workers_launch_template",
            "module.edge-cluster.module.eks.aws_iam_role.cluster",
            "module.edge-cluster.module.eks.aws_iam_role.workers",
            "module.edge-cluster.module.eks.aws_iam_role_policy_attachment.cluster_AmazonEKSClusterPolicy",
            "module.edge-cluster.module.eks.aws_iam_role_policy_attachment.cluster_AmazonEKSServicePolicy",
            "module.edge-cluster.module.eks.aws_iam_role_policy_attachment.workers_AmazonEC2ContainerRegistryReadOnly",
            "module.edge-cluster.module.eks.aws_iam_role_policy_attachment.workers_AmazonEKSWorkerNodePolicy",
            "module.edge-cluster.module.eks.aws_iam_role_policy_attachment.workers_AmazonEKS_CNI_Policy",
            "module.edge-cluster.module.eks.aws_iam_role_policy_attachment.workers_additional_policies",
            "module.edge-cluster.module.eks.aws_launch_template.workers_launch_template",
            "module.edge-cluster.module.eks.aws_security_group.cluster",
            "module.edge-cluster.module.eks.aws_security_group.workers",
            "module.edge-cluster.module.eks.aws_security_group_rule.cluster_egress_internet",
            "module.edge-cluster.module.eks.aws_security_group_rule.cluster_https_worker_ingress",
            "module.edge-cluster.module.eks.aws_security_group_rule.cluster_primary_ingress_workers",
            "module.edge-cluster.module.eks.aws_security_group_rule.workers_egress_internet",
            "module.edge-cluster.module.eks.aws_security_group_rule.workers_ingress_cluster",
            "module.edge-cluster.module.eks.aws_security_group_rule.workers_ingress_cluster_https",
            "module.edge-cluster.module.eks.aws_security_group_rule.workers_ingress_cluster_kubelet",
            "module.edge-cluster.module.eks.aws_security_group_rule.workers_ingress_cluster_primary",
            "module.edge-cluster.module.eks.aws_security_group_rule.workers_ingress_self",
            "module.edge-cluster.module.eks.data.aws_ami.eks_worker",
            "module.edge-cluster.module.eks.data.aws_ami.eks_worker_windows",
            "module.edge-cluster.module.eks.data.aws_iam_instance_profile.custom_worker_group_launch_template_iam_instance_profile",
            "module.edge-cluster.module.eks.data.aws_iam_policy_document.cluster_assume_role_policy",
            "module.edge-cluster.module.eks.data.aws_iam_policy_document.workers_assume_role_policy",
            "module.edge-cluster.module.eks.data.aws_iam_role.custom_cluster_iam_role",
            "module.edge-cluster.module.eks.data.aws_partition.current",
            "module.edge-cluster.module.eks.data.template_file.launch_template_userdata",
            "module.edge-cluster.module.vpc.aws_subnet.private",
            "module.edge-cluster.module.vpc.aws_vpc.this",
            "module.edge-cluster.module.vpc.aws_vpc_ipv4_cidr_block_association.this",
            "module.edge-cluster.random_string.suffix"
          ],
          "create_before_destroy": true
        }
      ]
    },
    {
      "module": "module.app-cluster.module.eks",
      "mode": "managed",
      "type": "random_pet",
      "name": "workers_launch_template",
      "provider": "module.app-cluster.provider[\"registry.terraform.io/hashicorp/random\"]",
      "instances": [
        {
          "index_key": 0,
          "schema_version": 0,
          "attributes": {
            "id": "arriving-beagle",
            "keepers": {
              "lt_name": "app-ZjT5kVcE-spot-app2020081522494774040000000f-1"
            },
            "length": 2,
            "prefix": null,
            "separator": "-"
          },
          "private": "bnVsbA==",
          "dependencies": [
            "module.app-cluster.aws_security_group.worker_group_mgmt_one",
            "module.app-cluster.data.aws_availability_zones.available",
            "module.app-cluster.module.eks.aws_cloudwatch_log_group.this",
            "module.app-cluster.module.eks.aws_eks_cluster.this",
            "module.app-cluster.module.eks.aws_iam_instance_profile.workers_launch_template",
            "module.app-cluster.module.eks.aws_iam_role.cluster",
            "module.app-cluster.module.eks.aws_iam_role.workers",
            "module.app-cluster.module.eks.aws_iam_role_policy_attachment.cluster_AmazonEKSClusterPolicy",
            "module.app-cluster.module.eks.aws_iam_role_policy_attachment.cluster_AmazonEKSServicePolicy",
            "module.app-cluster.module.eks.aws_iam_role_policy_attachment.workers_AmazonEC2ContainerRegistryReadOnly",
            "module.app-cluster.module.eks.aws_iam_role_policy_attachment.workers_AmazonEKSWorkerNodePolicy",
            "module.app-cluster.module.eks.aws_iam_role_policy_attachment.workers_AmazonEKS_CNI_Policy",
            "module.app-cluster.module.eks.aws_iam_role_policy_attachment.workers_additional_policies",
            "module.app-cluster.module.eks.aws_launch_template.workers_launch_template",
            "module.app-cluster.module.eks.aws_security_group.cluster",
            "module.app-cluster.module.eks.aws_security_group.workers",
            "module.app-cluster.module.eks.aws_security_group_rule.cluster_egress_internet",
            "module.app-cluster.module.eks.aws_security_group_rule.cluster_https_worker_ingress",
            "module.app-cluster.module.eks.aws_security_group_rule.cluster_primary_ingress_workers",
            "module.app-cluster.module.eks.aws_security_group_rule.workers_egress_internet",
            "module.app-cluster.module.eks.aws_security_group_rule.workers_ingress_cluster",
            "module.app-cluster.module.eks.aws_security_group_rule.workers_ingress_cluster_https",
            "module.app-cluster.module.eks.aws_security_group_rule.workers_ingress_cluster_kubelet",
            "module.app-cluster.module.eks.aws_security_group_rule.workers_ingress_cluster_primary",
            "module.app-cluster.module.eks.aws_security_group_rule.workers_ingress_self",
            "module.app-cluster.module.eks.data.aws_ami.eks_worker",
            "module.app-cluster.module.eks.data.aws_ami.eks_worker_windows",
            "module.app-cluster.module.eks.data.aws_iam_instance_profile.custom_worker_group_launch_template_iam_instance_profile",
            "module.app-cluster.module.eks.data.aws_iam_policy_document.cluster_assume_role_policy",
            "module.app-cluster.module.eks.data.aws_iam_policy_document.workers_assume_role_policy",
            "module.app-cluster.module.eks.data.aws_iam_role.custom_cluster_iam_role",
            "module.app-cluster.module.eks.data.aws_partition.current",
            "module.app-cluster.module.eks.data.template_file.launch_template_userdata",
            "module.app-cluster.module.vpc.aws_subnet.private",
            "module.app-cluster.module.vpc.aws_vpc.this",
            "module.app-cluster.module.vpc.aws_vpc_ipv4_cidr_block_association.this",
            "module.app-cluster.random_string.suffix"
          ],
          "create_before_destroy": true
        }
      ]
    },
    {
      "module": "module.edge-cluster",
      "mode": "managed",
      "type": "random_string",
      "name": "suffix",
      "provider": "module.edge-cluster.provider[\"registry.terraform.io/hashicorp/random\"]",
      "instances": [
        {
          "schema_version": 1,
          "attributes": {
            "id": "YsDZlHjL",
            "keepers": null,
            "length": 8,
            "lower": true,
            "min_lower": 0,
            "min_numeric": 0,
            "min_special": 0,
            "min_upper": 0,
            "number": true,
            "override_special": null,
            "result": "YsDZlHjL",
            "special": false,
            "upper": true
          },
          "private": "eyJzY2hlbWFfdmVyc2lvbiI6IjEifQ==",
          "create_before_destroy": true
        }
      ]
    },
    {
      "module": "module.app-cluster",
      "mode": "managed",
      "type": "random_string",
      "name": "suffix",
      "provider": "module.app-cluster.provider[\"registry.terraform.io/hashicorp/random\"]",
      "instances": [
        {
          "schema_version": 1,
          "attributes": {
            "id": "ZjT5kVcE",
            "keepers": null,
            "length": 8,
            "lower": true,
            "min_lower": 0,
            "min_numeric": 0,
            "min_special": 0,
            "min_upper": 0,
            "number": true,
            "override_special": null,
            "result": "ZjT5kVcE",
            "special": false,
            "upper": true
          },
          "private": "eyJzY2hlbWFfdmVyc2lvbiI6IjEifQ==",
          "create_before_destroy": true
        }
      ]
    }
  ]
}
